// !$*UTF8*$!
{
	archiveVersion = 1;
	classes = {
	};
	objectVersion = 46;
	objects = {

/* Begin PBXBuildFile section */
		2B16EECA196085A40061E7FA /* CoreFoundation.framework in Frameworks */ = {isa = PBXBuildFile; fileRef = 2B9CAB9A185527EC00F3A9C6 /* CoreFoundation.framework */; };
		2B4A60371A3E6F690006AFCC /* IOKit.framework in Frameworks */ = {isa = PBXBuildFile; fileRef = 2B5935C21810DF7100FFC3D3 /* IOKit.framework */; };
		2B4A60381A3E6F830006AFCC /* CoreFoundation.framework in Frameworks */ = {isa = PBXBuildFile; fileRef = 2B9CAB9A185527EC00F3A9C6 /* CoreFoundation.framework */; };
		2B7817D31AC784F300EC605E /* iSCSISession.c in Sources */ = {isa = PBXBuildFile; fileRef = 2BCB2B181A70157200A81C80 /* iSCSISession.c */; };
		2B7817D41AC7850300EC605E /* iSCSIAuth.c in Sources */ = {isa = PBXBuildFile; fileRef = 2BCB2B091A70157200A81C80 /* iSCSIAuth.c */; };
		2B7817D71AC7851200EC605E /* iSCSITypes.c in Sources */ = {isa = PBXBuildFile; fileRef = 2BCB2B1B1A70157200A81C80 /* iSCSITypes.c */; };
		2B7817D81AC7851800EC605E /* iSCSIQueryTarget.c in Sources */ = {isa = PBXBuildFile; fileRef = 2BCB2B161A70157200A81C80 /* iSCSIQueryTarget.c */; };
		2B7817D91AC7852500EC605E /* iSCSIKernelInterface.c in Sources */ = {isa = PBXBuildFile; fileRef = 2BCB2B451A70168B00A81C80 /* iSCSIKernelInterface.c */; };
		2B7817DA1AC7853300EC605E /* iSCSIPDUUser.c in Sources */ = {isa = PBXBuildFile; fileRef = 2BCB2B141A70157200A81C80 /* iSCSIPDUUser.c */; };
		2B7817DB1AC7853C00EC605E /* iSCSIDA.c in Sources */ = {isa = PBXBuildFile; fileRef = 2BC4CBAD1AA42921003611F7 /* iSCSIDA.c */; };
		2BA046951AA22DFF00E086DF /* iSCSITypesKernel.h in Headers */ = {isa = PBXBuildFile; fileRef = 2BA046931AA22DFF00E086DF /* iSCSITypesKernel.h */; };
		2BC0A4A21A80C6A60042105C /* crc32c.c in Sources */ = {isa = PBXBuildFile; fileRef = 2BCB2B1F1A7015CF00A81C80 /* crc32c.c */; };
		2BC0A4A41A80C8540042105C /* iSCSIInitiator-Info.plist in Resources */ = {isa = PBXBuildFile; fileRef = 2BCB2B471A70182D00A81C80 /* iSCSIInitiator-Info.plist */; };
		2BC310421AC7D66700D48102 /* iSCSIRFC3720Defaults.h in Headers */ = {isa = PBXBuildFile; fileRef = 2BC310411AC7D66700D48102 /* iSCSIRFC3720Defaults.h */; };
		2BC4CBAF1AA42921003611F7 /* iSCSIDA.c in Sources */ = {isa = PBXBuildFile; fileRef = 2BC4CBAD1AA42921003611F7 /* iSCSIDA.c */; };
		2BC4CBB01AA42921003611F7 /* iSCSIDA.c in Sources */ = {isa = PBXBuildFile; fileRef = 2BC4CBAD1AA42921003611F7 /* iSCSIDA.c */; };
		2BC4CBB21AA55046003611F7 /* DiskArbitration.framework in Frameworks */ = {isa = PBXBuildFile; fileRef = 2BC4CBB11AA55046003611F7 /* DiskArbitration.framework */; };
		2BC5AF261AC4FEFF00DE67D4 /* iSCSIIORegistry.c in Sources */ = {isa = PBXBuildFile; fileRef = 2BC5AF241AC4FEFF00DE67D4 /* iSCSIIORegistry.c */; };
		2BC5AF271AC4FEFF00DE67D4 /* iSCSIIORegistry.c in Sources */ = {isa = PBXBuildFile; fileRef = 2BC5AF241AC4FEFF00DE67D4 /* iSCSIIORegistry.c */; };
		2BC5AF281AC4FEFF00DE67D4 /* iSCSIIORegistry.c in Sources */ = {isa = PBXBuildFile; fileRef = 2BC5AF241AC4FEFF00DE67D4 /* iSCSIIORegistry.c */; };
		2BCB2B331A7015CF00A81C80 /* crc32c.h in Headers */ = {isa = PBXBuildFile; fileRef = 2BCB2B201A7015CF00A81C80 /* crc32c.h */; };
		2BCB2B351A7015CF00A81C80 /* iSCSIInitiator-Prefix.pch in Headers */ = {isa = PBXBuildFile; fileRef = 2BCB2B221A7015CF00A81C80 /* iSCSIInitiator-Prefix.pch */; };
		2BCB2B361A7015CF00A81C80 /* iSCSIInitiator.cpp in Sources */ = {isa = PBXBuildFile; fileRef = 2BCB2B231A7015CF00A81C80 /* iSCSIInitiator.cpp */; };
		2BCB2B371A7015CF00A81C80 /* iSCSIInitiator.h in Headers */ = {isa = PBXBuildFile; fileRef = 2BCB2B241A7015CF00A81C80 /* iSCSIInitiator.h */; settings = {ATTRIBUTES = (Private, ); }; };
		2BCB2B381A7015CF00A81C80 /* iSCSIInitiatorClient.cpp in Sources */ = {isa = PBXBuildFile; fileRef = 2BCB2B251A7015CF00A81C80 /* iSCSIInitiatorClient.cpp */; };
		2BCB2B391A7015CF00A81C80 /* iSCSIInitiatorClient.h in Headers */ = {isa = PBXBuildFile; fileRef = 2BCB2B261A7015CF00A81C80 /* iSCSIInitiatorClient.h */; settings = {ATTRIBUTES = (Private, ); }; };
		2BCB2B3A1A7015CF00A81C80 /* iSCSIIOEventSource.cpp in Sources */ = {isa = PBXBuildFile; fileRef = 2BCB2B271A7015CF00A81C80 /* iSCSIIOEventSource.cpp */; };
		2BCB2B3B1A7015CF00A81C80 /* iSCSIIOEventSource.h in Headers */ = {isa = PBXBuildFile; fileRef = 2BCB2B281A7015CF00A81C80 /* iSCSIIOEventSource.h */; settings = {ATTRIBUTES = (Private, ); }; };
		2BCB2B3E1A7015CF00A81C80 /* iSCSIKernelInterfaceShared.h in Headers */ = {isa = PBXBuildFile; fileRef = 2BCB2B2B1A7015CF00A81C80 /* iSCSIKernelInterfaceShared.h */; };
		2BCB2B3F1A7015CF00A81C80 /* iSCSIPDUKernel.cpp in Sources */ = {isa = PBXBuildFile; fileRef = 2BCB2B2C1A7015CF00A81C80 /* iSCSIPDUKernel.cpp */; };
		2BCB2B401A7015CF00A81C80 /* iSCSIPDUKernel.h in Headers */ = {isa = PBXBuildFile; fileRef = 2BCB2B2D1A7015CF00A81C80 /* iSCSIPDUKernel.h */; settings = {ATTRIBUTES = (Private, ); }; };
		2BCB2B411A7015CF00A81C80 /* iSCSITaskQueue.cpp in Sources */ = {isa = PBXBuildFile; fileRef = 2BCB2B2E1A7015CF00A81C80 /* iSCSITaskQueue.cpp */; };
		2BCB2B421A7015CF00A81C80 /* iSCSITaskQueue.h in Headers */ = {isa = PBXBuildFile; fileRef = 2BCB2B2F1A7015CF00A81C80 /* iSCSITaskQueue.h */; settings = {ATTRIBUTES = (Private, ); }; };
		2BCB2B431A7015CF00A81C80 /* iSCSIVirtualHBA.cpp in Sources */ = {isa = PBXBuildFile; fileRef = 2BCB2B301A7015CF00A81C80 /* iSCSIVirtualHBA.cpp */; };
		2BCB2B441A7015CF00A81C80 /* iSCSIVirtualHBA.h in Headers */ = {isa = PBXBuildFile; fileRef = 2BCB2B311A7015CF00A81C80 /* iSCSIVirtualHBA.h */; settings = {ATTRIBUTES = (Private, ); }; };
		2BCB2B4C1A70195600A81C80 /* iSCSIPDUShared.h in Headers */ = {isa = PBXBuildFile; fileRef = 2BCB2B4B1A70195600A81C80 /* iSCSIPDUShared.h */; };
		2BCB2B4E1A70199900A81C80 /* iSCSIKernelInterface.c in Sources */ = {isa = PBXBuildFile; fileRef = 2BCB2B451A70168B00A81C80 /* iSCSIKernelInterface.c */; };
		2BCB2B4F1A70199900A81C80 /* iSCSIAuth.c in Sources */ = {isa = PBXBuildFile; fileRef = 2BCB2B091A70157200A81C80 /* iSCSIAuth.c */; };
		2BCB2B501A70199900A81C80 /* iSCSIDaemon.c in Sources */ = {isa = PBXBuildFile; fileRef = 2BCB2B0C1A70157200A81C80 /* iSCSIDaemon.c */; };
		2BCB2B511A70199900A81C80 /* iSCSIPropertyList.c in Sources */ = {isa = PBXBuildFile; fileRef = 2BCB2B111A70157200A81C80 /* iSCSIPropertyList.c */; };
		2BCB2B521A70199900A81C80 /* iSCSIPDUUser.c in Sources */ = {isa = PBXBuildFile; fileRef = 2BCB2B141A70157200A81C80 /* iSCSIPDUUser.c */; };
		2BCB2B531A70199900A81C80 /* iSCSIQueryTarget.c in Sources */ = {isa = PBXBuildFile; fileRef = 2BCB2B161A70157200A81C80 /* iSCSIQueryTarget.c */; };
		2BCB2B541A70199900A81C80 /* iSCSISession.c in Sources */ = {isa = PBXBuildFile; fileRef = 2BCB2B181A70157200A81C80 /* iSCSISession.c */; };
		2BCB2B551A70199900A81C80 /* iSCSITypes.c in Sources */ = {isa = PBXBuildFile; fileRef = 2BCB2B1B1A70157200A81C80 /* iSCSITypes.c */; };
		2BCB2B561A7019D700A81C80 /* iSCSICtl.m in Sources */ = {isa = PBXBuildFile; fileRef = 2BCB2B0B1A70157200A81C80 /* iSCSICtl.m */; };
		2BCB2B571A7019D700A81C80 /* iSCSIDaemonInterface.c in Sources */ = {isa = PBXBuildFile; fileRef = 2BCB2B0E1A70157200A81C80 /* iSCSIDaemonInterface.c */; };
		2BCB2B581A7019D700A81C80 /* iSCSIPropertyList.c in Sources */ = {isa = PBXBuildFile; fileRef = 2BCB2B111A70157200A81C80 /* iSCSIPropertyList.c */; };
		2BCB2B591A7019D700A81C80 /* iSCSITypes.c in Sources */ = {isa = PBXBuildFile; fileRef = 2BCB2B1B1A70157200A81C80 /* iSCSITypes.c */; };
		2BCB2B611A7019F100A81C80 /* iSCSITest.c in Sources */ = {isa = PBXBuildFile; fileRef = 2BCB2B1A1A70157200A81C80 /* iSCSITest.c */; };
/* End PBXBuildFile section */

/* Begin PBXCopyFilesBuildPhase section */
		2B16EEC7196085A40061E7FA /* CopyFiles */ = {
			isa = PBXCopyFilesBuildPhase;
			buildActionMask = 2147483647;
			dstPath = /usr/share/man/man1/;
			dstSubfolderSpec = 0;
			files = (
			);
			runOnlyForDeploymentPostprocessing = 1;
		};
		2BA96D9318D4F60200F135E3 /* CopyFiles */ = {
			isa = PBXCopyFilesBuildPhase;
			buildActionMask = 2147483647;
			dstPath = /usr/share/man/man1/;
			dstSubfolderSpec = 0;
			files = (
			);
			runOnlyForDeploymentPostprocessing = 1;
		};
		2BB83CD51A3D493B0017212D /* CopyFiles */ = {
			isa = PBXCopyFilesBuildPhase;
			buildActionMask = 2147483647;
			dstPath = /usr/share/man/man1/;
			dstSubfolderSpec = 0;
			files = (
			);
			runOnlyForDeploymentPostprocessing = 1;
		};
/* End PBXCopyFilesBuildPhase section */

/* Begin PBXFileReference section */
		2B20904F18C6E43C00C43190 /* libsystem_kernel.dylib */ = {isa = PBXFileReference; lastKnownFileType = "compiled.mach-o.dylib"; name = libsystem_kernel.dylib; path = usr/lib/system/libsystem_kernel.dylib; sourceTree = SDKROOT; };
		2B5935651810D38E00FFC3D3 /* Kernel.framework */ = {isa = PBXFileReference; lastKnownFileType = wrapper.framework; name = Kernel.framework; path = System/Library/Frameworks/Kernel.framework; sourceTree = SDKROOT; };
		2B59357A1810D3C800FFC3D3 /* Cocoa.framework */ = {isa = PBXFileReference; lastKnownFileType = wrapper.framework; name = Cocoa.framework; path = System/Library/Frameworks/Cocoa.framework; sourceTree = SDKROOT; };
		2B59357C1810D3C800FFC3D3 /* PreferencePanes.framework */ = {isa = PBXFileReference; lastKnownFileType = wrapper.framework; name = PreferencePanes.framework; path = System/Library/Frameworks/PreferencePanes.framework; sourceTree = SDKROOT; };
		2B59357E1810D3C800FFC3D3 /* AppKit.framework */ = {isa = PBXFileReference; lastKnownFileType = wrapper.framework; name = AppKit.framework; path = System/Library/Frameworks/AppKit.framework; sourceTree = SDKROOT; };
		2B59357F1810D3C800FFC3D3 /* CoreData.framework */ = {isa = PBXFileReference; lastKnownFileType = wrapper.framework; name = CoreData.framework; path = System/Library/Frameworks/CoreData.framework; sourceTree = SDKROOT; };
		2B5935801810D3C800FFC3D3 /* Foundation.framework */ = {isa = PBXFileReference; lastKnownFileType = wrapper.framework; name = Foundation.framework; path = System/Library/Frameworks/Foundation.framework; sourceTree = SDKROOT; };
		2B5935C21810DF7100FFC3D3 /* IOKit.framework */ = {isa = PBXFileReference; lastKnownFileType = wrapper.framework; name = IOKit.framework; path = System/Library/Frameworks/IOKit.framework; sourceTree = SDKROOT; };
		2B9CAB9A185527EC00F3A9C6 /* CoreFoundation.framework */ = {isa = PBXFileReference; lastKnownFileType = wrapper.framework; name = CoreFoundation.framework; path = System/Library/Frameworks/CoreFoundation.framework; sourceTree = SDKROOT; };
		2BA046931AA22DFF00E086DF /* iSCSITypesKernel.h */ = {isa = PBXFileReference; fileEncoding = 4; lastKnownFileType = sourcecode.c.h; name = iSCSITypesKernel.h; path = Kernel/iSCSITypesKernel.h; sourceTree = "<group>"; };
		2BA046971AA23AAF00E086DF /* iSCSIKernelClasses.h */ = {isa = PBXFileReference; lastKnownFileType = sourcecode.c.h; name = iSCSIKernelClasses.h; path = Kernel/iSCSIKernelClasses.h; sourceTree = "<group>"; };
		2BC310411AC7D66700D48102 /* iSCSIRFC3720Defaults.h */ = {isa = PBXFileReference; fileEncoding = 4; lastKnownFileType = sourcecode.c.h; name = iSCSIRFC3720Defaults.h; path = Kernel/iSCSIRFC3720Defaults.h; sourceTree = "<group>"; };
		2BC4CBAD1AA42921003611F7 /* iSCSIDA.c */ = {isa = PBXFileReference; fileEncoding = 4; lastKnownFileType = sourcecode.c.c; name = iSCSIDA.c; path = "User Tools/iSCSIDA.c"; sourceTree = "<group>"; };
		2BC4CBAE1AA42921003611F7 /* iSCSIDA.h */ = {isa = PBXFileReference; fileEncoding = 4; lastKnownFileType = sourcecode.c.h; name = iSCSIDA.h; path = "User Tools/iSCSIDA.h"; sourceTree = "<group>"; };
		2BC4CBB11AA55046003611F7 /* DiskArbitration.framework */ = {isa = PBXFileReference; lastKnownFileType = wrapper.framework; name = DiskArbitration.framework; path = System/Library/Frameworks/DiskArbitration.framework; sourceTree = SDKROOT; };
		2BC5AF241AC4FEFF00DE67D4 /* iSCSIIORegistry.c */ = {isa = PBXFileReference; fileEncoding = 4; lastKnownFileType = sourcecode.c.c; name = iSCSIIORegistry.c; path = "User Tools/iSCSIIORegistry.c"; sourceTree = "<group>"; };
		2BC5AF251AC4FEFF00DE67D4 /* iSCSIIORegistry.h */ = {isa = PBXFileReference; fileEncoding = 4; lastKnownFileType = sourcecode.c.h; name = iSCSIIORegistry.h; path = "User Tools/iSCSIIORegistry.h"; sourceTree = "<group>"; };
		2BCB2B091A70157200A81C80 /* iSCSIAuth.c */ = {isa = PBXFileReference; lastKnownFileType = sourcecode.c.c; name = iSCSIAuth.c; path = "User Tools/iSCSIAuth.c"; sourceTree = "<group>"; };
		2BCB2B0A1A70157200A81C80 /* iSCSIAuth.h */ = {isa = PBXFileReference; lastKnownFileType = sourcecode.c.h; name = iSCSIAuth.h; path = "User Tools/iSCSIAuth.h"; sourceTree = "<group>"; };
		2BCB2B0B1A70157200A81C80 /* iSCSICtl.m */ = {isa = PBXFileReference; lastKnownFileType = sourcecode.c.objc; name = iSCSICtl.m; path = "User Tools/iSCSICtl.m"; sourceTree = "<group>"; };
		2BCB2B0C1A70157200A81C80 /* iSCSIDaemon.c */ = {isa = PBXFileReference; lastKnownFileType = sourcecode.c.c; name = iSCSIDaemon.c; path = "User Tools/iSCSIDaemon.c"; sourceTree = "<group>"; };
		2BCB2B0D1A70157200A81C80 /* iSCSIDaemon.plist */ = {isa = PBXFileReference; lastKnownFileType = text.plist.xml; name = iSCSIDaemon.plist; path = "User Tools/iSCSIDaemon.plist"; sourceTree = "<group>"; };
		2BCB2B0E1A70157200A81C80 /* iSCSIDaemonInterface.c */ = {isa = PBXFileReference; lastKnownFileType = sourcecode.c.c; name = iSCSIDaemonInterface.c; path = "User Tools/iSCSIDaemonInterface.c"; sourceTree = "<group>"; };
		2BCB2B0F1A70157200A81C80 /* iSCSIDaemonInterface.h */ = {isa = PBXFileReference; lastKnownFileType = sourcecode.c.h; name = iSCSIDaemonInterface.h; path = "User Tools/iSCSIDaemonInterface.h"; sourceTree = "<group>"; };
		2BCB2B101A70157200A81C80 /* iSCSIDaemonInterfaceShared.h */ = {isa = PBXFileReference; lastKnownFileType = sourcecode.c.h; name = iSCSIDaemonInterfaceShared.h; path = "User Tools/iSCSIDaemonInterfaceShared.h"; sourceTree = "<group>"; };
		2BCB2B111A70157200A81C80 /* iSCSIPropertyList.c */ = {isa = PBXFileReference; lastKnownFileType = sourcecode.c.c; name = iSCSIPropertyList.c; path = "User Tools/iSCSIPropertyList.c"; sourceTree = "<group>"; };
		2BCB2B121A70157200A81C80 /* iSCSIPropertyList.h */ = {isa = PBXFileReference; lastKnownFileType = sourcecode.c.h; name = iSCSIPropertyList.h; path = "User Tools/iSCSIPropertyList.h"; sourceTree = "<group>"; };
		2BCB2B141A70157200A81C80 /* iSCSIPDUUser.c */ = {isa = PBXFileReference; lastKnownFileType = sourcecode.c.c; name = iSCSIPDUUser.c; path = "User Tools/iSCSIPDUUser.c"; sourceTree = "<group>"; };
		2BCB2B151A70157200A81C80 /* iSCSIPDUUser.h */ = {isa = PBXFileReference; lastKnownFileType = sourcecode.c.h; name = iSCSIPDUUser.h; path = "User Tools/iSCSIPDUUser.h"; sourceTree = "<group>"; };
		2BCB2B161A70157200A81C80 /* iSCSIQueryTarget.c */ = {isa = PBXFileReference; lastKnownFileType = sourcecode.c.c; name = iSCSIQueryTarget.c; path = "User Tools/iSCSIQueryTarget.c"; sourceTree = "<group>"; };
		2BCB2B171A70157200A81C80 /* iSCSIQueryTarget.h */ = {isa = PBXFileReference; lastKnownFileType = sourcecode.c.h; name = iSCSIQueryTarget.h; path = "User Tools/iSCSIQueryTarget.h"; sourceTree = "<group>"; };
		2BCB2B181A70157200A81C80 /* iSCSISession.c */ = {isa = PBXFileReference; lastKnownFileType = sourcecode.c.c; name = iSCSISession.c; path = "User Tools/iSCSISession.c"; sourceTree = "<group>"; };
		2BCB2B191A70157200A81C80 /* iSCSISession.h */ = {isa = PBXFileReference; lastKnownFileType = sourcecode.c.h; name = iSCSISession.h; path = "User Tools/iSCSISession.h"; sourceTree = "<group>"; };
		2BCB2B1A1A70157200A81C80 /* iSCSITest.c */ = {isa = PBXFileReference; lastKnownFileType = sourcecode.c.c; name = iSCSITest.c; path = "User Tools/iSCSITest.c"; sourceTree = "<group>"; };
		2BCB2B1B1A70157200A81C80 /* iSCSITypes.c */ = {isa = PBXFileReference; lastKnownFileType = sourcecode.c.c; name = iSCSITypes.c; path = "User Tools/iSCSITypes.c"; sourceTree = "<group>"; };
		2BCB2B1C1A70157200A81C80 /* iSCSITypes.h */ = {isa = PBXFileReference; lastKnownFileType = sourcecode.c.h; name = iSCSITypes.h; path = "User Tools/iSCSITypes.h"; sourceTree = "<group>"; };
		2BCB2B1D1A70157200A81C80 /* iSCSITypesShared.h */ = {isa = PBXFileReference; lastKnownFileType = sourcecode.c.h; name = iSCSITypesShared.h; path = "User Tools/iSCSITypesShared.h"; sourceTree = "<group>"; };
		2BCB2B1F1A7015CF00A81C80 /* crc32c.c */ = {isa = PBXFileReference; explicitFileType = sourcecode.cpp.cpp; fileEncoding = 4; name = crc32c.c; path = Kernel/crc32c.c; sourceTree = "<group>"; };
		2BCB2B201A7015CF00A81C80 /* crc32c.h */ = {isa = PBXFileReference; explicitFileType = sourcecode.cpp.h; fileEncoding = 4; name = crc32c.h; path = Kernel/crc32c.h; sourceTree = "<group>"; };
		2BCB2B221A7015CF00A81C80 /* iSCSIInitiator-Prefix.pch */ = {isa = PBXFileReference; fileEncoding = 4; lastKnownFileType = sourcecode.c.h; name = "iSCSIInitiator-Prefix.pch"; path = "Kernel/iSCSIInitiator-Prefix.pch"; sourceTree = "<group>"; };
		2BCB2B231A7015CF00A81C80 /* iSCSIInitiator.cpp */ = {isa = PBXFileReference; fileEncoding = 4; lastKnownFileType = sourcecode.cpp.cpp; name = iSCSIInitiator.cpp; path = Kernel/iSCSIInitiator.cpp; sourceTree = "<group>"; };
		2BCB2B241A7015CF00A81C80 /* iSCSIInitiator.h */ = {isa = PBXFileReference; fileEncoding = 4; lastKnownFileType = sourcecode.c.h; name = iSCSIInitiator.h; path = Kernel/iSCSIInitiator.h; sourceTree = "<group>"; };
		2BCB2B251A7015CF00A81C80 /* iSCSIInitiatorClient.cpp */ = {isa = PBXFileReference; fileEncoding = 4; lastKnownFileType = sourcecode.cpp.cpp; name = iSCSIInitiatorClient.cpp; path = Kernel/iSCSIInitiatorClient.cpp; sourceTree = "<group>"; };
		2BCB2B261A7015CF00A81C80 /* iSCSIInitiatorClient.h */ = {isa = PBXFileReference; fileEncoding = 4; lastKnownFileType = sourcecode.c.h; name = iSCSIInitiatorClient.h; path = Kernel/iSCSIInitiatorClient.h; sourceTree = "<group>"; };
		2BCB2B271A7015CF00A81C80 /* iSCSIIOEventSource.cpp */ = {isa = PBXFileReference; fileEncoding = 4; lastKnownFileType = sourcecode.cpp.cpp; name = iSCSIIOEventSource.cpp; path = Kernel/iSCSIIOEventSource.cpp; sourceTree = "<group>"; };
		2BCB2B281A7015CF00A81C80 /* iSCSIIOEventSource.h */ = {isa = PBXFileReference; fileEncoding = 4; lastKnownFileType = sourcecode.c.h; name = iSCSIIOEventSource.h; path = Kernel/iSCSIIOEventSource.h; sourceTree = "<group>"; };
		2BCB2B2B1A7015CF00A81C80 /* iSCSIKernelInterfaceShared.h */ = {isa = PBXFileReference; fileEncoding = 4; lastKnownFileType = sourcecode.c.h; name = iSCSIKernelInterfaceShared.h; path = Kernel/iSCSIKernelInterfaceShared.h; sourceTree = "<group>"; };
		2BCB2B2C1A7015CF00A81C80 /* iSCSIPDUKernel.cpp */ = {isa = PBXFileReference; fileEncoding = 4; lastKnownFileType = sourcecode.cpp.cpp; name = iSCSIPDUKernel.cpp; path = Kernel/iSCSIPDUKernel.cpp; sourceTree = "<group>"; };
		2BCB2B2D1A7015CF00A81C80 /* iSCSIPDUKernel.h */ = {isa = PBXFileReference; fileEncoding = 4; lastKnownFileType = sourcecode.c.h; name = iSCSIPDUKernel.h; path = Kernel/iSCSIPDUKernel.h; sourceTree = "<group>"; };
		2BCB2B2E1A7015CF00A81C80 /* iSCSITaskQueue.cpp */ = {isa = PBXFileReference; fileEncoding = 4; lastKnownFileType = sourcecode.cpp.cpp; name = iSCSITaskQueue.cpp; path = Kernel/iSCSITaskQueue.cpp; sourceTree = "<group>"; };
		2BCB2B2F1A7015CF00A81C80 /* iSCSITaskQueue.h */ = {isa = PBXFileReference; fileEncoding = 4; lastKnownFileType = sourcecode.c.h; name = iSCSITaskQueue.h; path = Kernel/iSCSITaskQueue.h; sourceTree = "<group>"; };
		2BCB2B301A7015CF00A81C80 /* iSCSIVirtualHBA.cpp */ = {isa = PBXFileReference; fileEncoding = 4; lastKnownFileType = sourcecode.cpp.cpp; name = iSCSIVirtualHBA.cpp; path = Kernel/iSCSIVirtualHBA.cpp; sourceTree = "<group>"; };
		2BCB2B311A7015CF00A81C80 /* iSCSIVirtualHBA.h */ = {isa = PBXFileReference; fileEncoding = 4; lastKnownFileType = sourcecode.c.h; name = iSCSIVirtualHBA.h; path = Kernel/iSCSIVirtualHBA.h; sourceTree = "<group>"; };
		2BCB2B451A70168B00A81C80 /* iSCSIKernelInterface.c */ = {isa = PBXFileReference; lastKnownFileType = sourcecode.c.c; name = iSCSIKernelInterface.c; path = "User Tools/iSCSIKernelInterface.c"; sourceTree = "<group>"; };
		2BCB2B461A70168B00A81C80 /* iSCSIKernelInterface.h */ = {isa = PBXFileReference; lastKnownFileType = sourcecode.c.h; name = iSCSIKernelInterface.h; path = "User Tools/iSCSIKernelInterface.h"; sourceTree = "<group>"; };
		2BCB2B471A70182D00A81C80 /* iSCSIInitiator-Info.plist */ = {isa = PBXFileReference; fileEncoding = 4; lastKnownFileType = text.plist.xml; name = "iSCSIInitiator-Info.plist"; path = "Kernel/iSCSIInitiator-Info.plist"; sourceTree = "<group>"; };
		2BCB2B4B1A70195600A81C80 /* iSCSIPDUShared.h */ = {isa = PBXFileReference; fileEncoding = 4; lastKnownFileType = sourcecode.c.h; name = iSCSIPDUShared.h; path = Kernel/iSCSIPDUShared.h; sourceTree = "<group>"; };
		2BDEA9401A715C7B00D5B48B /* iSCSIInitiator.kext */ = {isa = PBXFileReference; explicitFileType = wrapper.cfbundle; includeInIndex = 0; path = iSCSIInitiator.kext; sourceTree = BUILT_PRODUCTS_DIR; };
		2BDEA9411A715C7B00D5B48B /* iscsid */ = {isa = PBXFileReference; explicitFileType = "compiled.mach-o.executable"; includeInIndex = 0; path = iscsid; sourceTree = BUILT_PRODUCTS_DIR; };
		2BDEA9421A715C7B00D5B48B /* iscsictl */ = {isa = PBXFileReference; explicitFileType = "compiled.mach-o.executable"; includeInIndex = 0; path = iscsictl; sourceTree = BUILT_PRODUCTS_DIR; };
		2BDEA9431A715C7B00D5B48B /* iSCSITest */ = {isa = PBXFileReference; explicitFileType = "compiled.mach-o.executable"; includeInIndex = 0; path = iSCSITest; sourceTree = BUILT_PRODUCTS_DIR; };
/* End PBXFileReference section */

/* Begin PBXFrameworksBuildPhase section */
		2B16EEC6196085A40061E7FA /* Frameworks */ = {
			isa = PBXFrameworksBuildPhase;
			buildActionMask = 2147483647;
			files = (
				2B16EECA196085A40061E7FA /* CoreFoundation.framework in Frameworks */,
			);
			runOnlyForDeploymentPostprocessing = 0;
		};
		2B9519821810F852006CE7E5 /* Frameworks */ = {
			isa = PBXFrameworksBuildPhase;
			buildActionMask = 2147483647;
			files = (
			);
			runOnlyForDeploymentPostprocessing = 0;
		};
		2BA96D9018D4F60200F135E3 /* Frameworks */ = {
			isa = PBXFrameworksBuildPhase;
			buildActionMask = 2147483647;
			files = (
				2BC4CBB21AA55046003611F7 /* DiskArbitration.framework in Frameworks */,
				2B4A60381A3E6F830006AFCC /* CoreFoundation.framework in Frameworks */,
				2B4A60371A3E6F690006AFCC /* IOKit.framework in Frameworks */,
			);
			runOnlyForDeploymentPostprocessing = 0;
		};
		2BB83CD41A3D493B0017212D /* Frameworks */ = {
			isa = PBXFrameworksBuildPhase;
			buildActionMask = 2147483647;
			files = (
			);
			runOnlyForDeploymentPostprocessing = 0;
		};
/* End PBXFrameworksBuildPhase section */

/* Begin PBXGroup section */
		2B5935541810CE6800FFC3D3 = {
			isa = PBXGroup;
			children = (
				2B97E4431A5B84E000A8EE9C /* User Tools */,
				2B97E4421A5B84C500A8EE9C /* Kernel */,
				2B5935631810D38E00FFC3D3 /* Frameworks */,
				2BDEA9401A715C7B00D5B48B /* iSCSIInitiator.kext */,
				2BDEA9411A715C7B00D5B48B /* iscsid */,
				2BDEA9421A715C7B00D5B48B /* iscsictl */,
				2BDEA9431A715C7B00D5B48B /* iSCSITest */,
			);
			sourceTree = "<group>";
		};
		2B5935631810D38E00FFC3D3 /* Frameworks */ = {
			isa = PBXGroup;
			children = (
				2BC4CBB11AA55046003611F7 /* DiskArbitration.framework */,
				2B20904F18C6E43C00C43190 /* libsystem_kernel.dylib */,
				2B9CAB9A185527EC00F3A9C6 /* CoreFoundation.framework */,
				2B5935C21810DF7100FFC3D3 /* IOKit.framework */,
				2B59357A1810D3C800FFC3D3 /* Cocoa.framework */,
				2B59357C1810D3C800FFC3D3 /* PreferencePanes.framework */,
				2B5935641810D38E00FFC3D3 /* Other Frameworks */,
			);
			name = Frameworks;
			sourceTree = "<group>";
		};
		2B5935641810D38E00FFC3D3 /* Other Frameworks */ = {
			isa = PBXGroup;
			children = (
				2B5935651810D38E00FFC3D3 /* Kernel.framework */,
				2B59357E1810D3C800FFC3D3 /* AppKit.framework */,
				2B59357F1810D3C800FFC3D3 /* CoreData.framework */,
				2B5935801810D3C800FFC3D3 /* Foundation.framework */,
			);
			name = "Other Frameworks";
			sourceTree = "<group>";
		};
		2B97E4421A5B84C500A8EE9C /* Kernel */ = {
			isa = PBXGroup;
			children = (
				2BCB2B4A1A7018D000A81C80 /* Supporting Files */,
				2BCB2B1F1A7015CF00A81C80 /* crc32c.c */,
				2BCB2B201A7015CF00A81C80 /* crc32c.h */,
				2BCB2B241A7015CF00A81C80 /* iSCSIInitiator.h */,
				2BCB2B231A7015CF00A81C80 /* iSCSIInitiator.cpp */,
				2BCB2B261A7015CF00A81C80 /* iSCSIInitiatorClient.h */,
				2BCB2B251A7015CF00A81C80 /* iSCSIInitiatorClient.cpp */,
				2BCB2B281A7015CF00A81C80 /* iSCSIIOEventSource.h */,
				2BCB2B271A7015CF00A81C80 /* iSCSIIOEventSource.cpp */,
				2BCB2B2B1A7015CF00A81C80 /* iSCSIKernelInterfaceShared.h */,
				2BCB2B2D1A7015CF00A81C80 /* iSCSIPDUKernel.h */,
				2BCB2B2C1A7015CF00A81C80 /* iSCSIPDUKernel.cpp */,
				2BCB2B4B1A70195600A81C80 /* iSCSIPDUShared.h */,
				2BCB2B2F1A7015CF00A81C80 /* iSCSITaskQueue.h */,
				2BCB2B2E1A7015CF00A81C80 /* iSCSITaskQueue.cpp */,
				2BCB2B311A7015CF00A81C80 /* iSCSIVirtualHBA.h */,
				2BCB2B301A7015CF00A81C80 /* iSCSIVirtualHBA.cpp */,
				2BA046931AA22DFF00E086DF /* iSCSITypesKernel.h */,
				2BA046971AA23AAF00E086DF /* iSCSIKernelClasses.h */,
				2BC310411AC7D66700D48102 /* iSCSIRFC3720Defaults.h */,
			);
			name = Kernel;
			sourceTree = "<group>";
		};
		2B97E4431A5B84E000A8EE9C /* User Tools */ = {
			isa = PBXGroup;
			children = (
				2BCB2B451A70168B00A81C80 /* iSCSIKernelInterface.c */,
				2BCB2B461A70168B00A81C80 /* iSCSIKernelInterface.h */,
				2BC5AF241AC4FEFF00DE67D4 /* iSCSIIORegistry.c */,
				2BC5AF251AC4FEFF00DE67D4 /* iSCSIIORegistry.h */,
				2BCB2B091A70157200A81C80 /* iSCSIAuth.c */,
				2BCB2B0A1A70157200A81C80 /* iSCSIAuth.h */,
				2BCB2B0B1A70157200A81C80 /* iSCSICtl.m */,
				2BCB2B0C1A70157200A81C80 /* iSCSIDaemon.c */,
				2BCB2B0D1A70157200A81C80 /* iSCSIDaemon.plist */,
				2BCB2B0E1A70157200A81C80 /* iSCSIDaemonInterface.c */,
				2BCB2B0F1A70157200A81C80 /* iSCSIDaemonInterface.h */,
				2BCB2B101A70157200A81C80 /* iSCSIDaemonInterfaceShared.h */,
				2BCB2B111A70157200A81C80 /* iSCSIPropertyList.c */,
				2BCB2B121A70157200A81C80 /* iSCSIPropertyList.h */,
				2BCB2B141A70157200A81C80 /* iSCSIPDUUser.c */,
				2BCB2B151A70157200A81C80 /* iSCSIPDUUser.h */,
				2BCB2B161A70157200A81C80 /* iSCSIQueryTarget.c */,
				2BCB2B171A70157200A81C80 /* iSCSIQueryTarget.h */,
				2BCB2B181A70157200A81C80 /* iSCSISession.c */,
				2BCB2B191A70157200A81C80 /* iSCSISession.h */,
				2BCB2B1A1A70157200A81C80 /* iSCSITest.c */,
				2BC4CBAD1AA42921003611F7 /* iSCSIDA.c */,
				2BC4CBAE1AA42921003611F7 /* iSCSIDA.h */,
				2BCB2B1B1A70157200A81C80 /* iSCSITypes.c */,
				2BCB2B1C1A70157200A81C80 /* iSCSITypes.h */,
				2BCB2B1D1A70157200A81C80 /* iSCSITypesShared.h */,
			);
			name = "User Tools";
			sourceTree = "<group>";
		};
		2BCB2B4A1A7018D000A81C80 /* Supporting Files */ = {
			isa = PBXGroup;
			children = (
				2BCB2B221A7015CF00A81C80 /* iSCSIInitiator-Prefix.pch */,
				2BCB2B471A70182D00A81C80 /* iSCSIInitiator-Info.plist */,
			);
			name = "Supporting Files";
			sourceTree = "<group>";
		};
/* End PBXGroup section */

/* Begin PBXHeadersBuildPhase section */
		2B9519831810F852006CE7E5 /* Headers */ = {
			isa = PBXHeadersBuildPhase;
			buildActionMask = 2147483647;
			files = (
				2BCB2B441A7015CF00A81C80 /* iSCSIVirtualHBA.h in Headers */,
				2BCB2B3B1A7015CF00A81C80 /* iSCSIIOEventSource.h in Headers */,
				2BC310421AC7D66700D48102 /* iSCSIRFC3720Defaults.h in Headers */,
				2BCB2B331A7015CF00A81C80 /* crc32c.h in Headers */,
				2BCB2B421A7015CF00A81C80 /* iSCSITaskQueue.h in Headers */,
				2BCB2B391A7015CF00A81C80 /* iSCSIInitiatorClient.h in Headers */,
				2BCB2B401A7015CF00A81C80 /* iSCSIPDUKernel.h in Headers */,
				2BCB2B3E1A7015CF00A81C80 /* iSCSIKernelInterfaceShared.h in Headers */,
				2BCB2B4C1A70195600A81C80 /* iSCSIPDUShared.h in Headers */,
				2BCB2B371A7015CF00A81C80 /* iSCSIInitiator.h in Headers */,
				2BA046951AA22DFF00E086DF /* iSCSITypesKernel.h in Headers */,
				2BCB2B351A7015CF00A81C80 /* iSCSIInitiator-Prefix.pch in Headers */,
			);
			runOnlyForDeploymentPostprocessing = 0;
		};
/* End PBXHeadersBuildPhase section */

/* Begin PBXNativeTarget section */
		2B16EEC8196085A40061E7FA /* iscsictl */ = {
			isa = PBXNativeTarget;
			buildConfigurationList = 2B16EED2196085A40061E7FA /* Build configuration list for PBXNativeTarget "iscsictl" */;
			buildPhases = (
				2B16EEC5196085A40061E7FA /* Sources */,
				2B16EEC6196085A40061E7FA /* Frameworks */,
				2B16EEC7196085A40061E7FA /* CopyFiles */,
			);
			buildRules = (
			);
			dependencies = (
			);
			name = iscsictl;
			productName = iscsiadm;
			productReference = 2BDEA9421A715C7B00D5B48B /* iscsictl */;
			productType = "com.apple.product-type.tool";
		};
		2B9519861810F852006CE7E5 /* iSCSIInitiator */ = {
			isa = PBXNativeTarget;
			buildConfigurationList = 2B9519921810F852006CE7E5 /* Build configuration list for PBXNativeTarget "iSCSIInitiator" */;
			buildPhases = (
				2B9519811810F852006CE7E5 /* Sources */,
				2B9519821810F852006CE7E5 /* Frameworks */,
				2B9519831810F852006CE7E5 /* Headers */,
				2B9519841810F852006CE7E5 /* Resources */,
				2B9519851810F852006CE7E5 /* Rez */,
			);
			buildRules = (
			);
			dependencies = (
			);
			name = iSCSIInitiator;
			productName = iSCSIInitiator;
			productReference = 2BDEA9401A715C7B00D5B48B /* iSCSIInitiator.kext */;
			productType = "com.apple.product-type.kernel-extension";
		};
		2BA96D8818D4F60200F135E3 /* iSCSIDaemon */ = {
			isa = PBXNativeTarget;
			buildConfigurationList = 2BA96D9518D4F60200F135E3 /* Build configuration list for PBXNativeTarget "iSCSIDaemon" */;
			buildPhases = (
				2BA96D8918D4F60200F135E3 /* Sources */,
				2BA96D9018D4F60200F135E3 /* Frameworks */,
				2BA96D9318D4F60200F135E3 /* CopyFiles */,
			);
			buildRules = (
			);
			dependencies = (
			);
			name = iSCSIDaemon;
			productName = iSCSITest;
			productReference = 2BDEA9411A715C7B00D5B48B /* iscsid */;
			productType = "com.apple.product-type.tool";
		};
		2BB83CD61A3D493B0017212D /* iSCSITest */ = {
			isa = PBXNativeTarget;
			buildConfigurationList = 2BB83CDD1A3D493C0017212D /* Build configuration list for PBXNativeTarget "iSCSITest" */;
			buildPhases = (
				2BB83CD31A3D493B0017212D /* Sources */,
				2BB83CD41A3D493B0017212D /* Frameworks */,
				2BB83CD51A3D493B0017212D /* CopyFiles */,
			);
			buildRules = (
			);
			dependencies = (
			);
			name = iSCSITest;
			productName = iSCSITest;
			productReference = 2BDEA9431A715C7B00D5B48B /* iSCSITest */;
			productType = "com.apple.product-type.tool";
		};
/* End PBXNativeTarget section */

/* Begin PBXProject section */
		2B5935551810CE6800FFC3D3 /* Project object */ = {
			isa = PBXProject;
			attributes = {
				LastUpgradeCheck = 0610;
				TargetAttributes = {
					2BB83CD61A3D493B0017212D = {
						CreatedOnToolsVersion = 6.1.1;
					};
				};
			};
			buildConfigurationList = 2B5935581810CE6800FFC3D3 /* Build configuration list for PBXProject "iSCSI_Initiator" */;
			compatibilityVersion = "Xcode 3.2";
			developmentRegion = English;
			hasScannedForEncodings = 0;
			knownRegions = (
				en,
				Base,
			);
			mainGroup = 2B5935541810CE6800FFC3D3;
			productRefGroup = 2B5935541810CE6800FFC3D3;
			projectDirPath = "";
			projectRoot = "";
			targets = (
				2B9519861810F852006CE7E5 /* iSCSIInitiator */,
				2BA96D8818D4F60200F135E3 /* iSCSIDaemon */,
				2B16EEC8196085A40061E7FA /* iscsictl */,
				2BB83CD61A3D493B0017212D /* iSCSITest */,
			);
		};
/* End PBXProject section */

/* Begin PBXResourcesBuildPhase section */
		2B9519841810F852006CE7E5 /* Resources */ = {
			isa = PBXResourcesBuildPhase;
			buildActionMask = 2147483647;
			files = (
				2BC0A4A41A80C8540042105C /* iSCSIInitiator-Info.plist in Resources */,
			);
			runOnlyForDeploymentPostprocessing = 0;
		};
/* End PBXResourcesBuildPhase section */

/* Begin PBXRezBuildPhase section */
		2B9519851810F852006CE7E5 /* Rez */ = {
			isa = PBXRezBuildPhase;
			buildActionMask = 2147483647;
			files = (
			);
			runOnlyForDeploymentPostprocessing = 0;
		};
/* End PBXRezBuildPhase section */

/* Begin PBXSourcesBuildPhase section */
		2B16EEC5196085A40061E7FA /* Sources */ = {
			isa = PBXSourcesBuildPhase;
			buildActionMask = 2147483647;
			files = (
				2BCB2B581A7019D700A81C80 /* iSCSIPropertyList.c in Sources */,
				2BCB2B591A7019D700A81C80 /* iSCSITypes.c in Sources */,
				2BC5AF271AC4FEFF00DE67D4 /* iSCSIIORegistry.c in Sources */,
				2BCB2B561A7019D700A81C80 /* iSCSICtl.m in Sources */,
				2BCB2B571A7019D700A81C80 /* iSCSIDaemonInterface.c in Sources */,
				2BC4CBB01AA42921003611F7 /* iSCSIDA.c in Sources */,
			);
			runOnlyForDeploymentPostprocessing = 0;
		};
		2B9519811810F852006CE7E5 /* Sources */ = {
			isa = PBXSourcesBuildPhase;
			buildActionMask = 2147483647;
			files = (
				2BCB2B3F1A7015CF00A81C80 /* iSCSIPDUKernel.cpp in Sources */,
				2BCB2B431A7015CF00A81C80 /* iSCSIVirtualHBA.cpp in Sources */,
				2BCB2B411A7015CF00A81C80 /* iSCSITaskQueue.cpp in Sources */,
				2BC0A4A21A80C6A60042105C /* crc32c.c in Sources */,
				2BCB2B3A1A7015CF00A81C80 /* iSCSIIOEventSource.cpp in Sources */,
				2BCB2B381A7015CF00A81C80 /* iSCSIInitiatorClient.cpp in Sources */,
				2BCB2B361A7015CF00A81C80 /* iSCSIInitiator.cpp in Sources */,
			);
			runOnlyForDeploymentPostprocessing = 0;
		};
		2BA96D8918D4F60200F135E3 /* Sources */ = {
			isa = PBXSourcesBuildPhase;
			buildActionMask = 2147483647;
			files = (
				2BC5AF261AC4FEFF00DE67D4 /* iSCSIIORegistry.c in Sources */,
				2BCB2B541A70199900A81C80 /* iSCSISession.c in Sources */,
				2BCB2B511A70199900A81C80 /* iSCSIPropertyList.c in Sources */,
				2BCB2B4E1A70199900A81C80 /* iSCSIKernelInterface.c in Sources */,
				2BCB2B501A70199900A81C80 /* iSCSIDaemon.c in Sources */,
				2BCB2B4F1A70199900A81C80 /* iSCSIAuth.c in Sources */,
				2BCB2B551A70199900A81C80 /* iSCSITypes.c in Sources */,
				2BC4CBAF1AA42921003611F7 /* iSCSIDA.c in Sources */,
				2BCB2B521A70199900A81C80 /* iSCSIPDUUser.c in Sources */,
				2BCB2B531A70199900A81C80 /* iSCSIQueryTarget.c in Sources */,
			);
			runOnlyForDeploymentPostprocessing = 0;
		};
		2BB83CD31A3D493B0017212D /* Sources */ = {
			isa = PBXSourcesBuildPhase;
			buildActionMask = 2147483647;
			files = (
				2BC5AF281AC4FEFF00DE67D4 /* iSCSIIORegistry.c in Sources */,
				2B7817D41AC7850300EC605E /* iSCSIAuth.c in Sources */,
				2B7817D81AC7851800EC605E /* iSCSIQueryTarget.c in Sources */,
				2B7817DB1AC7853C00EC605E /* iSCSIDA.c in Sources */,
				2B7817DA1AC7853300EC605E /* iSCSIPDUUser.c in Sources */,
				2BCB2B611A7019F100A81C80 /* iSCSITest.c in Sources */,
				2B7817D71AC7851200EC605E /* iSCSITypes.c in Sources */,
				2B7817D91AC7852500EC605E /* iSCSIKernelInterface.c in Sources */,
				2B7817D31AC784F300EC605E /* iSCSISession.c in Sources */,
			);
			runOnlyForDeploymentPostprocessing = 0;
		};
/* End PBXSourcesBuildPhase section */

/* Begin XCBuildConfiguration section */
		2B16EED0196085A40061E7FA /* Debug */ = {
			isa = XCBuildConfiguration;
			buildSettings = {
				ALWAYS_SEARCH_USER_PATHS = NO;
				CLANG_CXX_LANGUAGE_STANDARD = "gnu++0x";
				CLANG_CXX_LIBRARY = "libc++";
				CLANG_ENABLE_MODULES = YES;
				CLANG_ENABLE_OBJC_ARC = YES;
				CLANG_WARN_BOOL_CONVERSION = YES;
				CLANG_WARN_CONSTANT_CONVERSION = YES;
				CLANG_WARN_DIRECT_OBJC_ISA_USAGE = YES_ERROR;
				CLANG_WARN_EMPTY_BODY = YES;
				CLANG_WARN_ENUM_CONVERSION = YES;
				CLANG_WARN_INT_CONVERSION = YES;
				CLANG_WARN_OBJC_ROOT_CLASS = YES_ERROR;
				CLANG_WARN__DUPLICATE_METHOD_MATCH = YES;
				COPY_PHASE_STRIP = NO;
				GCC_C_LANGUAGE_STANDARD = gnu99;
				GCC_DYNAMIC_NO_PIC = NO;
				GCC_ENABLE_OBJC_EXCEPTIONS = YES;
				GCC_OPTIMIZATION_LEVEL = 0;
				GCC_PREPROCESSOR_DEFINITIONS = (
					"DEBUG=1",
					"$(inherited)",
				);
				GCC_SYMBOLS_PRIVATE_EXTERN = NO;
				GCC_WARN_64_TO_32_BIT_CONVERSION = YES;
				GCC_WARN_ABOUT_RETURN_TYPE = YES_ERROR;
				GCC_WARN_UNDECLARED_SELECTOR = YES;
				GCC_WARN_UNINITIALIZED_AUTOS = YES_AGGRESSIVE;
				GCC_WARN_UNUSED_FUNCTION = YES;
				GCC_WARN_UNUSED_VARIABLE = YES;
				MACOSX_DEPLOYMENT_TARGET = 10.9;
				ONLY_ACTIVE_ARCH = YES;
				PRODUCT_NAME = "$(TARGET_NAME)";
				SDKROOT = macosx;
			};
			name = Debug;
		};
		2B16EED1196085A40061E7FA /* Release */ = {
			isa = XCBuildConfiguration;
			buildSettings = {
				ALWAYS_SEARCH_USER_PATHS = NO;
				CLANG_CXX_LANGUAGE_STANDARD = "gnu++0x";
				CLANG_CXX_LIBRARY = "libc++";
				CLANG_ENABLE_MODULES = YES;
				CLANG_ENABLE_OBJC_ARC = YES;
				CLANG_WARN_BOOL_CONVERSION = YES;
				CLANG_WARN_CONSTANT_CONVERSION = YES;
				CLANG_WARN_DIRECT_OBJC_ISA_USAGE = YES_ERROR;
				CLANG_WARN_EMPTY_BODY = YES;
				CLANG_WARN_ENUM_CONVERSION = YES;
				CLANG_WARN_INT_CONVERSION = YES;
				CLANG_WARN_OBJC_ROOT_CLASS = YES_ERROR;
				CLANG_WARN__DUPLICATE_METHOD_MATCH = YES;
				COPY_PHASE_STRIP = YES;
				DEBUG_INFORMATION_FORMAT = "dwarf-with-dsym";
				ENABLE_NS_ASSERTIONS = NO;
				GCC_C_LANGUAGE_STANDARD = gnu99;
				GCC_ENABLE_OBJC_EXCEPTIONS = YES;
				GCC_WARN_64_TO_32_BIT_CONVERSION = YES;
				GCC_WARN_ABOUT_RETURN_TYPE = YES_ERROR;
				GCC_WARN_UNDECLARED_SELECTOR = YES;
				GCC_WARN_UNINITIALIZED_AUTOS = YES_AGGRESSIVE;
				GCC_WARN_UNUSED_FUNCTION = YES;
				GCC_WARN_UNUSED_VARIABLE = YES;
				MACOSX_DEPLOYMENT_TARGET = 10.9;
				PRODUCT_NAME = "$(TARGET_NAME)";
				SDKROOT = macosx;
			};
			name = Release;
		};
		2B5935591810CE6800FFC3D3 /* Debug */ = {
			isa = XCBuildConfiguration;
			buildSettings = {
				GCC_WARN_PEDANTIC = NO;
				MACOSX_DEPLOYMENT_TARGET = 10.6;
				ONLY_ACTIVE_ARCH = YES;
			};
			name = Debug;
		};
		2B59355A1810CE6800FFC3D3 /* Release */ = {
			isa = XCBuildConfiguration;
			buildSettings = {
				GCC_WARN_PEDANTIC = NO;
				MACOSX_DEPLOYMENT_TARGET = 10.6;
			};
			name = Release;
		};
		2B9519931810F852006CE7E5 /* Debug */ = {
			isa = XCBuildConfiguration;
			buildSettings = {
				ALWAYS_SEARCH_USER_PATHS = NO;
				CLANG_CXX_LANGUAGE_STANDARD = "gnu++0x";
				CLANG_CXX_LIBRARY = "libc++";
				CLANG_ENABLE_OBJC_ARC = YES;
				CLANG_WARN_BOOL_CONVERSION = YES;
				CLANG_WARN_CONSTANT_CONVERSION = YES;
				CLANG_WARN_DIRECT_OBJC_ISA_USAGE = YES_ERROR;
				CLANG_WARN_EMPTY_BODY = YES;
				CLANG_WARN_ENUM_CONVERSION = YES;
				CLANG_WARN_INT_CONVERSION = YES;
				CLANG_WARN_OBJC_ROOT_CLASS = YES_ERROR;
				CLANG_WARN__DUPLICATE_METHOD_MATCH = YES;
				COMBINE_HIDPI_IMAGES = YES;
				COPY_PHASE_STRIP = NO;
				CURRENT_PROJECT_VERSION = 1.0.0d1;
				GCC_C_LANGUAGE_STANDARD = gnu99;
				GCC_DYNAMIC_NO_PIC = NO;
				GCC_ENABLE_OBJC_EXCEPTIONS = YES;
				GCC_OPTIMIZATION_LEVEL = 0;
				GCC_PRECOMPILE_PREFIX_HEADER = YES;
				GCC_PREFIX_HEADER = "Kernel/iSCSIInitiator-Prefix.pch";
				GCC_PREPROCESSOR_DEFINITIONS = (
					"DEBUG=1",
					"$(inherited)",
				);
				GCC_SYMBOLS_PRIVATE_EXTERN = NO;
				GCC_WARN_64_TO_32_BIT_CONVERSION = YES;
				GCC_WARN_ABOUT_RETURN_TYPE = YES_ERROR;
				GCC_WARN_UNDECLARED_SELECTOR = YES;
				GCC_WARN_UNINITIALIZED_AUTOS = YES;
				GCC_WARN_UNUSED_FUNCTION = YES;
				GCC_WARN_UNUSED_VARIABLE = YES;
				INFOPLIST_FILE = "Kernel/iSCSIInitiator-Info.plist";
				LIBRARY_SEARCH_PATHS = (
					"$(inherited)",
					"$(SDKROOT)/usr/lib/system",
				);
				MACOSX_DEPLOYMENT_TARGET = 10.7;
				MODULE_NAME = com.NSinenian.iSCSIInitiator;
				MODULE_VERSION = 1.0.0d1;
				ONLY_ACTIVE_ARCH = YES;
				PRODUCT_NAME = "$(TARGET_NAME)";
				SDKROOT = macosx;
				WRAPPER_EXTENSION = kext;
			};
			name = Debug;
		};
		2B9519941810F852006CE7E5 /* Release */ = {
			isa = XCBuildConfiguration;
			buildSettings = {
				ALWAYS_SEARCH_USER_PATHS = NO;
				CLANG_CXX_LANGUAGE_STANDARD = "gnu++0x";
				CLANG_CXX_LIBRARY = "libc++";
				CLANG_ENABLE_OBJC_ARC = YES;
				CLANG_WARN_BOOL_CONVERSION = YES;
				CLANG_WARN_CONSTANT_CONVERSION = YES;
				CLANG_WARN_DIRECT_OBJC_ISA_USAGE = YES_ERROR;
				CLANG_WARN_EMPTY_BODY = YES;
				CLANG_WARN_ENUM_CONVERSION = YES;
				CLANG_WARN_INT_CONVERSION = YES;
				CLANG_WARN_OBJC_ROOT_CLASS = YES_ERROR;
				CLANG_WARN__DUPLICATE_METHOD_MATCH = YES;
				COMBINE_HIDPI_IMAGES = YES;
				COPY_PHASE_STRIP = YES;
				CURRENT_PROJECT_VERSION = 1.0.0d1;
				DEBUG_INFORMATION_FORMAT = "dwarf-with-dsym";
				ENABLE_NS_ASSERTIONS = NO;
				GCC_C_LANGUAGE_STANDARD = gnu99;
				GCC_ENABLE_OBJC_EXCEPTIONS = YES;
				GCC_PRECOMPILE_PREFIX_HEADER = YES;
				GCC_PREFIX_HEADER = "Kernel/iSCSIInitiator-Prefix.pch";
				GCC_WARN_64_TO_32_BIT_CONVERSION = YES;
				GCC_WARN_ABOUT_RETURN_TYPE = YES_ERROR;
				GCC_WARN_UNDECLARED_SELECTOR = YES;
				GCC_WARN_UNINITIALIZED_AUTOS = YES;
				GCC_WARN_UNUSED_FUNCTION = YES;
				GCC_WARN_UNUSED_VARIABLE = YES;
				INFOPLIST_FILE = "Kernel/iSCSIInitiator-Info.plist";
				LIBRARY_SEARCH_PATHS = (
					"$(inherited)",
					"$(SDKROOT)/usr/lib/system",
				);
				MACOSX_DEPLOYMENT_TARGET = 10.7;
				MODULE_NAME = com.NSinenian.iSCSIInitiator;
				MODULE_VERSION = 1.0.0d1;
				ONLY_ACTIVE_ARCH = YES;
				PRODUCT_NAME = "$(TARGET_NAME)";
				SDKROOT = macosx;
				WRAPPER_EXTENSION = kext;
			};
			name = Release;
		};
		2BA96D9618D4F60200F135E3 /* Debug */ = {
			isa = XCBuildConfiguration;
			buildSettings = {
				ALWAYS_SEARCH_USER_PATHS = NO;
				CLANG_CXX_LANGUAGE_STANDARD = "c++0x";
				CLANG_CXX_LIBRARY = "libc++";
				CLANG_ENABLE_OBJC_ARC = YES;
				CLANG_WARN_BOOL_CONVERSION = YES;
				CLANG_WARN_CONSTANT_CONVERSION = YES;
				CLANG_WARN_DIRECT_OBJC_ISA_USAGE = YES_ERROR;
				CLANG_WARN_EMPTY_BODY = YES;
				CLANG_WARN_ENUM_CONVERSION = YES;
				CLANG_WARN_INT_CONVERSION = YES;
				CLANG_WARN_OBJC_ROOT_CLASS = YES_ERROR;
				CLANG_WARN__DUPLICATE_METHOD_MATCH = YES;
				COPY_PHASE_STRIP = NO;
				GCC_C_LANGUAGE_STANDARD = c11;
				GCC_DYNAMIC_NO_PIC = NO;
				GCC_ENABLE_OBJC_EXCEPTIONS = YES;
				GCC_OPTIMIZATION_LEVEL = 0;
				GCC_PREPROCESSOR_DEFINITIONS = (
					"DEBUG=1",
					"$(inherited)",
				);
				GCC_SYMBOLS_PRIVATE_EXTERN = NO;
				GCC_WARN_64_TO_32_BIT_CONVERSION = YES;
				GCC_WARN_ABOUT_RETURN_TYPE = YES_ERROR;
				GCC_WARN_UNDECLARED_SELECTOR = YES;
				GCC_WARN_UNINITIALIZED_AUTOS = YES;
				GCC_WARN_UNUSED_FUNCTION = YES;
				GCC_WARN_UNUSED_VARIABLE = YES;
				MACOSX_DEPLOYMENT_TARGET = 10.7;
				ONLY_ACTIVE_ARCH = YES;
				PRODUCT_NAME = iscsid;
				SDKROOT = macosx;
			};
			name = Debug;
		};
		2BA96D9718D4F60200F135E3 /* Release */ = {
			isa = XCBuildConfiguration;
			buildSettings = {
				ALWAYS_SEARCH_USER_PATHS = NO;
				CLANG_CXX_LANGUAGE_STANDARD = "c++0x";
				CLANG_CXX_LIBRARY = "libc++";
				CLANG_ENABLE_OBJC_ARC = YES;
				CLANG_WARN_BOOL_CONVERSION = YES;
				CLANG_WARN_CONSTANT_CONVERSION = YES;
				CLANG_WARN_DIRECT_OBJC_ISA_USAGE = YES_ERROR;
				CLANG_WARN_EMPTY_BODY = YES;
				CLANG_WARN_ENUM_CONVERSION = YES;
				CLANG_WARN_INT_CONVERSION = YES;
				CLANG_WARN_OBJC_ROOT_CLASS = YES_ERROR;
				CLANG_WARN__DUPLICATE_METHOD_MATCH = YES;
				COPY_PHASE_STRIP = YES;
				DEBUG_INFORMATION_FORMAT = "dwarf-with-dsym";
				ENABLE_NS_ASSERTIONS = NO;
				GCC_C_LANGUAGE_STANDARD = c11;
				GCC_ENABLE_OBJC_EXCEPTIONS = YES;
				GCC_WARN_64_TO_32_BIT_CONVERSION = YES;
				GCC_WARN_ABOUT_RETURN_TYPE = YES_ERROR;
				GCC_WARN_UNDECLARED_SELECTOR = YES;
				GCC_WARN_UNINITIALIZED_AUTOS = YES;
				GCC_WARN_UNUSED_FUNCTION = YES;
				GCC_WARN_UNUSED_VARIABLE = YES;
				MACOSX_DEPLOYMENT_TARGET = 10.7;
				ONLY_ACTIVE_ARCH = YES;
				PRODUCT_NAME = iscsid;
				SDKROOT = macosx;
			};
			name = Release;
		};
		2BB83CDB1A3D493C0017212D /* Debug */ = {
			isa = XCBuildConfiguration;
			buildSettings = {
				ALWAYS_SEARCH_USER_PATHS = NO;
				CLANG_CXX_LANGUAGE_STANDARD = "gnu++0x";
				CLANG_CXX_LIBRARY = "libc++";
				CLANG_ENABLE_MODULES = YES;
				CLANG_ENABLE_OBJC_ARC = YES;
				CLANG_WARN_BOOL_CONVERSION = YES;
				CLANG_WARN_CONSTANT_CONVERSION = YES;
				CLANG_WARN_DIRECT_OBJC_ISA_USAGE = YES_ERROR;
				CLANG_WARN_EMPTY_BODY = YES;
				CLANG_WARN_ENUM_CONVERSION = YES;
				CLANG_WARN_INT_CONVERSION = YES;
				CLANG_WARN_OBJC_ROOT_CLASS = YES_ERROR;
				CLANG_WARN_UNREACHABLE_CODE = YES;
				CLANG_WARN__DUPLICATE_METHOD_MATCH = YES;
				COPY_PHASE_STRIP = NO;
				ENABLE_STRICT_OBJC_MSGSEND = YES;
				GCC_C_LANGUAGE_STANDARD = gnu99;
				GCC_DYNAMIC_NO_PIC = NO;
				GCC_OPTIMIZATION_LEVEL = 0;
				GCC_PREPROCESSOR_DEFINITIONS = (
					"DEBUG=1",
					"$(inherited)",
				);
				GCC_SYMBOLS_PRIVATE_EXTERN = NO;
				GCC_WARN_64_TO_32_BIT_CONVERSION = YES;
				GCC_WARN_ABOUT_RETURN_TYPE = YES_ERROR;
				GCC_WARN_UNDECLARED_SELECTOR = YES;
				GCC_WARN_UNINITIALIZED_AUTOS = YES_AGGRESSIVE;
				GCC_WARN_UNUSED_FUNCTION = YES;
				GCC_WARN_UNUSED_VARIABLE = YES;
				MACOSX_DEPLOYMENT_TARGET = 10.10;
				MTL_ENABLE_DEBUG_INFO = YES;
				PRODUCT_NAME = "$(TARGET_NAME)";
				SDKROOT = macosx;
			};
			name = Debug;
		};
		2BB83CDC1A3D493C0017212D /* Release */ = {
			isa = XCBuildConfiguration;
			buildSettings = {
				ALWAYS_SEARCH_USER_PATHS = NO;
				CLANG_CXX_LANGUAGE_STANDARD = "gnu++0x";
				CLANG_CXX_LIBRARY = "libc++";
				CLANG_ENABLE_MODULES = YES;
				CLANG_ENABLE_OBJC_ARC = YES;
				CLANG_WARN_BOOL_CONVERSION = YES;
				CLANG_WARN_CONSTANT_CONVERSION = YES;
				CLANG_WARN_DIRECT_OBJC_ISA_USAGE = YES_ERROR;
				CLANG_WARN_EMPTY_BODY = YES;
				CLANG_WARN_ENUM_CONVERSION = YES;
				CLANG_WARN_INT_CONVERSION = YES;
				CLANG_WARN_OBJC_ROOT_CLASS = YES_ERROR;
				CLANG_WARN_UNREACHABLE_CODE = YES;
				CLANG_WARN__DUPLICATE_METHOD_MATCH = YES;
				COPY_PHASE_STRIP = YES;
				DEBUG_INFORMATION_FORMAT = "dwarf-with-dsym";
				ENABLE_NS_ASSERTIONS = NO;
				ENABLE_STRICT_OBJC_MSGSEND = YES;
				GCC_C_LANGUAGE_STANDARD = gnu99;
				GCC_WARN_64_TO_32_BIT_CONVERSION = YES;
				GCC_WARN_ABOUT_RETURN_TYPE = YES_ERROR;
				GCC_WARN_UNDECLARED_SELECTOR = YES;
				GCC_WARN_UNINITIALIZED_AUTOS = YES_AGGRESSIVE;
				GCC_WARN_UNUSED_FUNCTION = YES;
				GCC_WARN_UNUSED_VARIABLE = YES;
				MACOSX_DEPLOYMENT_TARGET = 10.10;
				MTL_ENABLE_DEBUG_INFO = NO;
				PRODUCT_NAME = "$(TARGET_NAME)";
				SDKROOT = macosx;
			};
			name = Release;
		};
/* End XCBuildConfiguration section */

/* Begin XCConfigurationList section */
		2B16EED2196085A40061E7FA /* Build configuration list for PBXNativeTarget "iscsictl" */ = {
			isa = XCConfigurationList;
			buildConfigurations = (
				2B16EED0196085A40061E7FA /* Debug */,
				2B16EED1196085A40061E7FA /* Release */,
			);
			defaultConfigurationIsVisible = 0;
			defaultConfigurationName = Release;
		};
		2B5935581810CE6800FFC3D3 /* Build configuration list for PBXProject "iSCSI_Initiator" */ = {
			isa = XCConfigurationList;
			buildConfigurations = (
				2B5935591810CE6800FFC3D3 /* Debug */,
				2B59355A1810CE6800FFC3D3 /* Release */,
			);
			defaultConfigurationIsVisible = 0;
			defaultConfigurationName = Release;
		};
		2B9519921810F852006CE7E5 /* Build configuration list for PBXNativeTarget "iSCSIInitiator" */ = {
			isa = XCConfigurationList;
			buildConfigurations = (
				2B9519931810F852006CE7E5 /* Debug */,
				2B9519941810F852006CE7E5 /* Release */,
			);
			defaultConfigurationIsVisible = 0;
			defaultConfigurationName = Release;
		};
		2BA96D9518D4F60200F135E3 /* Build configuration list for PBXNativeTarget "iSCSIDaemon" */ = {
			isa = XCConfigurationList;
			buildConfigurations = (
				2BA96D9618D4F60200F135E3 /* Debug */,
				2BA96D9718D4F60200F135E3 /* Release */,
			);
			defaultConfigurationIsVisible = 0;
			defaultConfigurationName = Release;
		};
		2BB83CDD1A3D493C0017212D /* Build configuration list for PBXNativeTarget "iSCSITest" */ = {
			isa = XCConfigurationList;
			buildConfigurations = (
				2BB83CDB1A3D493C0017212D /* Debug */,
				2BB83CDC1A3D493C0017212D /* Release */,
			);
			defaultConfigurationIsVisible = 0;
			defaultConfigurationName = Release;
		};
/* End XCConfigurationList section */
	};
	rootObject = 2B5935551810CE6800FFC3D3 /* Project object */;
}
