// !$*UTF8*$!
{
	archiveVersion = 1;
	classes = {
	};
	objectVersion = 46;
	objects = {

/* Begin PBXBuildFile section */
		2B459D551B7B8192008F656F /* Security.framework in Frameworks */ = {isa = PBXBuildFile; fileRef = 2B459D541B7B8192008F656F /* Security.framework */; };
		2B4A60371A3E6F690006AFCC /* IOKit.framework in Frameworks */ = {isa = PBXBuildFile; fileRef = 2B5935C21810DF7100FFC3D3 /* IOKit.framework */; };
		2B4A60381A3E6F830006AFCC /* CoreFoundation.framework in Frameworks */ = {isa = PBXBuildFile; fileRef = 2B9CAB9A185527EC00F3A9C6 /* CoreFoundation.framework */; };
		2B56ACED1C4A48C800930E79 /* Distribution in Resources */ = {isa = PBXBuildFile; fileRef = 2B56ACEC1C4A48C800930E79 /* Distribution */; settings = {ASSET_TAGS = (); }; };
		2B5C213B1C70871600ED8791 /* IOKit.framework in Frameworks */ = {isa = PBXBuildFile; fileRef = 2B5935C21810DF7100FFC3D3 /* IOKit.framework */; };
		2B5C213C1C70871A00ED8791 /* DiskArbitration.framework in Frameworks */ = {isa = PBXBuildFile; fileRef = 2BC4CBB11AA55046003611F7 /* DiskArbitration.framework */; };
		2B5C213D1C70872400ED8791 /* Security.framework in Frameworks */ = {isa = PBXBuildFile; fileRef = 2B459D541B7B8192008F656F /* Security.framework */; };
		2B5C213E1C70872E00ED8791 /* CoreFoundation.framework in Frameworks */ = {isa = PBXBuildFile; fileRef = 2B9CAB9A185527EC00F3A9C6 /* CoreFoundation.framework */; };
		2B9E3C941C493BAA00440116 /* iSCSIInitiator.cpp in Sources */ = {isa = PBXBuildFile; fileRef = 2B9E3C711C493B9C00440116 /* iSCSIInitiator.cpp */; settings = {COMPILER_FLAGS = "-Wno-inconsistent-missing-override"; }; };
		2B9E3C961C493BAA00440116 /* iSCSIInitiatorClient.cpp in Sources */ = {isa = PBXBuildFile; fileRef = 2B9E3C731C493B9C00440116 /* iSCSIInitiatorClient.cpp */; settings = {COMPILER_FLAGS = "-Wno-inconsistent-missing-override"; }; };
		2B9E3C981C493BAA00440116 /* iSCSIIOEventSource.cpp in Sources */ = {isa = PBXBuildFile; fileRef = 2B9E3C751C493B9C00440116 /* iSCSIIOEventSource.cpp */; settings = {COMPILER_FLAGS = "-Wno-inconsistent-missing-override"; }; };
		2B9E3C9C1C493BAA00440116 /* iSCSIPDUKernel.cpp in Sources */ = {isa = PBXBuildFile; fileRef = 2B9E3C791C493B9C00440116 /* iSCSIPDUKernel.cpp */; settings = {COMPILER_FLAGS = "-Wno-inconsistent-missing-override"; }; };
		2B9E3CA01C493BAA00440116 /* iSCSITaskQueue.cpp in Sources */ = {isa = PBXBuildFile; fileRef = 2B9E3C7D1C493B9C00440116 /* iSCSITaskQueue.cpp */; settings = {COMPILER_FLAGS = "-Wno-inconsistent-missing-override"; }; };
		2B9E3CA31C493BAA00440116 /* iSCSIVirtualHBA.cpp in Sources */ = {isa = PBXBuildFile; fileRef = 2B9E3C801C493B9C00440116 /* iSCSIVirtualHBA.cpp */; settings = {COMPILER_FLAGS = "-Wno-inconsistent-missing-override"; }; };
		2B9E3CBE1C49ED0000440116 /* crc32c.c in Sources */ = {isa = PBXBuildFile; fileRef = 2B9E3CBA1C49ECF900440116 /* crc32c.c */; settings = {ASSET_TAGS = (); }; };
		2BC4CBB21AA55046003611F7 /* DiskArbitration.framework in Frameworks */ = {isa = PBXBuildFile; fileRef = 2BC4CBB11AA55046003611F7 /* DiskArbitration.framework */; };
		2BDE5E281C8B0274004BDB5F /* iscsictl.8 in Resources */ = {isa = PBXBuildFile; fileRef = 2BDE5E261C8B0274004BDB5F /* iscsictl.8 */; settings = {ASSET_TAGS = (); }; };
		2BDE5E6E1C8B0292004BDB5F /* Info.plist in Resources */ = {isa = PBXBuildFile; fileRef = 2BDE5E481C8B028B004BDB5F /* Info.plist */; settings = {ASSET_TAGS = (); }; };
		2BDE5E6F1C8B0292004BDB5F /* iSCSI.h in Headers */ = {isa = PBXBuildFile; fileRef = 2BDE5E491C8B028B004BDB5F /* iSCSI.h */; settings = {ASSET_TAGS = (); }; };
		2BDE5E701C8B0292004BDB5F /* iSCSIDA.c in Sources */ = {isa = PBXBuildFile; fileRef = 2BDE5E4A1C8B028B004BDB5F /* iSCSIDA.c */; settings = {ASSET_TAGS = (); }; };
		2BDE5E711C8B0292004BDB5F /* iSCSIDA.h in Headers */ = {isa = PBXBuildFile; fileRef = 2BDE5E4B1C8B028B004BDB5F /* iSCSIDA.h */; settings = {ASSET_TAGS = (); }; };
		2BDE5E721C8B0292004BDB5F /* iSCSIDaemonInterface.c in Sources */ = {isa = PBXBuildFile; fileRef = 2BDE5E4C1C8B028B004BDB5F /* iSCSIDaemonInterface.c */; settings = {ASSET_TAGS = (); }; };
		2BDE5E731C8B0292004BDB5F /* iSCSIDaemonInterface.h in Headers */ = {isa = PBXBuildFile; fileRef = 2BDE5E4D1C8B028B004BDB5F /* iSCSIDaemonInterface.h */; settings = {ASSET_TAGS = (); }; };
		2BDE5E741C8B0292004BDB5F /* iSCSIDaemonInterfaceShared.h in Headers */ = {isa = PBXBuildFile; fileRef = 2BDE5E4E1C8B028B004BDB5F /* iSCSIDaemonInterfaceShared.h */; settings = {ASSET_TAGS = (); }; };
		2BDE5E751C8B0292004BDB5F /* iSCSIIORegistry.c in Sources */ = {isa = PBXBuildFile; fileRef = 2BDE5E4F1C8B028B004BDB5F /* iSCSIIORegistry.c */; settings = {ASSET_TAGS = (); }; };
		2BDE5E761C8B0292004BDB5F /* iSCSIIORegistry.h in Headers */ = {isa = PBXBuildFile; fileRef = 2BDE5E501C8B028B004BDB5F /* iSCSIIORegistry.h */; settings = {ASSET_TAGS = (); }; };
		2BDE5E771C8B0292004BDB5F /* iSCSIKeychain.c in Sources */ = {isa = PBXBuildFile; fileRef = 2BDE5E511C8B028B004BDB5F /* iSCSIKeychain.c */; settings = {ASSET_TAGS = (); }; };
		2BDE5E781C8B0292004BDB5F /* iSCSIKeychain.h in Headers */ = {isa = PBXBuildFile; fileRef = 2BDE5E521C8B028B004BDB5F /* iSCSIKeychain.h */; settings = {ASSET_TAGS = (); }; };
		2BDE5E791C8B0292004BDB5F /* iSCSIPropertyList.c in Sources */ = {isa = PBXBuildFile; fileRef = 2BDE5E531C8B028B004BDB5F /* iSCSIPropertyList.c */; settings = {ASSET_TAGS = (); }; };
		2BDE5E7A1C8B0292004BDB5F /* iSCSIPropertyList.h in Headers */ = {isa = PBXBuildFile; fileRef = 2BDE5E541C8B028B004BDB5F /* iSCSIPropertyList.h */; settings = {ASSET_TAGS = (); }; };
		2BDE5E7B1C8B0292004BDB5F /* iSCSIRFC3720Keys.h in Headers */ = {isa = PBXBuildFile; fileRef = 2BDE5E551C8B028B004BDB5F /* iSCSIRFC3720Keys.h */; settings = {ASSET_TAGS = (); }; };
		2BDE5E7C1C8B0292004BDB5F /* iSCSITypes.c in Sources */ = {isa = PBXBuildFile; fileRef = 2BDE5E561C8B028B004BDB5F /* iSCSITypes.c */; settings = {ASSET_TAGS = (); }; };
		2BDE5E7D1C8B0292004BDB5F /* iSCSITypes.h in Headers */ = {isa = PBXBuildFile; fileRef = 2BDE5E571C8B028B004BDB5F /* iSCSITypes.h */; settings = {ASSET_TAGS = (); }; };
		2BDE5E7E1C8B0292004BDB5F /* iSCSITypesShared.h in Headers */ = {isa = PBXBuildFile; fileRef = 2BDE5E581C8B028B004BDB5F /* iSCSITypesShared.h */; settings = {ASSET_TAGS = (); }; };
		2BDE5E7F1C8B0292004BDB5F /* iSCSIUtils.c in Sources */ = {isa = PBXBuildFile; fileRef = 2BDE5E591C8B028B004BDB5F /* iSCSIUtils.c */; settings = {ASSET_TAGS = (); }; };
		2BDE5E801C8B0292004BDB5F /* iSCSIUtils.h in Headers */ = {isa = PBXBuildFile; fileRef = 2BDE5E5A1C8B028B004BDB5F /* iSCSIUtils.h */; settings = {ASSET_TAGS = (); }; };
		2BDE5E881C8B3E7D004BDB5F /* iSCSIAuth.c in Sources */ = {isa = PBXBuildFile; fileRef = 2BDE5E2B1C8B0281004BDB5F /* iSCSIAuth.c */; settings = {ASSET_TAGS = (); }; };
		2BDE5E891C8B3E7D004BDB5F /* iSCSIDaemon.c in Sources */ = {isa = PBXBuildFile; fileRef = 2BDE5E2E1C8B0281004BDB5F /* iSCSIDaemon.c */; settings = {ASSET_TAGS = (); }; };
		2BDE5E8A1C8B3E7D004BDB5F /* iSCSIDiscovery.c in Sources */ = {isa = PBXBuildFile; fileRef = 2BDE5E2F1C8B0281004BDB5F /* iSCSIDiscovery.c */; settings = {ASSET_TAGS = (); }; };
		2BDE5E8B1C8B3E7D004BDB5F /* iSCSIKernelInterface.c in Sources */ = {isa = PBXBuildFile; fileRef = 2BDE5E311C8B0281004BDB5F /* iSCSIKernelInterface.c */; settings = {ASSET_TAGS = (); }; };
		2BDE5E8C1C8B3E7D004BDB5F /* iSCSIPDUUser.c in Sources */ = {isa = PBXBuildFile; fileRef = 2BDE5E331C8B0281004BDB5F /* iSCSIPDUUser.c */; settings = {ASSET_TAGS = (); }; };
		2BDE5E8D1C8B3E7D004BDB5F /* iSCSIQueryTarget.c in Sources */ = {isa = PBXBuildFile; fileRef = 2BDE5E351C8B0281004BDB5F /* iSCSIQueryTarget.c */; settings = {ASSET_TAGS = (); }; };
		2BDE5E8E1C8B3E7D004BDB5F /* iSCSISession.c in Sources */ = {isa = PBXBuildFile; fileRef = 2BDE5E371C8B0281004BDB5F /* iSCSISession.c */; settings = {ASSET_TAGS = (); }; };
		2BDE5E8F1C8B3E96004BDB5F /* iSCSICtl.m in Sources */ = {isa = PBXBuildFile; fileRef = 2BDE5E271C8B0274004BDB5F /* iSCSICtl.m */; settings = {ASSET_TAGS = (); }; };
		2BDE5E901C8B3ED0004BDB5F /* iSCSI.framework in Frameworks */ = {isa = PBXBuildFile; fileRef = 2B7A0B741C8AEC47008290E9 /* iSCSI.framework */; };
		2BDE5E911C8B3EE7004BDB5F /* iSCSI.framework in Frameworks */ = {isa = PBXBuildFile; fileRef = 2B7A0B741C8AEC47008290E9 /* iSCSI.framework */; };
		2BDE5E921C8BD1C5004BDB5F /* iscsictl.8 in CopyFiles */ = {isa = PBXBuildFile; fileRef = 2BDE5E261C8B0274004BDB5F /* iscsictl.8 */; };
		2BDE5E931C8BD1DC004BDB5F /* iscsid.8 in CopyFiles */ = {isa = PBXBuildFile; fileRef = 2BDE5E2D1C8B0281004BDB5F /* iscsid.8 */; };
/* End PBXBuildFile section */

/* Begin PBXCopyFilesBuildPhase section */
		2B16EEC7196085A40061E7FA /* CopyFiles */ = {
			isa = PBXCopyFilesBuildPhase;
			buildActionMask = 12;
			dstPath = "";
			dstSubfolderSpec = 16;
			files = (
				2BDE5E921C8BD1C5004BDB5F /* iscsictl.8 in CopyFiles */,
			);
			runOnlyForDeploymentPostprocessing = 0;
		};
		2BA96D9318D4F60200F135E3 /* CopyFiles */ = {
			isa = PBXCopyFilesBuildPhase;
			buildActionMask = 12;
			dstPath = "";
			dstSubfolderSpec = 16;
			files = (
				2BDE5E931C8BD1DC004BDB5F /* iscsid.8 in CopyFiles */,
			);
			runOnlyForDeploymentPostprocessing = 0;
		};
/* End PBXCopyFilesBuildPhase section */

/* Begin PBXFileReference section */
		2B1B972A1C4937B400DA5281 /* Scripts */ = {isa = PBXFileReference; lastKnownFileType = folder; path = Scripts; sourceTree = "<group>"; };
		2B20904F18C6E43C00C43190 /* libsystem_kernel.dylib */ = {isa = PBXFileReference; lastKnownFileType = "compiled.mach-o.dylib"; name = libsystem_kernel.dylib; path = usr/lib/system/libsystem_kernel.dylib; sourceTree = SDKROOT; };
		2B459D541B7B8192008F656F /* Security.framework */ = {isa = PBXFileReference; lastKnownFileType = wrapper.framework; name = Security.framework; path = System/Library/Frameworks/Security.framework; sourceTree = SDKROOT; };
		2B56ACEC1C4A48C800930E79 /* Distribution */ = {isa = PBXFileReference; lastKnownFileType = folder; path = Distribution; sourceTree = "<group>"; };
		2B5935651810D38E00FFC3D3 /* Kernel.framework */ = {isa = PBXFileReference; lastKnownFileType = wrapper.framework; name = Kernel.framework; path = System/Library/Frameworks/Kernel.framework; sourceTree = SDKROOT; };
		2B59357A1810D3C800FFC3D3 /* Cocoa.framework */ = {isa = PBXFileReference; lastKnownFileType = wrapper.framework; name = Cocoa.framework; path = System/Library/Frameworks/Cocoa.framework; sourceTree = SDKROOT; };
		2B59357C1810D3C800FFC3D3 /* PreferencePanes.framework */ = {isa = PBXFileReference; lastKnownFileType = wrapper.framework; name = PreferencePanes.framework; path = System/Library/Frameworks/PreferencePanes.framework; sourceTree = SDKROOT; };
		2B59357E1810D3C800FFC3D3 /* AppKit.framework */ = {isa = PBXFileReference; lastKnownFileType = wrapper.framework; name = AppKit.framework; path = System/Library/Frameworks/AppKit.framework; sourceTree = SDKROOT; };
		2B59357F1810D3C800FFC3D3 /* CoreData.framework */ = {isa = PBXFileReference; lastKnownFileType = wrapper.framework; name = CoreData.framework; path = System/Library/Frameworks/CoreData.framework; sourceTree = SDKROOT; };
		2B5935801810D3C800FFC3D3 /* Foundation.framework */ = {isa = PBXFileReference; lastKnownFileType = wrapper.framework; name = Foundation.framework; path = System/Library/Frameworks/Foundation.framework; sourceTree = SDKROOT; };
		2B5935C21810DF7100FFC3D3 /* IOKit.framework */ = {isa = PBXFileReference; lastKnownFileType = wrapper.framework; name = IOKit.framework; path = System/Library/Frameworks/IOKit.framework; sourceTree = SDKROOT; };
		2B7A0B741C8AEC47008290E9 /* iSCSI.framework */ = {isa = PBXFileReference; explicitFileType = wrapper.framework; includeInIndex = 0; path = iSCSI.framework; sourceTree = BUILT_PRODUCTS_DIR; };
		2B84883C1BEBCE0E0038DC53 /* README.md */ = {isa = PBXFileReference; fileEncoding = 4; lastKnownFileType = net.daringfireball.markdown; path = README.md; sourceTree = "<group>"; };
		2B9CAB9A185527EC00F3A9C6 /* CoreFoundation.framework */ = {isa = PBXFileReference; lastKnownFileType = wrapper.framework; name = CoreFoundation.framework; path = System/Library/Frameworks/CoreFoundation.framework; sourceTree = SDKROOT; };
		2B9E3C701C493B9C00440116 /* Info.plist */ = {isa = PBXFileReference; fileEncoding = 4; lastKnownFileType = text.plist.xml; name = Info.plist; path = Source/Kernel/Info.plist; sourceTree = "<group>"; };
		2B9E3C711C493B9C00440116 /* iSCSIInitiator.cpp */ = {isa = PBXFileReference; fileEncoding = 4; lastKnownFileType = sourcecode.cpp.cpp; name = iSCSIInitiator.cpp; path = Source/Kernel/iSCSIInitiator.cpp; sourceTree = "<group>"; };
		2B9E3C721C493B9C00440116 /* iSCSIInitiator.h */ = {isa = PBXFileReference; fileEncoding = 4; lastKnownFileType = sourcecode.c.h; name = iSCSIInitiator.h; path = Source/Kernel/iSCSIInitiator.h; sourceTree = "<group>"; };
		2B9E3C731C493B9C00440116 /* iSCSIInitiatorClient.cpp */ = {isa = PBXFileReference; fileEncoding = 4; lastKnownFileType = sourcecode.cpp.cpp; name = iSCSIInitiatorClient.cpp; path = Source/Kernel/iSCSIInitiatorClient.cpp; sourceTree = "<group>"; };
		2B9E3C741C493B9C00440116 /* iSCSIInitiatorClient.h */ = {isa = PBXFileReference; fileEncoding = 4; lastKnownFileType = sourcecode.c.h; name = iSCSIInitiatorClient.h; path = Source/Kernel/iSCSIInitiatorClient.h; sourceTree = "<group>"; };
		2B9E3C751C493B9C00440116 /* iSCSIIOEventSource.cpp */ = {isa = PBXFileReference; fileEncoding = 4; lastKnownFileType = sourcecode.cpp.cpp; name = iSCSIIOEventSource.cpp; path = Source/Kernel/iSCSIIOEventSource.cpp; sourceTree = "<group>"; };
		2B9E3C761C493B9C00440116 /* iSCSIIOEventSource.h */ = {isa = PBXFileReference; fileEncoding = 4; lastKnownFileType = sourcecode.c.h; name = iSCSIIOEventSource.h; path = Source/Kernel/iSCSIIOEventSource.h; sourceTree = "<group>"; };
		2B9E3C771C493B9C00440116 /* iSCSIKernelClasses.h */ = {isa = PBXFileReference; fileEncoding = 4; lastKnownFileType = sourcecode.c.h; name = iSCSIKernelClasses.h; path = Source/Kernel/iSCSIKernelClasses.h; sourceTree = "<group>"; };
		2B9E3C781C493B9C00440116 /* iSCSIKernelInterfaceShared.h */ = {isa = PBXFileReference; fileEncoding = 4; lastKnownFileType = sourcecode.c.h; name = iSCSIKernelInterfaceShared.h; path = Source/Kernel/iSCSIKernelInterfaceShared.h; sourceTree = "<group>"; };
		2B9E3C791C493B9C00440116 /* iSCSIPDUKernel.cpp */ = {isa = PBXFileReference; fileEncoding = 4; lastKnownFileType = sourcecode.cpp.cpp; name = iSCSIPDUKernel.cpp; path = Source/Kernel/iSCSIPDUKernel.cpp; sourceTree = "<group>"; };
		2B9E3C7A1C493B9C00440116 /* iSCSIPDUKernel.h */ = {isa = PBXFileReference; fileEncoding = 4; lastKnownFileType = sourcecode.c.h; name = iSCSIPDUKernel.h; path = Source/Kernel/iSCSIPDUKernel.h; sourceTree = "<group>"; };
		2B9E3C7B1C493B9C00440116 /* iSCSIPDUShared.h */ = {isa = PBXFileReference; fileEncoding = 4; lastKnownFileType = sourcecode.c.h; name = iSCSIPDUShared.h; path = Source/Kernel/iSCSIPDUShared.h; sourceTree = "<group>"; };
		2B9E3C7C1C493B9C00440116 /* iSCSIRFC3720Defaults.h */ = {isa = PBXFileReference; fileEncoding = 4; lastKnownFileType = sourcecode.c.h; name = iSCSIRFC3720Defaults.h; path = Source/Kernel/iSCSIRFC3720Defaults.h; sourceTree = "<group>"; };
		2B9E3C7D1C493B9C00440116 /* iSCSITaskQueue.cpp */ = {isa = PBXFileReference; fileEncoding = 4; lastKnownFileType = sourcecode.cpp.cpp; name = iSCSITaskQueue.cpp; path = Source/Kernel/iSCSITaskQueue.cpp; sourceTree = "<group>"; };
		2B9E3C7E1C493B9C00440116 /* iSCSITaskQueue.h */ = {isa = PBXFileReference; fileEncoding = 4; lastKnownFileType = sourcecode.c.h; name = iSCSITaskQueue.h; path = Source/Kernel/iSCSITaskQueue.h; sourceTree = "<group>"; };
		2B9E3C7F1C493B9C00440116 /* iSCSITypesKernel.h */ = {isa = PBXFileReference; fileEncoding = 4; lastKnownFileType = sourcecode.c.h; name = iSCSITypesKernel.h; path = Source/Kernel/iSCSITypesKernel.h; sourceTree = "<group>"; };
		2B9E3C801C493B9C00440116 /* iSCSIVirtualHBA.cpp */ = {isa = PBXFileReference; fileEncoding = 4; lastKnownFileType = sourcecode.cpp.cpp; name = iSCSIVirtualHBA.cpp; path = Source/Kernel/iSCSIVirtualHBA.cpp; sourceTree = "<group>"; };
		2B9E3C811C493B9C00440116 /* iSCSIVirtualHBA.h */ = {isa = PBXFileReference; fileEncoding = 4; lastKnownFileType = sourcecode.c.h; name = iSCSIVirtualHBA.h; path = Source/Kernel/iSCSIVirtualHBA.h; sourceTree = "<group>"; };
		2B9E3C821C493B9C00440116 /* Prefix.pch */ = {isa = PBXFileReference; fileEncoding = 4; lastKnownFileType = sourcecode.c.h; name = Prefix.pch; path = Source/Kernel/Prefix.pch; sourceTree = "<group>"; };
		2B9E3CBA1C49ECF900440116 /* crc32c.c */ = {isa = PBXFileReference; explicitFileType = sourcecode.cpp.cpp; fileEncoding = 4; name = crc32c.c; path = Source/Kernel/crc32c.c; sourceTree = "<group>"; };
		2B9E3CBB1C49ECF900440116 /* crc32c.h */ = {isa = PBXFileReference; explicitFileType = sourcecode.cpp.h; fileEncoding = 4; name = crc32c.h; path = Source/Kernel/crc32c.h; sourceTree = "<group>"; };
		2BC4CBB11AA55046003611F7 /* DiskArbitration.framework */ = {isa = PBXFileReference; lastKnownFileType = wrapper.framework; name = DiskArbitration.framework; path = System/Library/Frameworks/DiskArbitration.framework; sourceTree = SDKROOT; };
		2BDE5E261C8B0274004BDB5F /* iscsictl.8 */ = {isa = PBXFileReference; fileEncoding = 4; lastKnownFileType = text; name = iscsictl.8; path = Source/User/iscsictl/iscsictl.8; sourceTree = "<group>"; };
		2BDE5E271C8B0274004BDB5F /* iSCSICtl.m */ = {isa = PBXFileReference; fileEncoding = 4; lastKnownFileType = sourcecode.c.objc; name = iSCSICtl.m; path = Source/User/iscsictl/iSCSICtl.m; sourceTree = "<group>"; };
		2BDE5E2A1C8B0281004BDB5F /* com.github.iscsi-osx.iscsid.plist */ = {isa = PBXFileReference; fileEncoding = 4; lastKnownFileType = text.plist.xml; name = "com.github.iscsi-osx.iscsid.plist"; path = "Source/User/iscsid/com.github.iscsi-osx.iscsid.plist"; sourceTree = "<group>"; };
		2BDE5E2B1C8B0281004BDB5F /* iSCSIAuth.c */ = {isa = PBXFileReference; fileEncoding = 4; lastKnownFileType = sourcecode.c.c; name = iSCSIAuth.c; path = Source/User/iscsid/iSCSIAuth.c; sourceTree = "<group>"; };
		2BDE5E2C1C8B0281004BDB5F /* iSCSIAuth.h */ = {isa = PBXFileReference; fileEncoding = 4; lastKnownFileType = sourcecode.c.h; name = iSCSIAuth.h; path = Source/User/iscsid/iSCSIAuth.h; sourceTree = "<group>"; };
		2BDE5E2D1C8B0281004BDB5F /* iscsid.8 */ = {isa = PBXFileReference; fileEncoding = 4; lastKnownFileType = text; name = iscsid.8; path = Source/User/iscsid/iscsid.8; sourceTree = "<group>"; };
		2BDE5E2E1C8B0281004BDB5F /* iSCSIDaemon.c */ = {isa = PBXFileReference; fileEncoding = 4; lastKnownFileType = sourcecode.c.c; name = iSCSIDaemon.c; path = Source/User/iscsid/iSCSIDaemon.c; sourceTree = "<group>"; };
		2BDE5E2F1C8B0281004BDB5F /* iSCSIDiscovery.c */ = {isa = PBXFileReference; fileEncoding = 4; lastKnownFileType = sourcecode.c.c; name = iSCSIDiscovery.c; path = Source/User/iscsid/iSCSIDiscovery.c; sourceTree = "<group>"; };
		2BDE5E301C8B0281004BDB5F /* iSCSIDiscovery.h */ = {isa = PBXFileReference; fileEncoding = 4; lastKnownFileType = sourcecode.c.h; name = iSCSIDiscovery.h; path = Source/User/iscsid/iSCSIDiscovery.h; sourceTree = "<group>"; };
		2BDE5E311C8B0281004BDB5F /* iSCSIKernelInterface.c */ = {isa = PBXFileReference; fileEncoding = 4; lastKnownFileType = sourcecode.c.c; name = iSCSIKernelInterface.c; path = Source/User/iscsid/iSCSIKernelInterface.c; sourceTree = "<group>"; };
		2BDE5E321C8B0281004BDB5F /* iSCSIKernelInterface.h */ = {isa = PBXFileReference; fileEncoding = 4; lastKnownFileType = sourcecode.c.h; name = iSCSIKernelInterface.h; path = Source/User/iscsid/iSCSIKernelInterface.h; sourceTree = "<group>"; };
		2BDE5E331C8B0281004BDB5F /* iSCSIPDUUser.c */ = {isa = PBXFileReference; fileEncoding = 4; lastKnownFileType = sourcecode.c.c; name = iSCSIPDUUser.c; path = Source/User/iscsid/iSCSIPDUUser.c; sourceTree = "<group>"; };
		2BDE5E341C8B0281004BDB5F /* iSCSIPDUUser.h */ = {isa = PBXFileReference; fileEncoding = 4; lastKnownFileType = sourcecode.c.h; name = iSCSIPDUUser.h; path = Source/User/iscsid/iSCSIPDUUser.h; sourceTree = "<group>"; };
		2BDE5E351C8B0281004BDB5F /* iSCSIQueryTarget.c */ = {isa = PBXFileReference; fileEncoding = 4; lastKnownFileType = sourcecode.c.c; name = iSCSIQueryTarget.c; path = Source/User/iscsid/iSCSIQueryTarget.c; sourceTree = "<group>"; };
		2BDE5E361C8B0281004BDB5F /* iSCSIQueryTarget.h */ = {isa = PBXFileReference; fileEncoding = 4; lastKnownFileType = sourcecode.c.h; name = iSCSIQueryTarget.h; path = Source/User/iscsid/iSCSIQueryTarget.h; sourceTree = "<group>"; };
		2BDE5E371C8B0281004BDB5F /* iSCSISession.c */ = {isa = PBXFileReference; fileEncoding = 4; lastKnownFileType = sourcecode.c.c; name = iSCSISession.c; path = Source/User/iscsid/iSCSISession.c; sourceTree = "<group>"; };
		2BDE5E381C8B0281004BDB5F /* iSCSISession.h */ = {isa = PBXFileReference; fileEncoding = 4; lastKnownFileType = sourcecode.c.h; name = iSCSISession.h; path = Source/User/iscsid/iSCSISession.h; sourceTree = "<group>"; };
		2BDE5E481C8B028B004BDB5F /* Info.plist */ = {isa = PBXFileReference; fileEncoding = 4; lastKnownFileType = text.plist.xml; name = Info.plist; path = "Source/User/iSCSI Framework/Info.plist"; sourceTree = "<group>"; };
		2BDE5E491C8B028B004BDB5F /* iSCSI.h */ = {isa = PBXFileReference; fileEncoding = 4; lastKnownFileType = sourcecode.c.h; name = iSCSI.h; path = "Source/User/iSCSI Framework/iSCSI.h"; sourceTree = "<group>"; };
		2BDE5E4A1C8B028B004BDB5F /* iSCSIDA.c */ = {isa = PBXFileReference; fileEncoding = 4; lastKnownFileType = sourcecode.c.c; name = iSCSIDA.c; path = "Source/User/iSCSI Framework/iSCSIDA.c"; sourceTree = "<group>"; };
		2BDE5E4B1C8B028B004BDB5F /* iSCSIDA.h */ = {isa = PBXFileReference; fileEncoding = 4; lastKnownFileType = sourcecode.c.h; name = iSCSIDA.h; path = "Source/User/iSCSI Framework/iSCSIDA.h"; sourceTree = "<group>"; };
		2BDE5E4C1C8B028B004BDB5F /* iSCSIDaemonInterface.c */ = {isa = PBXFileReference; fileEncoding = 4; lastKnownFileType = sourcecode.c.c; name = iSCSIDaemonInterface.c; path = "Source/User/iSCSI Framework/iSCSIDaemonInterface.c"; sourceTree = "<group>"; };
		2BDE5E4D1C8B028B004BDB5F /* iSCSIDaemonInterface.h */ = {isa = PBXFileReference; fileEncoding = 4; lastKnownFileType = sourcecode.c.h; name = iSCSIDaemonInterface.h; path = "Source/User/iSCSI Framework/iSCSIDaemonInterface.h"; sourceTree = "<group>"; };
		2BDE5E4E1C8B028B004BDB5F /* iSCSIDaemonInterfaceShared.h */ = {isa = PBXFileReference; fileEncoding = 4; lastKnownFileType = sourcecode.c.h; name = iSCSIDaemonInterfaceShared.h; path = "Source/User/iSCSI Framework/iSCSIDaemonInterfaceShared.h"; sourceTree = "<group>"; };
		2BDE5E4F1C8B028B004BDB5F /* iSCSIIORegistry.c */ = {isa = PBXFileReference; fileEncoding = 4; lastKnownFileType = sourcecode.c.c; name = iSCSIIORegistry.c; path = "Source/User/iSCSI Framework/iSCSIIORegistry.c"; sourceTree = "<group>"; };
		2BDE5E501C8B028B004BDB5F /* iSCSIIORegistry.h */ = {isa = PBXFileReference; fileEncoding = 4; lastKnownFileType = sourcecode.c.h; name = iSCSIIORegistry.h; path = "Source/User/iSCSI Framework/iSCSIIORegistry.h"; sourceTree = "<group>"; };
		2BDE5E511C8B028B004BDB5F /* iSCSIKeychain.c */ = {isa = PBXFileReference; fileEncoding = 4; lastKnownFileType = sourcecode.c.c; name = iSCSIKeychain.c; path = "Source/User/iSCSI Framework/iSCSIKeychain.c"; sourceTree = "<group>"; };
		2BDE5E521C8B028B004BDB5F /* iSCSIKeychain.h */ = {isa = PBXFileReference; fileEncoding = 4; lastKnownFileType = sourcecode.c.h; name = iSCSIKeychain.h; path = "Source/User/iSCSI Framework/iSCSIKeychain.h"; sourceTree = "<group>"; };
		2BDE5E531C8B028B004BDB5F /* iSCSIPropertyList.c */ = {isa = PBXFileReference; fileEncoding = 4; lastKnownFileType = sourcecode.c.c; name = iSCSIPropertyList.c; path = "Source/User/iSCSI Framework/iSCSIPropertyList.c"; sourceTree = "<group>"; };
		2BDE5E541C8B028B004BDB5F /* iSCSIPropertyList.h */ = {isa = PBXFileReference; fileEncoding = 4; lastKnownFileType = sourcecode.c.h; name = iSCSIPropertyList.h; path = "Source/User/iSCSI Framework/iSCSIPropertyList.h"; sourceTree = "<group>"; };
		2BDE5E551C8B028B004BDB5F /* iSCSIRFC3720Keys.h */ = {isa = PBXFileReference; fileEncoding = 4; lastKnownFileType = sourcecode.c.h; name = iSCSIRFC3720Keys.h; path = "Source/User/iSCSI Framework/iSCSIRFC3720Keys.h"; sourceTree = "<group>"; };
		2BDE5E561C8B028B004BDB5F /* iSCSITypes.c */ = {isa = PBXFileReference; fileEncoding = 4; lastKnownFileType = sourcecode.c.c; name = iSCSITypes.c; path = "Source/User/iSCSI Framework/iSCSITypes.c"; sourceTree = "<group>"; };
		2BDE5E571C8B028B004BDB5F /* iSCSITypes.h */ = {isa = PBXFileReference; fileEncoding = 4; lastKnownFileType = sourcecode.c.h; name = iSCSITypes.h; path = "Source/User/iSCSI Framework/iSCSITypes.h"; sourceTree = "<group>"; };
		2BDE5E581C8B028B004BDB5F /* iSCSITypesShared.h */ = {isa = PBXFileReference; fileEncoding = 4; lastKnownFileType = sourcecode.c.h; name = iSCSITypesShared.h; path = "Source/User/iSCSI Framework/iSCSITypesShared.h"; sourceTree = "<group>"; };
		2BDE5E591C8B028B004BDB5F /* iSCSIUtils.c */ = {isa = PBXFileReference; fileEncoding = 4; lastKnownFileType = sourcecode.c.c; name = iSCSIUtils.c; path = "Source/User/iSCSI Framework/iSCSIUtils.c"; sourceTree = "<group>"; };
		2BDE5E5A1C8B028B004BDB5F /* iSCSIUtils.h */ = {isa = PBXFileReference; fileEncoding = 4; lastKnownFileType = sourcecode.c.h; name = iSCSIUtils.h; path = "Source/User/iSCSI Framework/iSCSIUtils.h"; sourceTree = "<group>"; };
		2BDEA9401A715C7B00D5B48B /* iSCSIInitiator.kext */ = {isa = PBXFileReference; explicitFileType = wrapper.cfbundle; includeInIndex = 0; path = iSCSIInitiator.kext; sourceTree = BUILT_PRODUCTS_DIR; };
		2BDEA9411A715C7B00D5B48B /* iscsid */ = {isa = PBXFileReference; explicitFileType = "compiled.mach-o.executable"; includeInIndex = 0; path = iscsid; sourceTree = BUILT_PRODUCTS_DIR; };
		2BDEA9421A715C7B00D5B48B /* iscsictl */ = {isa = PBXFileReference; explicitFileType = "compiled.mach-o.executable"; includeInIndex = 0; path = iscsictl; sourceTree = BUILT_PRODUCTS_DIR; };
/* End PBXFileReference section */

/* Begin PBXFrameworksBuildPhase section */
		2B16EEC6196085A40061E7FA /* Frameworks */ = {
			isa = PBXFrameworksBuildPhase;
			buildActionMask = 2147483647;
			files = (
				2BDE5E911C8B3EE7004BDB5F /* iSCSI.framework in Frameworks */,
				2B5C213E1C70872E00ED8791 /* CoreFoundation.framework in Frameworks */,
				2B5C213D1C70872400ED8791 /* Security.framework in Frameworks */,
				2B5C213C1C70871A00ED8791 /* DiskArbitration.framework in Frameworks */,
				2B5C213B1C70871600ED8791 /* IOKit.framework in Frameworks */,
			);
			runOnlyForDeploymentPostprocessing = 0;
		};
		2B7A0B701C8AEC47008290E9 /* Frameworks */ = {
			isa = PBXFrameworksBuildPhase;
			buildActionMask = 2147483647;
			files = (
			);
			runOnlyForDeploymentPostprocessing = 0;
		};
		2B9519821810F852006CE7E5 /* Frameworks */ = {
			isa = PBXFrameworksBuildPhase;
			buildActionMask = 2147483647;
			files = (
			);
			runOnlyForDeploymentPostprocessing = 0;
		};
		2BA96D9018D4F60200F135E3 /* Frameworks */ = {
			isa = PBXFrameworksBuildPhase;
			buildActionMask = 2147483647;
			files = (
				2BDE5E901C8B3ED0004BDB5F /* iSCSI.framework in Frameworks */,
				2B459D551B7B8192008F656F /* Security.framework in Frameworks */,
				2BC4CBB21AA55046003611F7 /* DiskArbitration.framework in Frameworks */,
				2B4A60381A3E6F830006AFCC /* CoreFoundation.framework in Frameworks */,
				2B4A60371A3E6F690006AFCC /* IOKit.framework in Frameworks */,
			);
			runOnlyForDeploymentPostprocessing = 0;
		};
/* End PBXFrameworksBuildPhase section */

/* Begin PBXGroup section */
		2B5935541810CE6800FFC3D3 = {
			isa = PBXGroup;
			children = (
				2BDE5E1A1C8B020A004BDB5F /* User */,
				2B9E3BD41C493AA400440116 /* Kernel */,
				2B1B972A1C4937B400DA5281 /* Scripts */,
				2B56ACEC1C4A48C800930E79 /* Distribution */,
				2B84883C1BEBCE0E0038DC53 /* README.md */,
				2B5935631810D38E00FFC3D3 /* Frameworks */,
				2BDEA9401A715C7B00D5B48B /* iSCSIInitiator.kext */,
				2BDEA9411A715C7B00D5B48B /* iscsid */,
				2BDEA9421A715C7B00D5B48B /* iscsictl */,
				2B7A0B741C8AEC47008290E9 /* iSCSI.framework */,
			);
			sourceTree = "<group>";
		};
		2B5935631810D38E00FFC3D3 /* Frameworks */ = {
			isa = PBXGroup;
			children = (
				2B459D541B7B8192008F656F /* Security.framework */,
				2BC4CBB11AA55046003611F7 /* DiskArbitration.framework */,
				2B20904F18C6E43C00C43190 /* libsystem_kernel.dylib */,
				2B9CAB9A185527EC00F3A9C6 /* CoreFoundation.framework */,
				2B5935C21810DF7100FFC3D3 /* IOKit.framework */,
				2B59357A1810D3C800FFC3D3 /* Cocoa.framework */,
				2B59357C1810D3C800FFC3D3 /* PreferencePanes.framework */,
				2B5935641810D38E00FFC3D3 /* Other Frameworks */,
			);
			name = Frameworks;
			sourceTree = "<group>";
		};
		2B5935641810D38E00FFC3D3 /* Other Frameworks */ = {
			isa = PBXGroup;
			children = (
				2B5935651810D38E00FFC3D3 /* Kernel.framework */,
				2B59357E1810D3C800FFC3D3 /* AppKit.framework */,
				2B59357F1810D3C800FFC3D3 /* CoreData.framework */,
				2B5935801810D3C800FFC3D3 /* Foundation.framework */,
			);
			name = "Other Frameworks";
			sourceTree = "<group>";
		};
		2B9E3BD41C493AA400440116 /* Kernel */ = {
			isa = PBXGroup;
			children = (
				2B9E3CB91C49739600440116 /* Supporting Files */,
				2B9E3CBA1C49ECF900440116 /* crc32c.c */,
				2B9E3CBB1C49ECF900440116 /* crc32c.h */,
				2B9E3C711C493B9C00440116 /* iSCSIInitiator.cpp */,
				2B9E3C721C493B9C00440116 /* iSCSIInitiator.h */,
				2B9E3C731C493B9C00440116 /* iSCSIInitiatorClient.cpp */,
				2B9E3C741C493B9C00440116 /* iSCSIInitiatorClient.h */,
				2B9E3C751C493B9C00440116 /* iSCSIIOEventSource.cpp */,
				2B9E3C761C493B9C00440116 /* iSCSIIOEventSource.h */,
				2B9E3C771C493B9C00440116 /* iSCSIKernelClasses.h */,
				2B9E3C781C493B9C00440116 /* iSCSIKernelInterfaceShared.h */,
				2B9E3C791C493B9C00440116 /* iSCSIPDUKernel.cpp */,
				2B9E3C7A1C493B9C00440116 /* iSCSIPDUKernel.h */,
				2B9E3C7B1C493B9C00440116 /* iSCSIPDUShared.h */,
				2B9E3C7C1C493B9C00440116 /* iSCSIRFC3720Defaults.h */,
				2B9E3C7D1C493B9C00440116 /* iSCSITaskQueue.cpp */,
				2B9E3C7E1C493B9C00440116 /* iSCSITaskQueue.h */,
				2B9E3C7F1C493B9C00440116 /* iSCSITypesKernel.h */,
				2B9E3C801C493B9C00440116 /* iSCSIVirtualHBA.cpp */,
				2B9E3C811C493B9C00440116 /* iSCSIVirtualHBA.h */,
			);
			name = Kernel;
			sourceTree = "<group>";
		};
		2B9E3CB91C49739600440116 /* Supporting Files */ = {
			isa = PBXGroup;
			children = (
				2B9E3C701C493B9C00440116 /* Info.plist */,
				2B9E3C821C493B9C00440116 /* Prefix.pch */,
			);
			name = "Supporting Files";
			sourceTree = "<group>";
		};
		2BDE5E1A1C8B020A004BDB5F /* User */ = {
			isa = PBXGroup;
			children = (
				2BDE5E231C8B0255004BDB5F /* iscsictl */,
				2BDE5E221C8B024A004BDB5F /* iscsid */,
				2BDE5E211C8B0241004BDB5F /* iSCSI.Framwork */,
			);
			name = User;
			sourceTree = "<group>";
		};
		2BDE5E211C8B0241004BDB5F /* iSCSI.Framwork */ = {
			isa = PBXGroup;
			children = (
				2BDE5E481C8B028B004BDB5F /* Info.plist */,
				2BDE5E491C8B028B004BDB5F /* iSCSI.h */,
				2BDE5E4A1C8B028B004BDB5F /* iSCSIDA.c */,
				2BDE5E4B1C8B028B004BDB5F /* iSCSIDA.h */,
				2BDE5E4C1C8B028B004BDB5F /* iSCSIDaemonInterface.c */,
				2BDE5E4D1C8B028B004BDB5F /* iSCSIDaemonInterface.h */,
				2BDE5E4E1C8B028B004BDB5F /* iSCSIDaemonInterfaceShared.h */,
				2BDE5E4F1C8B028B004BDB5F /* iSCSIIORegistry.c */,
				2BDE5E501C8B028B004BDB5F /* iSCSIIORegistry.h */,
				2BDE5E511C8B028B004BDB5F /* iSCSIKeychain.c */,
				2BDE5E521C8B028B004BDB5F /* iSCSIKeychain.h */,
				2BDE5E531C8B028B004BDB5F /* iSCSIPropertyList.c */,
				2BDE5E541C8B028B004BDB5F /* iSCSIPropertyList.h */,
				2BDE5E551C8B028B004BDB5F /* iSCSIRFC3720Keys.h */,
				2BDE5E561C8B028B004BDB5F /* iSCSITypes.c */,
				2BDE5E571C8B028B004BDB5F /* iSCSITypes.h */,
				2BDE5E581C8B028B004BDB5F /* iSCSITypesShared.h */,
				2BDE5E591C8B028B004BDB5F /* iSCSIUtils.c */,
				2BDE5E5A1C8B028B004BDB5F /* iSCSIUtils.h */,
			);
			name = iSCSI.Framwork;
			sourceTree = "<group>";
		};
		2BDE5E221C8B024A004BDB5F /* iscsid */ = {
			isa = PBXGroup;
			children = (
				2BDE5E2A1C8B0281004BDB5F /* com.github.iscsi-osx.iscsid.plist */,
				2BDE5E2B1C8B0281004BDB5F /* iSCSIAuth.c */,
				2BDE5E2C1C8B0281004BDB5F /* iSCSIAuth.h */,
				2BDE5E2D1C8B0281004BDB5F /* iscsid.8 */,
				2BDE5E2E1C8B0281004BDB5F /* iSCSIDaemon.c */,
				2BDE5E2F1C8B0281004BDB5F /* iSCSIDiscovery.c */,
				2BDE5E301C8B0281004BDB5F /* iSCSIDiscovery.h */,
				2BDE5E311C8B0281004BDB5F /* iSCSIKernelInterface.c */,
				2BDE5E321C8B0281004BDB5F /* iSCSIKernelInterface.h */,
				2BDE5E331C8B0281004BDB5F /* iSCSIPDUUser.c */,
				2BDE5E341C8B0281004BDB5F /* iSCSIPDUUser.h */,
				2BDE5E351C8B0281004BDB5F /* iSCSIQueryTarget.c */,
				2BDE5E361C8B0281004BDB5F /* iSCSIQueryTarget.h */,
				2BDE5E371C8B0281004BDB5F /* iSCSISession.c */,
				2BDE5E381C8B0281004BDB5F /* iSCSISession.h */,
			);
			name = iscsid;
			sourceTree = "<group>";
		};
		2BDE5E231C8B0255004BDB5F /* iscsictl */ = {
			isa = PBXGroup;
			children = (
				2BDE5E261C8B0274004BDB5F /* iscsictl.8 */,
				2BDE5E271C8B0274004BDB5F /* iSCSICtl.m */,
			);
			name = iscsictl;
			sourceTree = "<group>";
		};
/* End PBXGroup section */

/* Begin PBXHeadersBuildPhase section */
		2B7A0B711C8AEC47008290E9 /* Headers */ = {
			isa = PBXHeadersBuildPhase;
			buildActionMask = 2147483647;
			files = (
				2BDE5E801C8B0292004BDB5F /* iSCSIUtils.h in Headers */,
				2BDE5E7D1C8B0292004BDB5F /* iSCSITypes.h in Headers */,
				2BDE5E761C8B0292004BDB5F /* iSCSIIORegistry.h in Headers */,
				2BDE5E731C8B0292004BDB5F /* iSCSIDaemonInterface.h in Headers */,
				2BDE5E741C8B0292004BDB5F /* iSCSIDaemonInterfaceShared.h in Headers */,
				2BDE5E7A1C8B0292004BDB5F /* iSCSIPropertyList.h in Headers */,
				2BDE5E6F1C8B0292004BDB5F /* iSCSI.h in Headers */,
				2BDE5E781C8B0292004BDB5F /* iSCSIKeychain.h in Headers */,
				2BDE5E7E1C8B0292004BDB5F /* iSCSITypesShared.h in Headers */,
				2BDE5E7B1C8B0292004BDB5F /* iSCSIRFC3720Keys.h in Headers */,
				2BDE5E711C8B0292004BDB5F /* iSCSIDA.h in Headers */,
			);
			runOnlyForDeploymentPostprocessing = 0;
		};
		2B9519831810F852006CE7E5 /* Headers */ = {
			isa = PBXHeadersBuildPhase;
			buildActionMask = 2147483647;
			files = (
			);
			runOnlyForDeploymentPostprocessing = 0;
		};
/* End PBXHeadersBuildPhase section */

/* Begin PBXNativeTarget section */
		2B16EEC8196085A40061E7FA /* iscsictl */ = {
			isa = PBXNativeTarget;
			buildConfigurationList = 2B16EED2196085A40061E7FA /* Build configuration list for PBXNativeTarget "iscsictl" */;
			buildPhases = (
				2B16EEC5196085A40061E7FA /* Sources */,
				2B16EEC6196085A40061E7FA /* Frameworks */,
				2B16EEC7196085A40061E7FA /* CopyFiles */,
			);
			buildRules = (
			);
			dependencies = (
			);
			name = iscsictl;
			productName = iscsiadm;
			productReference = 2BDEA9421A715C7B00D5B48B /* iscsictl */;
			productType = "com.apple.product-type.tool";
		};
		2B7A0B731C8AEC47008290E9 /* iSCSI */ = {
			isa = PBXNativeTarget;
			buildConfigurationList = 2B7A0B891C8AEC47008290E9 /* Build configuration list for PBXNativeTarget "iSCSI" */;
			buildPhases = (
				2B7A0B6F1C8AEC47008290E9 /* Sources */,
				2B7A0B701C8AEC47008290E9 /* Frameworks */,
				2B7A0B711C8AEC47008290E9 /* Headers */,
				2B7A0B721C8AEC47008290E9 /* Resources */,
			);
			buildRules = (
			);
			dependencies = (
			);
			name = iSCSI;
			productName = iSCSI;
			productReference = 2B7A0B741C8AEC47008290E9 /* iSCSI.framework */;
			productType = "com.apple.product-type.framework";
		};
		2B9519861810F852006CE7E5 /* iSCSIInitiator */ = {
			isa = PBXNativeTarget;
			buildConfigurationList = 2B9519921810F852006CE7E5 /* Build configuration list for PBXNativeTarget "iSCSIInitiator" */;
			buildPhases = (
				2B9519811810F852006CE7E5 /* Sources */,
				2B9519821810F852006CE7E5 /* Frameworks */,
				2B9519831810F852006CE7E5 /* Headers */,
				2B9519841810F852006CE7E5 /* Resources */,
				2B9519851810F852006CE7E5 /* Rez */,
			);
			buildRules = (
			);
			dependencies = (
			);
			name = iSCSIInitiator;
			productName = iSCSIInitiator;
			productReference = 2BDEA9401A715C7B00D5B48B /* iSCSIInitiator.kext */;
			productType = "com.apple.product-type.kernel-extension";
		};
		2BA96D8818D4F60200F135E3 /* iscsid */ = {
			isa = PBXNativeTarget;
			buildConfigurationList = 2BA96D9518D4F60200F135E3 /* Build configuration list for PBXNativeTarget "iscsid" */;
			buildPhases = (
				2BA96D8918D4F60200F135E3 /* Sources */,
				2BA96D9018D4F60200F135E3 /* Frameworks */,
				2BA96D9318D4F60200F135E3 /* CopyFiles */,
			);
			buildRules = (
			);
			dependencies = (
			);
			name = iscsid;
			productName = iSCSITest;
			productReference = 2BDEA9411A715C7B00D5B48B /* iscsid */;
			productType = "com.apple.product-type.tool";
		};
/* End PBXNativeTarget section */

/* Begin PBXProject section */
		2B5935551810CE6800FFC3D3 /* Project object */ = {
			isa = PBXProject;
			attributes = {
				LastUpgradeCheck = 0700;
				TargetAttributes = {
					2B7A0B731C8AEC47008290E9 = {
						CreatedOnToolsVersion = 7.0.1;
					};
				};
			};
			buildConfigurationList = 2B5935581810CE6800FFC3D3 /* Build configuration list for PBXProject "iSCSIInitiator" */;
			compatibilityVersion = "Xcode 3.2";
			developmentRegion = English;
			hasScannedForEncodings = 0;
			knownRegions = (
				en,
				Base,
			);
			mainGroup = 2B5935541810CE6800FFC3D3;
			productRefGroup = 2B5935541810CE6800FFC3D3;
			projectDirPath = "";
			projectRoot = "";
			targets = (
				2B9519861810F852006CE7E5 /* iSCSIInitiator */,
				2BA96D8818D4F60200F135E3 /* iscsid */,
				2B16EEC8196085A40061E7FA /* iscsictl */,
				2B7A0B731C8AEC47008290E9 /* iSCSI */,
			);
		};
/* End PBXProject section */

/* Begin PBXResourcesBuildPhase section */
		2B7A0B721C8AEC47008290E9 /* Resources */ = {
			isa = PBXResourcesBuildPhase;
			buildActionMask = 2147483647;
			files = (
				2BDE5E6E1C8B0292004BDB5F /* Info.plist in Resources */,
			);
			runOnlyForDeploymentPostprocessing = 0;
		};
		2B9519841810F852006CE7E5 /* Resources */ = {
			isa = PBXResourcesBuildPhase;
			buildActionMask = 2147483647;
			files = (
				2BDE5E281C8B0274004BDB5F /* iscsictl.8 in Resources */,
				2B56ACED1C4A48C800930E79 /* Distribution in Resources */,
			);
			runOnlyForDeploymentPostprocessing = 0;
		};
/* End PBXResourcesBuildPhase section */

/* Begin PBXRezBuildPhase section */
		2B9519851810F852006CE7E5 /* Rez */ = {
			isa = PBXRezBuildPhase;
			buildActionMask = 2147483647;
			files = (
			);
			runOnlyForDeploymentPostprocessing = 0;
		};
/* End PBXRezBuildPhase section */

/* Begin PBXSourcesBuildPhase section */
		2B16EEC5196085A40061E7FA /* Sources */ = {
			isa = PBXSourcesBuildPhase;
			buildActionMask = 2147483647;
			files = (
				2BDE5E8F1C8B3E96004BDB5F /* iSCSICtl.m in Sources */,
			);
			runOnlyForDeploymentPostprocessing = 0;
		};
		2B7A0B6F1C8AEC47008290E9 /* Sources */ = {
			isa = PBXSourcesBuildPhase;
			buildActionMask = 2147483647;
			files = (
				2BDE5E701C8B0292004BDB5F /* iSCSIDA.c in Sources */,
				2BDE5E721C8B0292004BDB5F /* iSCSIDaemonInterface.c in Sources */,
				2BDE5E791C8B0292004BDB5F /* iSCSIPropertyList.c in Sources */,
				2BDE5E751C8B0292004BDB5F /* iSCSIIORegistry.c in Sources */,
				2BDE5E771C8B0292004BDB5F /* iSCSIKeychain.c in Sources */,
				2BDE5E7F1C8B0292004BDB5F /* iSCSIUtils.c in Sources */,
				2BDE5E7C1C8B0292004BDB5F /* iSCSITypes.c in Sources */,
			);
			runOnlyForDeploymentPostprocessing = 0;
		};
		2B9519811810F852006CE7E5 /* Sources */ = {
			isa = PBXSourcesBuildPhase;
			buildActionMask = 2147483647;
			files = (
				2B9E3C941C493BAA00440116 /* iSCSIInitiator.cpp in Sources */,
				2B9E3C961C493BAA00440116 /* iSCSIInitiatorClient.cpp in Sources */,
				2B9E3C981C493BAA00440116 /* iSCSIIOEventSource.cpp in Sources */,
				2B9E3CBE1C49ED0000440116 /* crc32c.c in Sources */,
				2B9E3C9C1C493BAA00440116 /* iSCSIPDUKernel.cpp in Sources */,
				2B9E3CA01C493BAA00440116 /* iSCSITaskQueue.cpp in Sources */,
				2B9E3CA31C493BAA00440116 /* iSCSIVirtualHBA.cpp in Sources */,
			);
			runOnlyForDeploymentPostprocessing = 0;
		};
		2BA96D8918D4F60200F135E3 /* Sources */ = {
			isa = PBXSourcesBuildPhase;
			buildActionMask = 2147483647;
			files = (
				2BDE5E8E1C8B3E7D004BDB5F /* iSCSISession.c in Sources */,
				2BDE5E8B1C8B3E7D004BDB5F /* iSCSIKernelInterface.c in Sources */,
				2BDE5E881C8B3E7D004BDB5F /* iSCSIAuth.c in Sources */,
				2BDE5E891C8B3E7D004BDB5F /* iSCSIDaemon.c in Sources */,
				2BDE5E8A1C8B3E7D004BDB5F /* iSCSIDiscovery.c in Sources */,
				2BDE5E8C1C8B3E7D004BDB5F /* iSCSIPDUUser.c in Sources */,
				2BDE5E8D1C8B3E7D004BDB5F /* iSCSIQueryTarget.c in Sources */,
			);
			runOnlyForDeploymentPostprocessing = 0;
		};
/* End PBXSourcesBuildPhase section */

/* Begin XCBuildConfiguration section */
		2B16EED0196085A40061E7FA /* Debug */ = {
			isa = XCBuildConfiguration;
			buildSettings = {
				ALWAYS_SEARCH_USER_PATHS = NO;
				CLANG_CXX_LANGUAGE_STANDARD = "gnu++0x";
				CLANG_CXX_LIBRARY = "libc++";
				CLANG_ENABLE_MODULES = YES;
				CLANG_ENABLE_OBJC_ARC = YES;
				CLANG_WARN_BOOL_CONVERSION = YES;
				CLANG_WARN_CONSTANT_CONVERSION = YES;
				CLANG_WARN_DIRECT_OBJC_ISA_USAGE = YES_ERROR;
				CLANG_WARN_EMPTY_BODY = YES;
				CLANG_WARN_ENUM_CONVERSION = YES;
				CLANG_WARN_INT_CONVERSION = YES;
				CLANG_WARN_OBJC_ROOT_CLASS = YES_ERROR;
				CLANG_WARN__DUPLICATE_METHOD_MATCH = YES;
				CODE_SIGN_IDENTITY = "";
				COPY_PHASE_STRIP = NO;
				GCC_C_LANGUAGE_STANDARD = "compiler-default";
				GCC_DYNAMIC_NO_PIC = NO;
				GCC_ENABLE_OBJC_EXCEPTIONS = YES;
				GCC_OPTIMIZATION_LEVEL = 0;
				GCC_PREPROCESSOR_DEFINITIONS = (
					"DEBUG=1",
					"$(inherited)",
				);
				GCC_SYMBOLS_PRIVATE_EXTERN = NO;
				GCC_WARN_64_TO_32_BIT_CONVERSION = YES;
				GCC_WARN_ABOUT_RETURN_TYPE = YES_ERROR;
				GCC_WARN_UNDECLARED_SELECTOR = YES;
				GCC_WARN_UNINITIALIZED_AUTOS = YES_AGGRESSIVE;
				GCC_WARN_UNUSED_FUNCTION = YES;
				GCC_WARN_UNUSED_VARIABLE = YES;
				MACOSX_DEPLOYMENT_TARGET = 10.7;
				ONLY_ACTIVE_ARCH = YES;
				PRODUCT_NAME = "$(TARGET_NAME)";
				SDKROOT = macosx;
			};
			name = Debug;
		};
		2B16EED1196085A40061E7FA /* Release */ = {
			isa = XCBuildConfiguration;
			buildSettings = {
				ALWAYS_SEARCH_USER_PATHS = NO;
				CLANG_CXX_LANGUAGE_STANDARD = "gnu++0x";
				CLANG_CXX_LIBRARY = "libc++";
				CLANG_ENABLE_MODULES = YES;
				CLANG_ENABLE_OBJC_ARC = YES;
				CLANG_WARN_BOOL_CONVERSION = YES;
				CLANG_WARN_CONSTANT_CONVERSION = YES;
				CLANG_WARN_DIRECT_OBJC_ISA_USAGE = YES_ERROR;
				CLANG_WARN_EMPTY_BODY = YES;
				CLANG_WARN_ENUM_CONVERSION = YES;
				CLANG_WARN_INT_CONVERSION = YES;
				CLANG_WARN_OBJC_ROOT_CLASS = YES_ERROR;
				CLANG_WARN__DUPLICATE_METHOD_MATCH = YES;
				CODE_SIGN_IDENTITY = "";
				COPY_PHASE_STRIP = YES;
				DEBUG_INFORMATION_FORMAT = "dwarf-with-dsym";
				ENABLE_NS_ASSERTIONS = NO;
				GCC_C_LANGUAGE_STANDARD = "compiler-default";
				GCC_ENABLE_OBJC_EXCEPTIONS = YES;
				GCC_OPTIMIZATION_LEVEL = 0;
				GCC_WARN_64_TO_32_BIT_CONVERSION = YES;
				GCC_WARN_ABOUT_RETURN_TYPE = YES_ERROR;
				GCC_WARN_UNDECLARED_SELECTOR = YES;
				GCC_WARN_UNINITIALIZED_AUTOS = YES_AGGRESSIVE;
				GCC_WARN_UNUSED_FUNCTION = YES;
				GCC_WARN_UNUSED_VARIABLE = YES;
				MACOSX_DEPLOYMENT_TARGET = 10.7;
				PRODUCT_NAME = "$(TARGET_NAME)";
				SDKROOT = macosx;
			};
			name = Release;
		};
		2B5935591810CE6800FFC3D3 /* Debug */ = {
			isa = XCBuildConfiguration;
			buildSettings = {
				CF_PREFERENCES_APP_ID = "$(NAME_PREFIX_D).iSCSIInitiator";
				CODE_SIGN_IDENTITY = "";
				CURRENT_PROJECT_VERSION = "1.0.0-beta";
				ENABLE_TESTABILITY = YES;
				GCC_PREPROCESSOR_DEFINITIONS = (
					"CF_PREFERENCES_APP_ID=\\\"$(NAME_PREFIX_D).iSCSIInitiator\\\"",
					"NAME_PREFIX_U=$(NAME_PREFIX_U)",
				);
				GCC_WARN_PEDANTIC = NO;
				MACOSX_DEPLOYMENT_TARGET = 10.7;
				NAME_PREFIX_D = "com.github.iscsi-osx";
				NAME_PREFIX_U = com_github_iscsi_osx;
				ONLY_ACTIVE_ARCH = YES;
				SDKROOT = macosx;
				VERSIONING_SYSTEM = "apple-generic";
				VERSION_INFO_EXPORT_DECL = "";
			};
			name = Debug;
		};
		2B59355A1810CE6800FFC3D3 /* Release */ = {
			isa = XCBuildConfiguration;
			buildSettings = {
				CF_PREFERENCES_APP_ID = "$(NAME_PREFIX_D).iSCSIInitiator";
				CODE_SIGN_IDENTITY = "";
				CURRENT_PROJECT_VERSION = "1.0.0-beta";
				GCC_PREPROCESSOR_DEFINITIONS = (
					"CF_PREFERENCES_APP_ID=\\\"$(NAME_PREFIX_D).iSCSIInitiator\\\"",
					"NAME_PREFIX_U=$(NAME_PREFIX_U)",
				);
				GCC_WARN_PEDANTIC = NO;
				MACOSX_DEPLOYMENT_TARGET = 10.7;
				NAME_PREFIX_D = "com.github.iscsi-osx";
				NAME_PREFIX_U = com_github_iscsi_osx;
				ONLY_ACTIVE_ARCH = YES;
				SDKROOT = macosx;
				VERSIONING_SYSTEM = "apple-generic";
				VERSION_INFO_EXPORT_DECL = "";
			};
			name = Release;
		};
		2B7A0B851C8AEC47008290E9 /* Debug */ = {
			isa = XCBuildConfiguration;
			buildSettings = {
				ALWAYS_SEARCH_USER_PATHS = NO;
				CLANG_CXX_LANGUAGE_STANDARD = "gnu++0x";
				CLANG_CXX_LIBRARY = "libc++";
				CLANG_ENABLE_MODULES = YES;
				CLANG_ENABLE_OBJC_ARC = YES;
				CLANG_WARN_BOOL_CONVERSION = YES;
				CLANG_WARN_CONSTANT_CONVERSION = YES;
				CLANG_WARN_DIRECT_OBJC_ISA_USAGE = YES_ERROR;
				CLANG_WARN_EMPTY_BODY = YES;
				CLANG_WARN_ENUM_CONVERSION = YES;
				CLANG_WARN_INT_CONVERSION = YES;
				CLANG_WARN_OBJC_ROOT_CLASS = YES_ERROR;
				CLANG_WARN_UNREACHABLE_CODE = YES;
				CLANG_WARN__DUPLICATE_METHOD_MATCH = YES;
				COMBINE_HIDPI_IMAGES = YES;
				COPY_PHASE_STRIP = NO;
				CURRENT_PROJECT_VERSION = 1;
				DEBUG_INFORMATION_FORMAT = dwarf;
				DEFINES_MODULE = YES;
				DYLIB_COMPATIBILITY_VERSION = 1;
				DYLIB_CURRENT_VERSION = 1;
				DYLIB_INSTALL_NAME_BASE = "@rpath";
				ENABLE_STRICT_OBJC_MSGSEND = YES;
				FRAMEWORK_VERSION = A;
				GCC_C_LANGUAGE_STANDARD = gnu99;
				GCC_DYNAMIC_NO_PIC = NO;
				GCC_NO_COMMON_BLOCKS = YES;
				GCC_OPTIMIZATION_LEVEL = 0;
				GCC_PREPROCESSOR_DEFINITIONS = (
					"DEBUG=1",
					"$(inherited)",
				);
				GCC_WARN_64_TO_32_BIT_CONVERSION = YES;
				GCC_WARN_ABOUT_RETURN_TYPE = YES_ERROR;
				GCC_WARN_UNDECLARED_SELECTOR = YES;
				GCC_WARN_UNINITIALIZED_AUTOS = YES_AGGRESSIVE;
				GCC_WARN_UNUSED_FUNCTION = YES;
				GCC_WARN_UNUSED_VARIABLE = YES;
				INFOPLIST_FILE = "Source/User/iSCSI Framework/Info.plist";
				INSTALL_PATH = "$(LOCAL_LIBRARY_DIR)/Frameworks";
				LD_RUNPATH_SEARCH_PATHS = "$(inherited) @executable_path/../Frameworks @loader_path/Frameworks";
				MACOSX_DEPLOYMENT_TARGET = 10.11;
				MTL_ENABLE_DEBUG_INFO = YES;
				PRODUCT_BUNDLE_IDENTIFIER = "iscsi-osx.iSCSI";
				PRODUCT_NAME = "$(TARGET_NAME)";
				SKIP_INSTALL = YES;
				VERSION_INFO_PREFIX = "";
			};
			name = Debug;
		};
		2B7A0B861C8AEC47008290E9 /* Release */ = {
			isa = XCBuildConfiguration;
			buildSettings = {
				ALWAYS_SEARCH_USER_PATHS = NO;
				CLANG_CXX_LANGUAGE_STANDARD = "gnu++0x";
				CLANG_CXX_LIBRARY = "libc++";
				CLANG_ENABLE_MODULES = YES;
				CLANG_ENABLE_OBJC_ARC = YES;
				CLANG_WARN_BOOL_CONVERSION = YES;
				CLANG_WARN_CONSTANT_CONVERSION = YES;
				CLANG_WARN_DIRECT_OBJC_ISA_USAGE = YES_ERROR;
				CLANG_WARN_EMPTY_BODY = YES;
				CLANG_WARN_ENUM_CONVERSION = YES;
				CLANG_WARN_INT_CONVERSION = YES;
				CLANG_WARN_OBJC_ROOT_CLASS = YES_ERROR;
				CLANG_WARN_UNREACHABLE_CODE = YES;
				CLANG_WARN__DUPLICATE_METHOD_MATCH = YES;
				COMBINE_HIDPI_IMAGES = YES;
				COPY_PHASE_STRIP = NO;
				CURRENT_PROJECT_VERSION = 1;
				DEBUG_INFORMATION_FORMAT = "dwarf-with-dsym";
				DEFINES_MODULE = YES;
				DYLIB_COMPATIBILITY_VERSION = 1;
				DYLIB_CURRENT_VERSION = 1;
				DYLIB_INSTALL_NAME_BASE = "@rpath";
				ENABLE_NS_ASSERTIONS = NO;
				ENABLE_STRICT_OBJC_MSGSEND = YES;
				FRAMEWORK_VERSION = A;
				GCC_C_LANGUAGE_STANDARD = gnu99;
				GCC_NO_COMMON_BLOCKS = YES;
				GCC_WARN_64_TO_32_BIT_CONVERSION = YES;
				GCC_WARN_ABOUT_RETURN_TYPE = YES_ERROR;
				GCC_WARN_UNDECLARED_SELECTOR = YES;
				GCC_WARN_UNINITIALIZED_AUTOS = YES_AGGRESSIVE;
				GCC_WARN_UNUSED_FUNCTION = YES;
				GCC_WARN_UNUSED_VARIABLE = YES;
				INFOPLIST_FILE = "Source/User/iSCSI Framework/Info.plist";
				INSTALL_PATH = "$(LOCAL_LIBRARY_DIR)/Frameworks";
				LD_RUNPATH_SEARCH_PATHS = "$(inherited) @executable_path/../Frameworks @loader_path/Frameworks";
				MACOSX_DEPLOYMENT_TARGET = 10.11;
				MTL_ENABLE_DEBUG_INFO = NO;
				PRODUCT_BUNDLE_IDENTIFIER = "iscsi-osx.iSCSI";
				PRODUCT_NAME = "$(TARGET_NAME)";
				SKIP_INSTALL = YES;
				VERSION_INFO_PREFIX = "";
			};
			name = Release;
		};
		2B9519931810F852006CE7E5 /* Debug */ = {
			isa = XCBuildConfiguration;
			buildSettings = {
				ALWAYS_SEARCH_USER_PATHS = NO;
				CLANG_CXX_LANGUAGE_STANDARD = "gnu++0x";
				CLANG_CXX_LIBRARY = "libc++";
				CLANG_ENABLE_OBJC_ARC = YES;
				CLANG_WARN_BOOL_CONVERSION = YES;
				CLANG_WARN_CONSTANT_CONVERSION = YES;
				CLANG_WARN_DIRECT_OBJC_ISA_USAGE = YES_ERROR;
				CLANG_WARN_EMPTY_BODY = YES;
				CLANG_WARN_ENUM_CONVERSION = YES;
				CLANG_WARN_INT_CONVERSION = YES;
				CLANG_WARN_OBJC_ROOT_CLASS = YES_ERROR;
				CLANG_WARN__DUPLICATE_METHOD_MATCH = YES;
				CODE_SIGN_IDENTITY = "";
				COMBINE_HIDPI_IMAGES = YES;
				COPY_PHASE_STRIP = NO;
				GCC_C_LANGUAGE_STANDARD = gnu99;
				GCC_DYNAMIC_NO_PIC = NO;
				GCC_ENABLE_OBJC_EXCEPTIONS = YES;
				GCC_OPTIMIZATION_LEVEL = 0;
				GCC_PRECOMPILE_PREFIX_HEADER = YES;
				GCC_PREFIX_HEADER = Source/Kernel/Prefix.pch;
				GCC_PREPROCESSOR_DEFINITIONS = (
					"DEBUG=1",
					"$(inherited)",
				);
				GCC_SYMBOLS_PRIVATE_EXTERN = NO;
				GCC_WARN_64_TO_32_BIT_CONVERSION = YES;
				GCC_WARN_ABOUT_RETURN_TYPE = YES_ERROR;
				GCC_WARN_UNDECLARED_SELECTOR = YES;
				GCC_WARN_UNINITIALIZED_AUTOS = YES;
				GCC_WARN_UNUSED_FUNCTION = YES;
				GCC_WARN_UNUSED_VARIABLE = YES;
				INFOPLIST_FILE = Source/Kernel/Info.plist;
				LIBRARY_SEARCH_PATHS = (
					"$(inherited)",
					"$(SDKROOT)/usr/lib/system",
				);
				MACOSX_DEPLOYMENT_TARGET = 10.7;
				MODULE_NAME = "$(NAME_PREFIX_D).$(PRODUCT_NAME)";
				MODULE_VERSION = 1.0.0d1;
				ONLY_ACTIVE_ARCH = YES;
				PRODUCT_BUNDLE_IDENTIFIER = "${NAME_PREFIX_D}.${PRODUCT_NAME}";
				PRODUCT_NAME = "$(TARGET_NAME)";
				SDKROOT = macosx;
				VALID_ARCHS = "x86_64 i386";
				WRAPPER_EXTENSION = kext;
			};
			name = Debug;
		};
		2B9519941810F852006CE7E5 /* Release */ = {
			isa = XCBuildConfiguration;
			buildSettings = {
				ALWAYS_SEARCH_USER_PATHS = NO;
				CLANG_CXX_LANGUAGE_STANDARD = "gnu++0x";
				CLANG_CXX_LIBRARY = "libc++";
				CLANG_ENABLE_OBJC_ARC = YES;
				CLANG_WARN_BOOL_CONVERSION = YES;
				CLANG_WARN_CONSTANT_CONVERSION = YES;
				CLANG_WARN_DIRECT_OBJC_ISA_USAGE = YES_ERROR;
				CLANG_WARN_EMPTY_BODY = YES;
				CLANG_WARN_ENUM_CONVERSION = YES;
				CLANG_WARN_INT_CONVERSION = YES;
				CLANG_WARN_OBJC_ROOT_CLASS = YES_ERROR;
				CLANG_WARN__DUPLICATE_METHOD_MATCH = YES;
				CODE_SIGN_IDENTITY = "";
				COMBINE_HIDPI_IMAGES = YES;
				COPY_PHASE_STRIP = YES;
				DEBUG_INFORMATION_FORMAT = "dwarf-with-dsym";
				ENABLE_NS_ASSERTIONS = NO;
				GCC_C_LANGUAGE_STANDARD = gnu99;
				GCC_ENABLE_OBJC_EXCEPTIONS = YES;
				GCC_PRECOMPILE_PREFIX_HEADER = YES;
				GCC_PREFIX_HEADER = Source/Kernel/Prefix.pch;
				GCC_PREPROCESSOR_DEFINITIONS = "NAME_PREFIX_U=$(NAME_PREFIX_U)";
				GCC_WARN_64_TO_32_BIT_CONVERSION = YES;
				GCC_WARN_ABOUT_RETURN_TYPE = YES_ERROR;
				GCC_WARN_UNDECLARED_SELECTOR = YES;
				GCC_WARN_UNINITIALIZED_AUTOS = YES;
				GCC_WARN_UNUSED_FUNCTION = YES;
				GCC_WARN_UNUSED_VARIABLE = YES;
				INFOPLIST_FILE = Source/Kernel/Info.plist;
				LIBRARY_SEARCH_PATHS = (
					"$(inherited)",
					"$(SDKROOT)/usr/lib/system",
				);
				MACOSX_DEPLOYMENT_TARGET = 10.7;
				MODULE_NAME = "$(NAME_PREFIX_D).$(PRODUCT_NAME)";
				MODULE_VERSION = 1.0.0d1;
				ONLY_ACTIVE_ARCH = YES;
				PRODUCT_BUNDLE_IDENTIFIER = "${NAME_PREFIX_D}.${PRODUCT_NAME}";
				PRODUCT_NAME = "$(TARGET_NAME)";
				SDKROOT = macosx;
				WRAPPER_EXTENSION = kext;
			};
			name = Release;
		};
		2BA96D9618D4F60200F135E3 /* Debug */ = {
			isa = XCBuildConfiguration;
			buildSettings = {
				ALWAYS_SEARCH_USER_PATHS = NO;
				APPLY_RULES_IN_COPY_FILES = NO;
				CLANG_CXX_LANGUAGE_STANDARD = "c++0x";
				CLANG_CXX_LIBRARY = "libc++";
				CLANG_ENABLE_OBJC_ARC = YES;
				CLANG_WARN_BOOL_CONVERSION = YES;
				CLANG_WARN_CONSTANT_CONVERSION = YES;
				CLANG_WARN_DIRECT_OBJC_ISA_USAGE = YES_ERROR;
				CLANG_WARN_EMPTY_BODY = YES;
				CLANG_WARN_ENUM_CONVERSION = YES;
				CLANG_WARN_INT_CONVERSION = YES;
				CLANG_WARN_OBJC_ROOT_CLASS = YES_ERROR;
				CLANG_WARN__DUPLICATE_METHOD_MATCH = YES;
				COPY_PHASE_STRIP = NO;
				GCC_C_LANGUAGE_STANDARD = "compiler-default";
				GCC_DYNAMIC_NO_PIC = NO;
				GCC_ENABLE_OBJC_EXCEPTIONS = YES;
				GCC_OPTIMIZATION_LEVEL = 0;
				GCC_PREPROCESSOR_DEFINITIONS = (
					"DEBUG=1",
					"$(inherited)",
				);
				GCC_SYMBOLS_PRIVATE_EXTERN = NO;
				GCC_WARN_64_TO_32_BIT_CONVERSION = YES;
				GCC_WARN_ABOUT_RETURN_TYPE = YES_ERROR;
				GCC_WARN_UNDECLARED_SELECTOR = YES;
				GCC_WARN_UNINITIALIZED_AUTOS = YES;
				GCC_WARN_UNUSED_FUNCTION = YES;
				GCC_WARN_UNUSED_VARIABLE = YES;
				INSTALL_PATH = /Library/PrivilegedHelperTools;
				MACOSX_DEPLOYMENT_TARGET = 10.7;
				ONLY_ACTIVE_ARCH = YES;
				PRODUCT_BUNDLE_IDENTIFIER = "";
				PRODUCT_NAME = iscsid;
				SDKROOT = macosx;
			};
			name = Debug;
		};
		2BA96D9718D4F60200F135E3 /* Release */ = {
			isa = XCBuildConfiguration;
			buildSettings = {
				ALWAYS_SEARCH_USER_PATHS = NO;
				APPLY_RULES_IN_COPY_FILES = NO;
				CLANG_CXX_LANGUAGE_STANDARD = "c++0x";
				CLANG_CXX_LIBRARY = "libc++";
				CLANG_ENABLE_OBJC_ARC = YES;
				CLANG_WARN_BOOL_CONVERSION = YES;
				CLANG_WARN_CONSTANT_CONVERSION = YES;
				CLANG_WARN_DIRECT_OBJC_ISA_USAGE = YES_ERROR;
				CLANG_WARN_EMPTY_BODY = YES;
				CLANG_WARN_ENUM_CONVERSION = YES;
				CLANG_WARN_INT_CONVERSION = YES;
				CLANG_WARN_OBJC_ROOT_CLASS = YES_ERROR;
				CLANG_WARN__DUPLICATE_METHOD_MATCH = YES;
				COPY_PHASE_STRIP = YES;
				DEBUG_INFORMATION_FORMAT = "dwarf-with-dsym";
				ENABLE_NS_ASSERTIONS = NO;
				GCC_C_LANGUAGE_STANDARD = "compiler-default";
				GCC_ENABLE_OBJC_EXCEPTIONS = YES;
				GCC_WARN_64_TO_32_BIT_CONVERSION = YES;
				GCC_WARN_ABOUT_RETURN_TYPE = YES_ERROR;
				GCC_WARN_UNDECLARED_SELECTOR = YES;
				GCC_WARN_UNINITIALIZED_AUTOS = YES;
				GCC_WARN_UNUSED_FUNCTION = YES;
				GCC_WARN_UNUSED_VARIABLE = YES;
				INSTALL_PATH = /Library/PrivilegedHelperTools;
				MACOSX_DEPLOYMENT_TARGET = 10.7;
				ONLY_ACTIVE_ARCH = YES;
				PRODUCT_BUNDLE_IDENTIFIER = "";
				PRODUCT_NAME = iscsid;
				SDKROOT = macosx;
			};
			name = Release;
		};
/* End XCBuildConfiguration section */

/* Begin XCConfigurationList section */
		2B16EED2196085A40061E7FA /* Build configuration list for PBXNativeTarget "iscsictl" */ = {
			isa = XCConfigurationList;
			buildConfigurations = (
				2B16EED0196085A40061E7FA /* Debug */,
				2B16EED1196085A40061E7FA /* Release */,
			);
			defaultConfigurationIsVisible = 0;
			defaultConfigurationName = Release;
		};
		2B5935581810CE6800FFC3D3 /* Build configuration list for PBXProject "iSCSIInitiator" */ = {
			isa = XCConfigurationList;
			buildConfigurations = (
				2B5935591810CE6800FFC3D3 /* Debug */,
				2B59355A1810CE6800FFC3D3 /* Release */,
			);
			defaultConfigurationIsVisible = 0;
			defaultConfigurationName = Release;
		};
		2B7A0B891C8AEC47008290E9 /* Build configuration list for PBXNativeTarget "iSCSI" */ = {
			isa = XCConfigurationList;
			buildConfigurations = (
				2B7A0B851C8AEC47008290E9 /* Debug */,
				2B7A0B861C8AEC47008290E9 /* Release */,
			);
			defaultConfigurationIsVisible = 0;
			defaultConfigurationName = Release;
		};
		2B9519921810F852006CE7E5 /* Build configuration list for PBXNativeTarget "iSCSIInitiator" */ = {
			isa = XCConfigurationList;
			buildConfigurations = (
				2B9519931810F852006CE7E5 /* Debug */,
				2B9519941810F852006CE7E5 /* Release */,
			);
			defaultConfigurationIsVisible = 0;
			defaultConfigurationName = Release;
		};
		2BA96D9518D4F60200F135E3 /* Build configuration list for PBXNativeTarget "iscsid" */ = {
			isa = XCConfigurationList;
			buildConfigurations = (
				2BA96D9618D4F60200F135E3 /* Debug */,
				2BA96D9718D4F60200F135E3 /* Release */,
			);
			defaultConfigurationIsVisible = 0;
			defaultConfigurationName = Release;
		};
/* End XCConfigurationList section */
	};
	rootObject = 2B5935551810CE6800FFC3D3 /* Project object */;
}
