// !$*UTF8*$!
{
	archiveVersion = 1;
	classes = {
	};
	objectVersion = 46;
	objects = {

/* Begin PBXBuildFile section */
		2B459D551B7B8192008F656F /* Security.framework in Frameworks */ = {isa = PBXBuildFile; fileRef = 2B459D541B7B8192008F656F /* Security.framework */; };
		2B4A60371A3E6F690006AFCC /* IOKit.framework in Frameworks */ = {isa = PBXBuildFile; fileRef = 2B5935C21810DF7100FFC3D3 /* IOKit.framework */; };
		2B4A60381A3E6F830006AFCC /* CoreFoundation.framework in Frameworks */ = {isa = PBXBuildFile; fileRef = 2B9CAB9A185527EC00F3A9C6 /* CoreFoundation.framework */; };
		2B9E3C501C493B2D00440116 /* iSCSICtl.m in Sources */ = {isa = PBXBuildFile; fileRef = 2B9E3C2E1C493B2D00440116 /* iSCSICtl.m */; settings = {ASSET_TAGS = (); }; };
		2B9E3C511C493B2D00440116 /* iSCSIDA.c in Sources */ = {isa = PBXBuildFile; fileRef = 2B9E3C301C493B2D00440116 /* iSCSIDA.c */; settings = {ASSET_TAGS = (); }; };
		2B9E3C521C493B2D00440116 /* iSCSIDA.c in Sources */ = {isa = PBXBuildFile; fileRef = 2B9E3C301C493B2D00440116 /* iSCSIDA.c */; settings = {ASSET_TAGS = (); }; };
		2B9E3C531C493B2D00440116 /* iSCSIDaemon.c in Sources */ = {isa = PBXBuildFile; fileRef = 2B9E3C321C493B2D00440116 /* iSCSIDaemon.c */; settings = {ASSET_TAGS = (); }; };
		2B9E3C561C493B2D00440116 /* iSCSIDaemonInterface.c in Sources */ = {isa = PBXBuildFile; fileRef = 2B9E3C331C493B2D00440116 /* iSCSIDaemonInterface.c */; settings = {ASSET_TAGS = (); }; };
		2B9E3C571C493B2D00440116 /* iSCSIDiscovery.c in Sources */ = {isa = PBXBuildFile; fileRef = 2B9E3C361C493B2D00440116 /* iSCSIDiscovery.c */; settings = {ASSET_TAGS = (); }; };
		2B9E3C591C493B2D00440116 /* iSCSIIORegistry.c in Sources */ = {isa = PBXBuildFile; fileRef = 2B9E3C381C493B2D00440116 /* iSCSIIORegistry.c */; settings = {ASSET_TAGS = (); }; };
		2B9E3C5A1C493B2D00440116 /* iSCSIIORegistry.c in Sources */ = {isa = PBXBuildFile; fileRef = 2B9E3C381C493B2D00440116 /* iSCSIIORegistry.c */; settings = {ASSET_TAGS = (); }; };
		2B9E3C5B1C493B2D00440116 /* iSCSIKernelInterface.c in Sources */ = {isa = PBXBuildFile; fileRef = 2B9E3C3A1C493B2D00440116 /* iSCSIKernelInterface.c */; settings = {ASSET_TAGS = (); }; };
		2B9E3C5D1C493B2D00440116 /* iSCSIKeychain.c in Sources */ = {isa = PBXBuildFile; fileRef = 2B9E3C3C1C493B2D00440116 /* iSCSIKeychain.c */; settings = {ASSET_TAGS = (); }; };
		2B9E3C5E1C493B2D00440116 /* iSCSIKeychain.c in Sources */ = {isa = PBXBuildFile; fileRef = 2B9E3C3C1C493B2D00440116 /* iSCSIKeychain.c */; settings = {ASSET_TAGS = (); }; };
		2B9E3C5F1C493B2D00440116 /* iSCSIPDUUser.c in Sources */ = {isa = PBXBuildFile; fileRef = 2B9E3C3E1C493B2D00440116 /* iSCSIPDUUser.c */; settings = {ASSET_TAGS = (); }; };
		2B9E3C611C493B2D00440116 /* iSCSIPropertyList.c in Sources */ = {isa = PBXBuildFile; fileRef = 2B9E3C401C493B2D00440116 /* iSCSIPropertyList.c */; settings = {ASSET_TAGS = (); }; };
		2B9E3C621C493B2D00440116 /* iSCSIPropertyList.c in Sources */ = {isa = PBXBuildFile; fileRef = 2B9E3C401C493B2D00440116 /* iSCSIPropertyList.c */; settings = {ASSET_TAGS = (); }; };
		2B9E3C631C493B2D00440116 /* iSCSIQueryTarget.c in Sources */ = {isa = PBXBuildFile; fileRef = 2B9E3C421C493B2D00440116 /* iSCSIQueryTarget.c */; settings = {ASSET_TAGS = (); }; };
		2B9E3C651C493B2D00440116 /* iSCSISession.c in Sources */ = {isa = PBXBuildFile; fileRef = 2B9E3C451C493B2D00440116 /* iSCSISession.c */; settings = {ASSET_TAGS = (); }; };
		2B9E3C691C493B2D00440116 /* iSCSITypes.c in Sources */ = {isa = PBXBuildFile; fileRef = 2B9E3C481C493B2D00440116 /* iSCSITypes.c */; settings = {ASSET_TAGS = (); }; };
		2B9E3C6A1C493B2D00440116 /* iSCSITypes.c in Sources */ = {isa = PBXBuildFile; fileRef = 2B9E3C481C493B2D00440116 /* iSCSITypes.c */; settings = {ASSET_TAGS = (); }; };
		2B9E3C6B1C493B2D00440116 /* iSCSIUtils.c in Sources */ = {isa = PBXBuildFile; fileRef = 2B9E3C4B1C493B2D00440116 /* iSCSIUtils.c */; settings = {ASSET_TAGS = (); }; };
		2B9E3C6C1C493B2D00440116 /* iSCSIUtils.c in Sources */ = {isa = PBXBuildFile; fileRef = 2B9E3C4B1C493B2D00440116 /* iSCSIUtils.c */; settings = {ASSET_TAGS = (); }; };
		2B9E3C941C493BAA00440116 /* iSCSIInitiator.cpp in Sources */ = {isa = PBXBuildFile; fileRef = 2B9E3C711C493B9C00440116 /* iSCSIInitiator.cpp */; settings = {COMPILER_FLAGS = "-Wno-inconsistent-missing-override"; }; };
		2B9E3C961C493BAA00440116 /* iSCSIInitiatorClient.cpp in Sources */ = {isa = PBXBuildFile; fileRef = 2B9E3C731C493B9C00440116 /* iSCSIInitiatorClient.cpp */; settings = {COMPILER_FLAGS = "-Wno-inconsistent-missing-override"; }; };
		2B9E3C981C493BAA00440116 /* iSCSIIOEventSource.cpp in Sources */ = {isa = PBXBuildFile; fileRef = 2B9E3C751C493B9C00440116 /* iSCSIIOEventSource.cpp */; settings = {COMPILER_FLAGS = "-Wno-inconsistent-missing-override"; }; };
		2B9E3C9C1C493BAA00440116 /* iSCSIPDUKernel.cpp in Sources */ = {isa = PBXBuildFile; fileRef = 2B9E3C791C493B9C00440116 /* iSCSIPDUKernel.cpp */; settings = {COMPILER_FLAGS = "-Wno-inconsistent-missing-override"; }; };
		2B9E3CA01C493BAA00440116 /* iSCSITaskQueue.cpp in Sources */ = {isa = PBXBuildFile; fileRef = 2B9E3C7D1C493B9C00440116 /* iSCSITaskQueue.cpp */; settings = {COMPILER_FLAGS = "-Wno-inconsistent-missing-override"; }; };
		2B9E3CA31C493BAA00440116 /* iSCSIVirtualHBA.cpp in Sources */ = {isa = PBXBuildFile; fileRef = 2B9E3C801C493B9C00440116 /* iSCSIVirtualHBA.cpp */; settings = {COMPILER_FLAGS = "-Wno-inconsistent-missing-override"; }; };
		2B9E3CA71C493CDF00440116 /* iSCSIAuth.c in Sources */ = {isa = PBXBuildFile; fileRef = 2B9E3C2B1C493B2D00440116 /* iSCSIAuth.c */; settings = {ASSET_TAGS = (); }; };
		2B9E3CA81C493DC400440116 /* iSCSITest.c in Sources */ = {isa = PBXBuildFile; fileRef = 2B9E3C471C493B2D00440116 /* iSCSITest.c */; settings = {ASSET_TAGS = (); }; };
		2B9E3CA91C49570100440116 /* iscsid.8 in CopyFiles */ = {isa = PBXBuildFile; fileRef = 2B9E3C2F1C493B2D00440116 /* iscsid.8 */; };
		2B9E3CAA1C49570F00440116 /* iscsictl.8 in CopyFiles */ = {isa = PBXBuildFile; fileRef = 2B9E3C2D1C493B2D00440116 /* iscsictl.8 */; };
		2B9E3CAB1C49571600440116 /* com.github.iscsi-osx.iscsid.plist in CopyFiles */ = {isa = PBXBuildFile; fileRef = 2B9E3C2A1C493B2D00440116 /* com.github.iscsi-osx.iscsid.plist */; };
		2B9E3CBE1C49ED0000440116 /* crc32c.c in Sources */ = {isa = PBXBuildFile; fileRef = 2B9E3CBA1C49ECF900440116 /* crc32c.c */; settings = {ASSET_TAGS = (); }; };
		2BC4CBB21AA55046003611F7 /* DiskArbitration.framework in Frameworks */ = {isa = PBXBuildFile; fileRef = 2BC4CBB11AA55046003611F7 /* DiskArbitration.framework */; };
/* End PBXBuildFile section */

/* Begin PBXCopyFilesBuildPhase section */
		2B16EEC7196085A40061E7FA /* CopyFiles */ = {
			isa = PBXCopyFilesBuildPhase;
			buildActionMask = 12;
			dstPath = "";
			dstSubfolderSpec = 16;
			files = (
				2B9E3CAA1C49570F00440116 /* iscsictl.8 in CopyFiles */,
			);
			runOnlyForDeploymentPostprocessing = 0;
		};
		2BA96D9318D4F60200F135E3 /* CopyFiles */ = {
			isa = PBXCopyFilesBuildPhase;
			buildActionMask = 12;
			dstPath = "";
			dstSubfolderSpec = 16;
			files = (
				2B9E3CAB1C49571600440116 /* com.github.iscsi-osx.iscsid.plist in CopyFiles */,
				2B9E3CA91C49570100440116 /* iscsid.8 in CopyFiles */,
			);
			runOnlyForDeploymentPostprocessing = 0;
		};
		2BB83CD51A3D493B0017212D /* CopyFiles */ = {
			isa = PBXCopyFilesBuildPhase;
			buildActionMask = 2147483647;
			dstPath = /usr/share/man/man1/;
			dstSubfolderSpec = 0;
			files = (
			);
			runOnlyForDeploymentPostprocessing = 1;
		};
/* End PBXCopyFilesBuildPhase section */

/* Begin PBXFileReference section */
		2B1B97291C4937B400DA5281 /* Releases */ = {isa = PBXFileReference; lastKnownFileType = folder; path = Releases; sourceTree = "<group>"; };
		2B1B972A1C4937B400DA5281 /* Scripts */ = {isa = PBXFileReference; lastKnownFileType = folder; path = Scripts; sourceTree = "<group>"; };
		2B20904F18C6E43C00C43190 /* libsystem_kernel.dylib */ = {isa = PBXFileReference; lastKnownFileType = "compiled.mach-o.dylib"; name = libsystem_kernel.dylib; path = usr/lib/system/libsystem_kernel.dylib; sourceTree = SDKROOT; };
		2B459D541B7B8192008F656F /* Security.framework */ = {isa = PBXFileReference; lastKnownFileType = wrapper.framework; name = Security.framework; path = System/Library/Frameworks/Security.framework; sourceTree = SDKROOT; };
		2B5935651810D38E00FFC3D3 /* Kernel.framework */ = {isa = PBXFileReference; lastKnownFileType = wrapper.framework; name = Kernel.framework; path = System/Library/Frameworks/Kernel.framework; sourceTree = SDKROOT; };
		2B59357A1810D3C800FFC3D3 /* Cocoa.framework */ = {isa = PBXFileReference; lastKnownFileType = wrapper.framework; name = Cocoa.framework; path = System/Library/Frameworks/Cocoa.framework; sourceTree = SDKROOT; };
		2B59357C1810D3C800FFC3D3 /* PreferencePanes.framework */ = {isa = PBXFileReference; lastKnownFileType = wrapper.framework; name = PreferencePanes.framework; path = System/Library/Frameworks/PreferencePanes.framework; sourceTree = SDKROOT; };
		2B59357E1810D3C800FFC3D3 /* AppKit.framework */ = {isa = PBXFileReference; lastKnownFileType = wrapper.framework; name = AppKit.framework; path = System/Library/Frameworks/AppKit.framework; sourceTree = SDKROOT; };
		2B59357F1810D3C800FFC3D3 /* CoreData.framework */ = {isa = PBXFileReference; lastKnownFileType = wrapper.framework; name = CoreData.framework; path = System/Library/Frameworks/CoreData.framework; sourceTree = SDKROOT; };
		2B5935801810D3C800FFC3D3 /* Foundation.framework */ = {isa = PBXFileReference; lastKnownFileType = wrapper.framework; name = Foundation.framework; path = System/Library/Frameworks/Foundation.framework; sourceTree = SDKROOT; };
		2B5935C21810DF7100FFC3D3 /* IOKit.framework */ = {isa = PBXFileReference; lastKnownFileType = wrapper.framework; name = IOKit.framework; path = System/Library/Frameworks/IOKit.framework; sourceTree = SDKROOT; };
		2B84883C1BEBCE0E0038DC53 /* README.md */ = {isa = PBXFileReference; fileEncoding = 4; lastKnownFileType = net.daringfireball.markdown; path = README.md; sourceTree = "<group>"; };
		2B9CAB9A185527EC00F3A9C6 /* CoreFoundation.framework */ = {isa = PBXFileReference; lastKnownFileType = wrapper.framework; name = CoreFoundation.framework; path = System/Library/Frameworks/CoreFoundation.framework; sourceTree = SDKROOT; };
		2B9E3C2A1C493B2D00440116 /* com.github.iscsi-osx.iscsid.plist */ = {isa = PBXFileReference; fileEncoding = 4; lastKnownFileType = text.plist.xml; name = "com.github.iscsi-osx.iscsid.plist"; path = "Source/User Tools/com.github.iscsi-osx.iscsid.plist"; sourceTree = "<group>"; };
		2B9E3C2B1C493B2D00440116 /* iSCSIAuth.c */ = {isa = PBXFileReference; fileEncoding = 4; lastKnownFileType = sourcecode.c.c; name = iSCSIAuth.c; path = "Source/User Tools/iSCSIAuth.c"; sourceTree = "<group>"; };
		2B9E3C2C1C493B2D00440116 /* iSCSIAuth.h */ = {isa = PBXFileReference; fileEncoding = 4; lastKnownFileType = sourcecode.c.h; name = iSCSIAuth.h; path = "Source/User Tools/iSCSIAuth.h"; sourceTree = "<group>"; };
		2B9E3C2D1C493B2D00440116 /* iscsictl.8 */ = {isa = PBXFileReference; fileEncoding = 4; lastKnownFileType = text; name = iscsictl.8; path = "Source/User Tools/iscsictl.8"; sourceTree = "<group>"; };
		2B9E3C2E1C493B2D00440116 /* iSCSICtl.m */ = {isa = PBXFileReference; fileEncoding = 4; lastKnownFileType = sourcecode.c.objc; name = iSCSICtl.m; path = "Source/User Tools/iSCSICtl.m"; sourceTree = "<group>"; };
		2B9E3C2F1C493B2D00440116 /* iscsid.8 */ = {isa = PBXFileReference; fileEncoding = 4; lastKnownFileType = text; name = iscsid.8; path = "Source/User Tools/iscsid.8"; sourceTree = "<group>"; };
		2B9E3C301C493B2D00440116 /* iSCSIDA.c */ = {isa = PBXFileReference; fileEncoding = 4; lastKnownFileType = sourcecode.c.c; name = iSCSIDA.c; path = "Source/User Tools/iSCSIDA.c"; sourceTree = "<group>"; };
		2B9E3C311C493B2D00440116 /* iSCSIDA.h */ = {isa = PBXFileReference; fileEncoding = 4; lastKnownFileType = sourcecode.c.h; name = iSCSIDA.h; path = "Source/User Tools/iSCSIDA.h"; sourceTree = "<group>"; };
		2B9E3C321C493B2D00440116 /* iSCSIDaemon.c */ = {isa = PBXFileReference; fileEncoding = 4; lastKnownFileType = sourcecode.c.c; name = iSCSIDaemon.c; path = "Source/User Tools/iSCSIDaemon.c"; sourceTree = "<group>"; };
		2B9E3C331C493B2D00440116 /* iSCSIDaemonInterface.c */ = {isa = PBXFileReference; fileEncoding = 4; lastKnownFileType = sourcecode.c.c; name = iSCSIDaemonInterface.c; path = "Source/User Tools/iSCSIDaemonInterface.c"; sourceTree = "<group>"; };
		2B9E3C341C493B2D00440116 /* iSCSIDaemonInterface.h */ = {isa = PBXFileReference; fileEncoding = 4; lastKnownFileType = sourcecode.c.h; name = iSCSIDaemonInterface.h; path = "Source/User Tools/iSCSIDaemonInterface.h"; sourceTree = "<group>"; };
		2B9E3C351C493B2D00440116 /* iSCSIDaemonInterfaceShared.h */ = {isa = PBXFileReference; fileEncoding = 4; lastKnownFileType = sourcecode.c.h; name = iSCSIDaemonInterfaceShared.h; path = "Source/User Tools/iSCSIDaemonInterfaceShared.h"; sourceTree = "<group>"; };
		2B9E3C361C493B2D00440116 /* iSCSIDiscovery.c */ = {isa = PBXFileReference; fileEncoding = 4; lastKnownFileType = sourcecode.c.c; name = iSCSIDiscovery.c; path = "Source/User Tools/iSCSIDiscovery.c"; sourceTree = "<group>"; };
		2B9E3C371C493B2D00440116 /* iSCSIDiscovery.h */ = {isa = PBXFileReference; fileEncoding = 4; lastKnownFileType = sourcecode.c.h; name = iSCSIDiscovery.h; path = "Source/User Tools/iSCSIDiscovery.h"; sourceTree = "<group>"; };
		2B9E3C381C493B2D00440116 /* iSCSIIORegistry.c */ = {isa = PBXFileReference; fileEncoding = 4; lastKnownFileType = sourcecode.c.c; name = iSCSIIORegistry.c; path = "Source/User Tools/iSCSIIORegistry.c"; sourceTree = "<group>"; };
		2B9E3C391C493B2D00440116 /* iSCSIIORegistry.h */ = {isa = PBXFileReference; fileEncoding = 4; lastKnownFileType = sourcecode.c.h; name = iSCSIIORegistry.h; path = "Source/User Tools/iSCSIIORegistry.h"; sourceTree = "<group>"; };
		2B9E3C3A1C493B2D00440116 /* iSCSIKernelInterface.c */ = {isa = PBXFileReference; fileEncoding = 4; lastKnownFileType = sourcecode.c.c; name = iSCSIKernelInterface.c; path = "Source/User Tools/iSCSIKernelInterface.c"; sourceTree = "<group>"; };
		2B9E3C3B1C493B2D00440116 /* iSCSIKernelInterface.h */ = {isa = PBXFileReference; fileEncoding = 4; lastKnownFileType = sourcecode.c.h; name = iSCSIKernelInterface.h; path = "Source/User Tools/iSCSIKernelInterface.h"; sourceTree = "<group>"; };
		2B9E3C3C1C493B2D00440116 /* iSCSIKeychain.c */ = {isa = PBXFileReference; fileEncoding = 4; lastKnownFileType = sourcecode.c.c; name = iSCSIKeychain.c; path = "Source/User Tools/iSCSIKeychain.c"; sourceTree = "<group>"; };
		2B9E3C3D1C493B2D00440116 /* iSCSIKeychain.h */ = {isa = PBXFileReference; fileEncoding = 4; lastKnownFileType = sourcecode.c.h; name = iSCSIKeychain.h; path = "Source/User Tools/iSCSIKeychain.h"; sourceTree = "<group>"; };
		2B9E3C3E1C493B2D00440116 /* iSCSIPDUUser.c */ = {isa = PBXFileReference; fileEncoding = 4; lastKnownFileType = sourcecode.c.c; name = iSCSIPDUUser.c; path = "Source/User Tools/iSCSIPDUUser.c"; sourceTree = "<group>"; };
		2B9E3C3F1C493B2D00440116 /* iSCSIPDUUser.h */ = {isa = PBXFileReference; fileEncoding = 4; lastKnownFileType = sourcecode.c.h; name = iSCSIPDUUser.h; path = "Source/User Tools/iSCSIPDUUser.h"; sourceTree = "<group>"; };
		2B9E3C401C493B2D00440116 /* iSCSIPropertyList.c */ = {isa = PBXFileReference; fileEncoding = 4; lastKnownFileType = sourcecode.c.c; name = iSCSIPropertyList.c; path = "Source/User Tools/iSCSIPropertyList.c"; sourceTree = "<group>"; };
		2B9E3C411C493B2D00440116 /* iSCSIPropertyList.h */ = {isa = PBXFileReference; fileEncoding = 4; lastKnownFileType = sourcecode.c.h; name = iSCSIPropertyList.h; path = "Source/User Tools/iSCSIPropertyList.h"; sourceTree = "<group>"; };
		2B9E3C421C493B2D00440116 /* iSCSIQueryTarget.c */ = {isa = PBXFileReference; fileEncoding = 4; lastKnownFileType = sourcecode.c.c; name = iSCSIQueryTarget.c; path = "Source/User Tools/iSCSIQueryTarget.c"; sourceTree = "<group>"; };
		2B9E3C431C493B2D00440116 /* iSCSIQueryTarget.h */ = {isa = PBXFileReference; fileEncoding = 4; lastKnownFileType = sourcecode.c.h; name = iSCSIQueryTarget.h; path = "Source/User Tools/iSCSIQueryTarget.h"; sourceTree = "<group>"; };
		2B9E3C441C493B2D00440116 /* iSCSIRFC3720Keys.h */ = {isa = PBXFileReference; fileEncoding = 4; lastKnownFileType = sourcecode.c.h; name = iSCSIRFC3720Keys.h; path = "Source/User Tools/iSCSIRFC3720Keys.h"; sourceTree = "<group>"; };
		2B9E3C451C493B2D00440116 /* iSCSISession.c */ = {isa = PBXFileReference; fileEncoding = 4; lastKnownFileType = sourcecode.c.c; name = iSCSISession.c; path = "Source/User Tools/iSCSISession.c"; sourceTree = "<group>"; };
		2B9E3C461C493B2D00440116 /* iSCSISession.h */ = {isa = PBXFileReference; fileEncoding = 4; lastKnownFileType = sourcecode.c.h; name = iSCSISession.h; path = "Source/User Tools/iSCSISession.h"; sourceTree = "<group>"; };
		2B9E3C471C493B2D00440116 /* iSCSITest.c */ = {isa = PBXFileReference; fileEncoding = 4; lastKnownFileType = sourcecode.c.c; name = iSCSITest.c; path = "Source/User Tools/iSCSITest.c"; sourceTree = "<group>"; };
		2B9E3C481C493B2D00440116 /* iSCSITypes.c */ = {isa = PBXFileReference; fileEncoding = 4; lastKnownFileType = sourcecode.c.c; name = iSCSITypes.c; path = "Source/User Tools/iSCSITypes.c"; sourceTree = "<group>"; };
		2B9E3C491C493B2D00440116 /* iSCSITypes.h */ = {isa = PBXFileReference; fileEncoding = 4; lastKnownFileType = sourcecode.c.h; name = iSCSITypes.h; path = "Source/User Tools/iSCSITypes.h"; sourceTree = "<group>"; };
		2B9E3C4A1C493B2D00440116 /* iSCSITypesShared.h */ = {isa = PBXFileReference; fileEncoding = 4; lastKnownFileType = sourcecode.c.h; name = iSCSITypesShared.h; path = "Source/User Tools/iSCSITypesShared.h"; sourceTree = "<group>"; };
		2B9E3C4B1C493B2D00440116 /* iSCSIUtils.c */ = {isa = PBXFileReference; fileEncoding = 4; lastKnownFileType = sourcecode.c.c; name = iSCSIUtils.c; path = "Source/User Tools/iSCSIUtils.c"; sourceTree = "<group>"; };
		2B9E3C4C1C493B2D00440116 /* iSCSIUtils.h */ = {isa = PBXFileReference; fileEncoding = 4; lastKnownFileType = sourcecode.c.h; name = iSCSIUtils.h; path = "Source/User Tools/iSCSIUtils.h"; sourceTree = "<group>"; };
		2B9E3C701C493B9C00440116 /* Info.plist */ = {isa = PBXFileReference; fileEncoding = 4; lastKnownFileType = text.plist.xml; name = Info.plist; path = Source/Kernel/Info.plist; sourceTree = "<group>"; };
		2B9E3C711C493B9C00440116 /* iSCSIInitiator.cpp */ = {isa = PBXFileReference; fileEncoding = 4; lastKnownFileType = sourcecode.cpp.cpp; name = iSCSIInitiator.cpp; path = Source/Kernel/iSCSIInitiator.cpp; sourceTree = "<group>"; };
		2B9E3C721C493B9C00440116 /* iSCSIInitiator.h */ = {isa = PBXFileReference; fileEncoding = 4; lastKnownFileType = sourcecode.c.h; name = iSCSIInitiator.h; path = Source/Kernel/iSCSIInitiator.h; sourceTree = "<group>"; };
		2B9E3C731C493B9C00440116 /* iSCSIInitiatorClient.cpp */ = {isa = PBXFileReference; fileEncoding = 4; lastKnownFileType = sourcecode.cpp.cpp; name = iSCSIInitiatorClient.cpp; path = Source/Kernel/iSCSIInitiatorClient.cpp; sourceTree = "<group>"; };
		2B9E3C741C493B9C00440116 /* iSCSIInitiatorClient.h */ = {isa = PBXFileReference; fileEncoding = 4; lastKnownFileType = sourcecode.c.h; name = iSCSIInitiatorClient.h; path = Source/Kernel/iSCSIInitiatorClient.h; sourceTree = "<group>"; };
		2B9E3C751C493B9C00440116 /* iSCSIIOEventSource.cpp */ = {isa = PBXFileReference; fileEncoding = 4; lastKnownFileType = sourcecode.cpp.cpp; name = iSCSIIOEventSource.cpp; path = Source/Kernel/iSCSIIOEventSource.cpp; sourceTree = "<group>"; };
		2B9E3C761C493B9C00440116 /* iSCSIIOEventSource.h */ = {isa = PBXFileReference; fileEncoding = 4; lastKnownFileType = sourcecode.c.h; name = iSCSIIOEventSource.h; path = Source/Kernel/iSCSIIOEventSource.h; sourceTree = "<group>"; };
		2B9E3C771C493B9C00440116 /* iSCSIKernelClasses.h */ = {isa = PBXFileReference; fileEncoding = 4; lastKnownFileType = sourcecode.c.h; name = iSCSIKernelClasses.h; path = Source/Kernel/iSCSIKernelClasses.h; sourceTree = "<group>"; };
		2B9E3C781C493B9C00440116 /* iSCSIKernelInterfaceShared.h */ = {isa = PBXFileReference; fileEncoding = 4; lastKnownFileType = sourcecode.c.h; name = iSCSIKernelInterfaceShared.h; path = Source/Kernel/iSCSIKernelInterfaceShared.h; sourceTree = "<group>"; };
		2B9E3C791C493B9C00440116 /* iSCSIPDUKernel.cpp */ = {isa = PBXFileReference; fileEncoding = 4; lastKnownFileType = sourcecode.cpp.cpp; name = iSCSIPDUKernel.cpp; path = Source/Kernel/iSCSIPDUKernel.cpp; sourceTree = "<group>"; };
		2B9E3C7A1C493B9C00440116 /* iSCSIPDUKernel.h */ = {isa = PBXFileReference; fileEncoding = 4; lastKnownFileType = sourcecode.c.h; name = iSCSIPDUKernel.h; path = Source/Kernel/iSCSIPDUKernel.h; sourceTree = "<group>"; };
		2B9E3C7B1C493B9C00440116 /* iSCSIPDUShared.h */ = {isa = PBXFileReference; fileEncoding = 4; lastKnownFileType = sourcecode.c.h; name = iSCSIPDUShared.h; path = Source/Kernel/iSCSIPDUShared.h; sourceTree = "<group>"; };
		2B9E3C7C1C493B9C00440116 /* iSCSIRFC3720Defaults.h */ = {isa = PBXFileReference; fileEncoding = 4; lastKnownFileType = sourcecode.c.h; name = iSCSIRFC3720Defaults.h; path = Source/Kernel/iSCSIRFC3720Defaults.h; sourceTree = "<group>"; };
		2B9E3C7D1C493B9C00440116 /* iSCSITaskQueue.cpp */ = {isa = PBXFileReference; fileEncoding = 4; lastKnownFileType = sourcecode.cpp.cpp; name = iSCSITaskQueue.cpp; path = Source/Kernel/iSCSITaskQueue.cpp; sourceTree = "<group>"; };
		2B9E3C7E1C493B9C00440116 /* iSCSITaskQueue.h */ = {isa = PBXFileReference; fileEncoding = 4; lastKnownFileType = sourcecode.c.h; name = iSCSITaskQueue.h; path = Source/Kernel/iSCSITaskQueue.h; sourceTree = "<group>"; };
		2B9E3C7F1C493B9C00440116 /* iSCSITypesKernel.h */ = {isa = PBXFileReference; fileEncoding = 4; lastKnownFileType = sourcecode.c.h; name = iSCSITypesKernel.h; path = Source/Kernel/iSCSITypesKernel.h; sourceTree = "<group>"; };
		2B9E3C801C493B9C00440116 /* iSCSIVirtualHBA.cpp */ = {isa = PBXFileReference; fileEncoding = 4; lastKnownFileType = sourcecode.cpp.cpp; name = iSCSIVirtualHBA.cpp; path = Source/Kernel/iSCSIVirtualHBA.cpp; sourceTree = "<group>"; };
		2B9E3C811C493B9C00440116 /* iSCSIVirtualHBA.h */ = {isa = PBXFileReference; fileEncoding = 4; lastKnownFileType = sourcecode.c.h; name = iSCSIVirtualHBA.h; path = Source/Kernel/iSCSIVirtualHBA.h; sourceTree = "<group>"; };
		2B9E3C821C493B9C00440116 /* Prefix.pch */ = {isa = PBXFileReference; fileEncoding = 4; lastKnownFileType = sourcecode.c.h; name = Prefix.pch; path = Source/Kernel/Prefix.pch; sourceTree = "<group>"; };
		2B9E3CBA1C49ECF900440116 /* crc32c.c */ = {isa = PBXFileReference; explicitFileType = sourcecode.cpp.cpp; fileEncoding = 4; name = crc32c.c; path = Source/Kernel/crc32c.c; sourceTree = "<group>"; };
		2B9E3CBB1C49ECF900440116 /* crc32c.h */ = {isa = PBXFileReference; explicitFileType = sourcecode.cpp.h; fileEncoding = 4; name = crc32c.h; path = Source/Kernel/crc32c.h; sourceTree = "<group>"; };
		2BC4CBB11AA55046003611F7 /* DiskArbitration.framework */ = {isa = PBXFileReference; lastKnownFileType = wrapper.framework; name = DiskArbitration.framework; path = System/Library/Frameworks/DiskArbitration.framework; sourceTree = SDKROOT; };
		2BDEA9401A715C7B00D5B48B /* iSCSIInitiator.kext */ = {isa = PBXFileReference; explicitFileType = wrapper.cfbundle; includeInIndex = 0; path = iSCSIInitiator.kext; sourceTree = BUILT_PRODUCTS_DIR; };
		2BDEA9411A715C7B00D5B48B /* iscsid */ = {isa = PBXFileReference; explicitFileType = "compiled.mach-o.executable"; includeInIndex = 0; path = iscsid; sourceTree = BUILT_PRODUCTS_DIR; };
		2BDEA9421A715C7B00D5B48B /* iscsictl */ = {isa = PBXFileReference; explicitFileType = "compiled.mach-o.executable"; includeInIndex = 0; path = iscsictl; sourceTree = BUILT_PRODUCTS_DIR; };
		2BDEA9431A715C7B00D5B48B /* iscsitest */ = {isa = PBXFileReference; explicitFileType = "compiled.mach-o.executable"; includeInIndex = 0; path = iscsitest; sourceTree = BUILT_PRODUCTS_DIR; };
/* End PBXFileReference section */

/* Begin PBXFrameworksBuildPhase section */
		2B16EEC6196085A40061E7FA /* Frameworks */ = {
			isa = PBXFrameworksBuildPhase;
			buildActionMask = 2147483647;
			files = (
			);
			runOnlyForDeploymentPostprocessing = 0;
		};
		2B9519821810F852006CE7E5 /* Frameworks */ = {
			isa = PBXFrameworksBuildPhase;
			buildActionMask = 2147483647;
			files = (
			);
			runOnlyForDeploymentPostprocessing = 0;
		};
		2BA96D9018D4F60200F135E3 /* Frameworks */ = {
			isa = PBXFrameworksBuildPhase;
			buildActionMask = 2147483647;
			files = (
				2B459D551B7B8192008F656F /* Security.framework in Frameworks */,
				2BC4CBB21AA55046003611F7 /* DiskArbitration.framework in Frameworks */,
				2B4A60381A3E6F830006AFCC /* CoreFoundation.framework in Frameworks */,
				2B4A60371A3E6F690006AFCC /* IOKit.framework in Frameworks */,
			);
			runOnlyForDeploymentPostprocessing = 0;
		};
		2BB83CD41A3D493B0017212D /* Frameworks */ = {
			isa = PBXFrameworksBuildPhase;
			buildActionMask = 2147483647;
			files = (
			);
			runOnlyForDeploymentPostprocessing = 0;
		};
/* End PBXFrameworksBuildPhase section */

/* Begin PBXGroup section */
		2B5935541810CE6800FFC3D3 = {
			isa = PBXGroup;
			children = (
				2B9E3BD51C493AAD00440116 /* User Tools */,
				2B9E3BD41C493AA400440116 /* Kernel */,
				2B1B97291C4937B400DA5281 /* Releases */,
				2B1B972A1C4937B400DA5281 /* Scripts */,
				2B84883C1BEBCE0E0038DC53 /* README.md */,
				2B5935631810D38E00FFC3D3 /* Frameworks */,
				2BDEA9401A715C7B00D5B48B /* iSCSIInitiator.kext */,
				2BDEA9411A715C7B00D5B48B /* iscsid */,
				2BDEA9421A715C7B00D5B48B /* iscsictl */,
				2BDEA9431A715C7B00D5B48B /* iscsitest */,
			);
			sourceTree = "<group>";
		};
		2B5935631810D38E00FFC3D3 /* Frameworks */ = {
			isa = PBXGroup;
			children = (
				2B459D541B7B8192008F656F /* Security.framework */,
				2BC4CBB11AA55046003611F7 /* DiskArbitration.framework */,
				2B20904F18C6E43C00C43190 /* libsystem_kernel.dylib */,
				2B9CAB9A185527EC00F3A9C6 /* CoreFoundation.framework */,
				2B5935C21810DF7100FFC3D3 /* IOKit.framework */,
				2B59357A1810D3C800FFC3D3 /* Cocoa.framework */,
				2B59357C1810D3C800FFC3D3 /* PreferencePanes.framework */,
				2B5935641810D38E00FFC3D3 /* Other Frameworks */,
			);
			name = Frameworks;
			sourceTree = "<group>";
		};
		2B5935641810D38E00FFC3D3 /* Other Frameworks */ = {
			isa = PBXGroup;
			children = (
				2B5935651810D38E00FFC3D3 /* Kernel.framework */,
				2B59357E1810D3C800FFC3D3 /* AppKit.framework */,
				2B59357F1810D3C800FFC3D3 /* CoreData.framework */,
				2B5935801810D3C800FFC3D3 /* Foundation.framework */,
			);
			name = "Other Frameworks";
			sourceTree = "<group>";
		};
		2B9E3BD41C493AA400440116 /* Kernel */ = {
			isa = PBXGroup;
			children = (
				2B9E3CB91C49739600440116 /* Supporting Files */,
				2B9E3CBA1C49ECF900440116 /* crc32c.c */,
				2B9E3CBB1C49ECF900440116 /* crc32c.h */,
				2B9E3C711C493B9C00440116 /* iSCSIInitiator.cpp */,
				2B9E3C721C493B9C00440116 /* iSCSIInitiator.h */,
				2B9E3C731C493B9C00440116 /* iSCSIInitiatorClient.cpp */,
				2B9E3C741C493B9C00440116 /* iSCSIInitiatorClient.h */,
				2B9E3C751C493B9C00440116 /* iSCSIIOEventSource.cpp */,
				2B9E3C761C493B9C00440116 /* iSCSIIOEventSource.h */,
				2B9E3C771C493B9C00440116 /* iSCSIKernelClasses.h */,
				2B9E3C781C493B9C00440116 /* iSCSIKernelInterfaceShared.h */,
				2B9E3C791C493B9C00440116 /* iSCSIPDUKernel.cpp */,
				2B9E3C7A1C493B9C00440116 /* iSCSIPDUKernel.h */,
				2B9E3C7B1C493B9C00440116 /* iSCSIPDUShared.h */,
				2B9E3C7C1C493B9C00440116 /* iSCSIRFC3720Defaults.h */,
				2B9E3C7D1C493B9C00440116 /* iSCSITaskQueue.cpp */,
				2B9E3C7E1C493B9C00440116 /* iSCSITaskQueue.h */,
				2B9E3C7F1C493B9C00440116 /* iSCSITypesKernel.h */,
				2B9E3C801C493B9C00440116 /* iSCSIVirtualHBA.cpp */,
				2B9E3C811C493B9C00440116 /* iSCSIVirtualHBA.h */,
			);
			name = Kernel;
			sourceTree = "<group>";
		};
		2B9E3BD51C493AAD00440116 /* User Tools */ = {
			isa = PBXGroup;
			children = (
				2B9E3C2A1C493B2D00440116 /* com.github.iscsi-osx.iscsid.plist */,
				2B9E3C2B1C493B2D00440116 /* iSCSIAuth.c */,
				2B9E3C2C1C493B2D00440116 /* iSCSIAuth.h */,
				2B9E3C2D1C493B2D00440116 /* iscsictl.8 */,
				2B9E3C2E1C493B2D00440116 /* iSCSICtl.m */,
				2B9E3C2F1C493B2D00440116 /* iscsid.8 */,
				2B9E3C301C493B2D00440116 /* iSCSIDA.c */,
				2B9E3C311C493B2D00440116 /* iSCSIDA.h */,
				2B9E3C321C493B2D00440116 /* iSCSIDaemon.c */,
				2B9E3C331C493B2D00440116 /* iSCSIDaemonInterface.c */,
				2B9E3C341C493B2D00440116 /* iSCSIDaemonInterface.h */,
				2B9E3C351C493B2D00440116 /* iSCSIDaemonInterfaceShared.h */,
				2B9E3C361C493B2D00440116 /* iSCSIDiscovery.c */,
				2B9E3C371C493B2D00440116 /* iSCSIDiscovery.h */,
				2B9E3C381C493B2D00440116 /* iSCSIIORegistry.c */,
				2B9E3C391C493B2D00440116 /* iSCSIIORegistry.h */,
				2B9E3C3A1C493B2D00440116 /* iSCSIKernelInterface.c */,
				2B9E3C3B1C493B2D00440116 /* iSCSIKernelInterface.h */,
				2B9E3C3C1C493B2D00440116 /* iSCSIKeychain.c */,
				2B9E3C3D1C493B2D00440116 /* iSCSIKeychain.h */,
				2B9E3C3E1C493B2D00440116 /* iSCSIPDUUser.c */,
				2B9E3C3F1C493B2D00440116 /* iSCSIPDUUser.h */,
				2B9E3C401C493B2D00440116 /* iSCSIPropertyList.c */,
				2B9E3C411C493B2D00440116 /* iSCSIPropertyList.h */,
				2B9E3C421C493B2D00440116 /* iSCSIQueryTarget.c */,
				2B9E3C431C493B2D00440116 /* iSCSIQueryTarget.h */,
				2B9E3C441C493B2D00440116 /* iSCSIRFC3720Keys.h */,
				2B9E3C451C493B2D00440116 /* iSCSISession.c */,
				2B9E3C461C493B2D00440116 /* iSCSISession.h */,
				2B9E3C471C493B2D00440116 /* iSCSITest.c */,
				2B9E3C481C493B2D00440116 /* iSCSITypes.c */,
				2B9E3C491C493B2D00440116 /* iSCSITypes.h */,
				2B9E3C4A1C493B2D00440116 /* iSCSITypesShared.h */,
				2B9E3C4B1C493B2D00440116 /* iSCSIUtils.c */,
				2B9E3C4C1C493B2D00440116 /* iSCSIUtils.h */,
			);
			name = "User Tools";
			sourceTree = "<group>";
		};
		2B9E3CB91C49739600440116 /* Supporting Files */ = {
			isa = PBXGroup;
			children = (
				2B9E3C701C493B9C00440116 /* Info.plist */,
				2B9E3C821C493B9C00440116 /* Prefix.pch */,
			);
			name = "Supporting Files";
			sourceTree = "<group>";
		};
/* End PBXGroup section */

/* Begin PBXHeadersBuildPhase section */
		2B9519831810F852006CE7E5 /* Headers */ = {
			isa = PBXHeadersBuildPhase;
			buildActionMask = 2147483647;
			files = (
			);
			runOnlyForDeploymentPostprocessing = 0;
		};
/* End PBXHeadersBuildPhase section */

/* Begin PBXNativeTarget section */
		2B16EEC8196085A40061E7FA /* iscsictl */ = {
			isa = PBXNativeTarget;
			buildConfigurationList = 2B16EED2196085A40061E7FA /* Build configuration list for PBXNativeTarget "iscsictl" */;
			buildPhases = (
				2B16EEC5196085A40061E7FA /* Sources */,
				2B16EEC6196085A40061E7FA /* Frameworks */,
				2B16EEC7196085A40061E7FA /* CopyFiles */,
			);
			buildRules = (
			);
			dependencies = (
			);
			name = iscsictl;
			productName = iscsiadm;
			productReference = 2BDEA9421A715C7B00D5B48B /* iscsictl */;
			productType = "com.apple.product-type.tool";
		};
		2B9519861810F852006CE7E5 /* iSCSIInitiator */ = {
			isa = PBXNativeTarget;
			buildConfigurationList = 2B9519921810F852006CE7E5 /* Build configuration list for PBXNativeTarget "iSCSIInitiator" */;
			buildPhases = (
				2B9519811810F852006CE7E5 /* Sources */,
				2B9519821810F852006CE7E5 /* Frameworks */,
				2B9519831810F852006CE7E5 /* Headers */,
				2B9519841810F852006CE7E5 /* Resources */,
				2B9519851810F852006CE7E5 /* Rez */,
			);
			buildRules = (
			);
			dependencies = (
			);
			name = iSCSIInitiator;
			productName = iSCSIInitiator;
			productReference = 2BDEA9401A715C7B00D5B48B /* iSCSIInitiator.kext */;
			productType = "com.apple.product-type.kernel-extension";
		};
		2BA96D8818D4F60200F135E3 /* iscsid */ = {
			isa = PBXNativeTarget;
			buildConfigurationList = 2BA96D9518D4F60200F135E3 /* Build configuration list for PBXNativeTarget "iscsid" */;
			buildPhases = (
				2BA96D8918D4F60200F135E3 /* Sources */,
				2BA96D9018D4F60200F135E3 /* Frameworks */,
				2BA96D9318D4F60200F135E3 /* CopyFiles */,
			);
			buildRules = (
			);
			dependencies = (
			);
			name = iscsid;
			productName = iSCSITest;
			productReference = 2BDEA9411A715C7B00D5B48B /* iscsid */;
			productType = "com.apple.product-type.tool";
		};
		2BB83CD61A3D493B0017212D /* iscsitest */ = {
			isa = PBXNativeTarget;
			buildConfigurationList = 2BB83CDD1A3D493C0017212D /* Build configuration list for PBXNativeTarget "iscsitest" */;
			buildPhases = (
				2BB83CD31A3D493B0017212D /* Sources */,
				2BB83CD41A3D493B0017212D /* Frameworks */,
				2BB83CD51A3D493B0017212D /* CopyFiles */,
			);
			buildRules = (
			);
			dependencies = (
			);
			name = iscsitest;
			productName = iSCSITest;
			productReference = 2BDEA9431A715C7B00D5B48B /* iscsitest */;
			productType = "com.apple.product-type.tool";
		};
/* End PBXNativeTarget section */

/* Begin PBXProject section */
		2B5935551810CE6800FFC3D3 /* Project object */ = {
			isa = PBXProject;
			attributes = {
				LastUpgradeCheck = 0700;
				TargetAttributes = {
					2BB83CD61A3D493B0017212D = {
						CreatedOnToolsVersion = 6.1.1;
					};
				};
			};
			buildConfigurationList = 2B5935581810CE6800FFC3D3 /* Build configuration list for PBXProject "iSCSIInitiator" */;
			compatibilityVersion = "Xcode 3.2";
			developmentRegion = English;
			hasScannedForEncodings = 0;
			knownRegions = (
				en,
				Base,
			);
			mainGroup = 2B5935541810CE6800FFC3D3;
			productRefGroup = 2B5935541810CE6800FFC3D3;
			projectDirPath = "";
			projectRoot = "";
			targets = (
				2B9519861810F852006CE7E5 /* iSCSIInitiator */,
				2BA96D8818D4F60200F135E3 /* iscsid */,
				2B16EEC8196085A40061E7FA /* iscsictl */,
				2BB83CD61A3D493B0017212D /* iscsitest */,
			);
		};
/* End PBXProject section */

/* Begin PBXResourcesBuildPhase section */
		2B9519841810F852006CE7E5 /* Resources */ = {
			isa = PBXResourcesBuildPhase;
			buildActionMask = 2147483647;
			files = (
			);
			runOnlyForDeploymentPostprocessing = 0;
		};
/* End PBXResourcesBuildPhase section */

/* Begin PBXRezBuildPhase section */
		2B9519851810F852006CE7E5 /* Rez */ = {
			isa = PBXRezBuildPhase;
			buildActionMask = 2147483647;
			files = (
			);
			runOnlyForDeploymentPostprocessing = 0;
		};
/* End PBXRezBuildPhase section */

/* Begin PBXSourcesBuildPhase section */
		2B16EEC5196085A40061E7FA /* Sources */ = {
			isa = PBXSourcesBuildPhase;
			buildActionMask = 2147483647;
			files = (
				2B9E3C521C493B2D00440116 /* iSCSIDA.c in Sources */,
				2B9E3C5E1C493B2D00440116 /* iSCSIKeychain.c in Sources */,
				2B9E3C5A1C493B2D00440116 /* iSCSIIORegistry.c in Sources */,
				2B9E3C6C1C493B2D00440116 /* iSCSIUtils.c in Sources */,
				2B9E3C561C493B2D00440116 /* iSCSIDaemonInterface.c in Sources */,
				2B9E3C6A1C493B2D00440116 /* iSCSITypes.c in Sources */,
				2B9E3C621C493B2D00440116 /* iSCSIPropertyList.c in Sources */,
				2B9E3C501C493B2D00440116 /* iSCSICtl.m in Sources */,
			);
			runOnlyForDeploymentPostprocessing = 0;
		};
		2B9519811810F852006CE7E5 /* Sources */ = {
			isa = PBXSourcesBuildPhase;
			buildActionMask = 2147483647;
			files = (
				2B9E3C941C493BAA00440116 /* iSCSIInitiator.cpp in Sources */,
				2B9E3C961C493BAA00440116 /* iSCSIInitiatorClient.cpp in Sources */,
				2B9E3C981C493BAA00440116 /* iSCSIIOEventSource.cpp in Sources */,
				2B9E3CBE1C49ED0000440116 /* crc32c.c in Sources */,
				2B9E3C9C1C493BAA00440116 /* iSCSIPDUKernel.cpp in Sources */,
				2B9E3CA01C493BAA00440116 /* iSCSITaskQueue.cpp in Sources */,
				2B9E3CA31C493BAA00440116 /* iSCSIVirtualHBA.cpp in Sources */,
			);
			runOnlyForDeploymentPostprocessing = 0;
		};
		2BA96D8918D4F60200F135E3 /* Sources */ = {
			isa = PBXSourcesBuildPhase;
			buildActionMask = 2147483647;
			files = (
				2B9E3C511C493B2D00440116 /* iSCSIDA.c in Sources */,
				2B9E3C5D1C493B2D00440116 /* iSCSIKeychain.c in Sources */,
				2B9E3C651C493B2D00440116 /* iSCSISession.c in Sources */,
				2B9E3C531C493B2D00440116 /* iSCSIDaemon.c in Sources */,
				2B9E3C571C493B2D00440116 /* iSCSIDiscovery.c in Sources */,
				2B9E3C5F1C493B2D00440116 /* iSCSIPDUUser.c in Sources */,
				2B9E3C591C493B2D00440116 /* iSCSIIORegistry.c in Sources */,
				2B9E3C5B1C493B2D00440116 /* iSCSIKernelInterface.c in Sources */,
				2B9E3CA71C493CDF00440116 /* iSCSIAuth.c in Sources */,
				2B9E3C6B1C493B2D00440116 /* iSCSIUtils.c in Sources */,
				2B9E3C691C493B2D00440116 /* iSCSITypes.c in Sources */,
				2B9E3C611C493B2D00440116 /* iSCSIPropertyList.c in Sources */,
				2B9E3C631C493B2D00440116 /* iSCSIQueryTarget.c in Sources */,
			);
			runOnlyForDeploymentPostprocessing = 0;
		};
		2BB83CD31A3D493B0017212D /* Sources */ = {
			isa = PBXSourcesBuildPhase;
			buildActionMask = 2147483647;
			files = (
				2B9E3CA81C493DC400440116 /* iSCSITest.c in Sources */,
			);
			runOnlyForDeploymentPostprocessing = 0;
		};
/* End PBXSourcesBuildPhase section */

/* Begin XCBuildConfiguration section */
		2B16EED0196085A40061E7FA /* Debug */ = {
			isa = XCBuildConfiguration;
			buildSettings = {
				ALWAYS_SEARCH_USER_PATHS = NO;
				CLANG_CXX_LANGUAGE_STANDARD = "gnu++0x";
				CLANG_CXX_LIBRARY = "libc++";
				CLANG_ENABLE_MODULES = YES;
				CLANG_ENABLE_OBJC_ARC = YES;
				CLANG_WARN_BOOL_CONVERSION = YES;
				CLANG_WARN_CONSTANT_CONVERSION = YES;
				CLANG_WARN_DIRECT_OBJC_ISA_USAGE = YES_ERROR;
				CLANG_WARN_EMPTY_BODY = YES;
				CLANG_WARN_ENUM_CONVERSION = YES;
				CLANG_WARN_INT_CONVERSION = YES;
				CLANG_WARN_OBJC_ROOT_CLASS = YES_ERROR;
				CLANG_WARN__DUPLICATE_METHOD_MATCH = YES;
				CODE_SIGN_IDENTITY = "";
				COPY_PHASE_STRIP = NO;
				GCC_C_LANGUAGE_STANDARD = gnu99;
				GCC_DYNAMIC_NO_PIC = NO;
				GCC_ENABLE_OBJC_EXCEPTIONS = YES;
				GCC_OPTIMIZATION_LEVEL = 0;
				GCC_PREPROCESSOR_DEFINITIONS = (
					"DEBUG=1",
					"$(inherited)",
				);
				GCC_SYMBOLS_PRIVATE_EXTERN = NO;
				GCC_WARN_64_TO_32_BIT_CONVERSION = YES;
				GCC_WARN_ABOUT_RETURN_TYPE = YES_ERROR;
				GCC_WARN_UNDECLARED_SELECTOR = YES;
				GCC_WARN_UNINITIALIZED_AUTOS = YES_AGGRESSIVE;
				GCC_WARN_UNUSED_FUNCTION = YES;
				GCC_WARN_UNUSED_VARIABLE = YES;
				MACOSX_DEPLOYMENT_TARGET = 10.7;
				ONLY_ACTIVE_ARCH = YES;
				PRODUCT_NAME = "$(TARGET_NAME)";
				SDKROOT = macosx;
			};
			name = Debug;
		};
		2B16EED1196085A40061E7FA /* Release */ = {
			isa = XCBuildConfiguration;
			buildSettings = {
				ALWAYS_SEARCH_USER_PATHS = NO;
				CLANG_CXX_LANGUAGE_STANDARD = "gnu++0x";
				CLANG_CXX_LIBRARY = "libc++";
				CLANG_ENABLE_MODULES = YES;
				CLANG_ENABLE_OBJC_ARC = YES;
				CLANG_WARN_BOOL_CONVERSION = YES;
				CLANG_WARN_CONSTANT_CONVERSION = YES;
				CLANG_WARN_DIRECT_OBJC_ISA_USAGE = YES_ERROR;
				CLANG_WARN_EMPTY_BODY = YES;
				CLANG_WARN_ENUM_CONVERSION = YES;
				CLANG_WARN_INT_CONVERSION = YES;
				CLANG_WARN_OBJC_ROOT_CLASS = YES_ERROR;
				CLANG_WARN__DUPLICATE_METHOD_MATCH = YES;
				CODE_SIGN_IDENTITY = "";
				COPY_PHASE_STRIP = YES;
				DEBUG_INFORMATION_FORMAT = "dwarf-with-dsym";
				ENABLE_NS_ASSERTIONS = NO;
				GCC_C_LANGUAGE_STANDARD = gnu99;
				GCC_ENABLE_OBJC_EXCEPTIONS = YES;
				GCC_OPTIMIZATION_LEVEL = 0;
				GCC_WARN_64_TO_32_BIT_CONVERSION = YES;
				GCC_WARN_ABOUT_RETURN_TYPE = YES_ERROR;
				GCC_WARN_UNDECLARED_SELECTOR = YES;
				GCC_WARN_UNINITIALIZED_AUTOS = YES_AGGRESSIVE;
				GCC_WARN_UNUSED_FUNCTION = YES;
				GCC_WARN_UNUSED_VARIABLE = YES;
				MACOSX_DEPLOYMENT_TARGET = 10.7;
				PRODUCT_NAME = "$(TARGET_NAME)";
				SDKROOT = macosx;
			};
			name = Release;
		};
		2B5935591810CE6800FFC3D3 /* Debug */ = {
			isa = XCBuildConfiguration;
			buildSettings = {
				CF_PREFERENCES_APP_ID = "$(NAME_PREFIX_D).iSCSIInitiator";
				CODE_SIGN_IDENTITY = "";
				CURRENT_PROJECT_VERSION = 1.00.0;
				ENABLE_TESTABILITY = YES;
				GCC_PREPROCESSOR_DEFINITIONS = (
					"CF_PREFERENCES_APP_ID=\\\"$(NAME_PREFIX_D).iSCSIInitiator\\\"",
					"NAME_PREFIX_U=$(NAME_PREFIX_U)",
				);
				GCC_WARN_PEDANTIC = NO;
				MACOSX_DEPLOYMENT_TARGET = 10.7;
				NAME_PREFIX_D = "com.github.iscsi-osx";
				NAME_PREFIX_U = com_github_iscsi_osx;
				ONLY_ACTIVE_ARCH = YES;
				SDKROOT = macosx;
				VERSIONING_SYSTEM = "apple-generic";
				VERSION_INFO_EXPORT_DECL = "";
			};
			name = Debug;
		};
		2B59355A1810CE6800FFC3D3 /* Release */ = {
			isa = XCBuildConfiguration;
			buildSettings = {
				CF_PREFERENCES_APP_ID = "$(NAME_PREFIX_D).iSCSIInitiator";
				CODE_SIGN_IDENTITY = "";
				CURRENT_PROJECT_VERSION = 1.00.0;
				GCC_PREPROCESSOR_DEFINITIONS = (
					"CF_PREFERENCES_APP_ID=\\\"$(NAME_PREFIX_D).iSCSIInitiator\\\"",
					"NAME_PREFIX_U=$(NAME_PREFIX_U)",
				);
				GCC_WARN_PEDANTIC = NO;
				MACOSX_DEPLOYMENT_TARGET = 10.7;
				NAME_PREFIX_D = "com.github.iscsi-osx";
				NAME_PREFIX_U = com_github_iscsi_osx;
				ONLY_ACTIVE_ARCH = YES;
				SDKROOT = macosx;
				VERSIONING_SYSTEM = "apple-generic";
				VERSION_INFO_EXPORT_DECL = "";
			};
			name = Release;
		};
		2B9519931810F852006CE7E5 /* Debug */ = {
			isa = XCBuildConfiguration;
			buildSettings = {
				ALWAYS_SEARCH_USER_PATHS = NO;
				CLANG_CXX_LANGUAGE_STANDARD = "gnu++0x";
				CLANG_CXX_LIBRARY = "libc++";
				CLANG_ENABLE_OBJC_ARC = YES;
				CLANG_WARN_BOOL_CONVERSION = YES;
				CLANG_WARN_CONSTANT_CONVERSION = YES;
				CLANG_WARN_DIRECT_OBJC_ISA_USAGE = YES_ERROR;
				CLANG_WARN_EMPTY_BODY = YES;
				CLANG_WARN_ENUM_CONVERSION = YES;
				CLANG_WARN_INT_CONVERSION = YES;
				CLANG_WARN_OBJC_ROOT_CLASS = YES_ERROR;
				CLANG_WARN__DUPLICATE_METHOD_MATCH = YES;
				CODE_SIGN_IDENTITY = "";
				COMBINE_HIDPI_IMAGES = YES;
				COPY_PHASE_STRIP = NO;
				GCC_C_LANGUAGE_STANDARD = gnu99;
				GCC_DYNAMIC_NO_PIC = NO;
				GCC_ENABLE_OBJC_EXCEPTIONS = YES;
				GCC_OPTIMIZATION_LEVEL = 0;
				GCC_PRECOMPILE_PREFIX_HEADER = YES;
				GCC_PREFIX_HEADER = Source/Kernel/Prefix.pch;
				GCC_PREPROCESSOR_DEFINITIONS = (
					"DEBUG=1",
					"$(inherited)",
				);
				GCC_SYMBOLS_PRIVATE_EXTERN = NO;
				GCC_WARN_64_TO_32_BIT_CONVERSION = YES;
				GCC_WARN_ABOUT_RETURN_TYPE = YES_ERROR;
				GCC_WARN_UNDECLARED_SELECTOR = YES;
				GCC_WARN_UNINITIALIZED_AUTOS = YES;
				GCC_WARN_UNUSED_FUNCTION = YES;
				GCC_WARN_UNUSED_VARIABLE = YES;
				INFOPLIST_FILE = Source/Kernel/Info.plist;
				LIBRARY_SEARCH_PATHS = (
					"$(inherited)",
					"$(SDKROOT)/usr/lib/system",
				);
				MACOSX_DEPLOYMENT_TARGET = 10.7;
				MODULE_NAME = "$(NAME_PREFIX_D).$(PRODUCT_NAME)";
				MODULE_VERSION = 1.0.0d1;
				ONLY_ACTIVE_ARCH = YES;
				PRODUCT_BUNDLE_IDENTIFIER = "${NAME_PREFIX_D}.${PRODUCT_NAME}";
				PRODUCT_NAME = "$(TARGET_NAME)";
				SDKROOT = macosx;
				VALID_ARCHS = "x86_64 i386";
				WRAPPER_EXTENSION = kext;
			};
			name = Debug;
		};
		2B9519941810F852006CE7E5 /* Release */ = {
			isa = XCBuildConfiguration;
			buildSettings = {
				ALWAYS_SEARCH_USER_PATHS = NO;
				CLANG_CXX_LANGUAGE_STANDARD = "gnu++0x";
				CLANG_CXX_LIBRARY = "libc++";
				CLANG_ENABLE_OBJC_ARC = YES;
				CLANG_WARN_BOOL_CONVERSION = YES;
				CLANG_WARN_CONSTANT_CONVERSION = YES;
				CLANG_WARN_DIRECT_OBJC_ISA_USAGE = YES_ERROR;
				CLANG_WARN_EMPTY_BODY = YES;
				CLANG_WARN_ENUM_CONVERSION = YES;
				CLANG_WARN_INT_CONVERSION = YES;
				CLANG_WARN_OBJC_ROOT_CLASS = YES_ERROR;
				CLANG_WARN__DUPLICATE_METHOD_MATCH = YES;
				CODE_SIGN_IDENTITY = "";
				COMBINE_HIDPI_IMAGES = YES;
				COPY_PHASE_STRIP = YES;
				DEBUG_INFORMATION_FORMAT = "dwarf-with-dsym";
				ENABLE_NS_ASSERTIONS = NO;
				GCC_C_LANGUAGE_STANDARD = gnu99;
				GCC_ENABLE_OBJC_EXCEPTIONS = YES;
				GCC_PRECOMPILE_PREFIX_HEADER = YES;
				GCC_PREFIX_HEADER = Source/Kernel/Prefix.pch;
				GCC_PREPROCESSOR_DEFINITIONS = "NAME_PREFIX_U=$(NAME_PREFIX_U)";
				GCC_WARN_64_TO_32_BIT_CONVERSION = YES;
				GCC_WARN_ABOUT_RETURN_TYPE = YES_ERROR;
				GCC_WARN_UNDECLARED_SELECTOR = YES;
				GCC_WARN_UNINITIALIZED_AUTOS = YES;
				GCC_WARN_UNUSED_FUNCTION = YES;
				GCC_WARN_UNUSED_VARIABLE = YES;
				INFOPLIST_FILE = Source/Kernel/Info.plist;
				LIBRARY_SEARCH_PATHS = (
					"$(inherited)",
					"$(SDKROOT)/usr/lib/system",
				);
				MACOSX_DEPLOYMENT_TARGET = 10.7;
				MODULE_NAME = "$(NAME_PREFIX_D).$(PRODUCT_NAME)";
				MODULE_VERSION = 1.0.0d1;
				ONLY_ACTIVE_ARCH = YES;
				PRODUCT_BUNDLE_IDENTIFIER = "${NAME_PREFIX_D}.${PRODUCT_NAME}";
				PRODUCT_NAME = "$(TARGET_NAME)";
				SDKROOT = macosx;
				WRAPPER_EXTENSION = kext;
			};
			name = Release;
		};
		2BA96D9618D4F60200F135E3 /* Debug */ = {
			isa = XCBuildConfiguration;
			buildSettings = {
				ALWAYS_SEARCH_USER_PATHS = NO;
				APPLY_RULES_IN_COPY_FILES = NO;
				CLANG_CXX_LANGUAGE_STANDARD = "c++0x";
				CLANG_CXX_LIBRARY = "libc++";
				CLANG_ENABLE_OBJC_ARC = YES;
				CLANG_WARN_BOOL_CONVERSION = YES;
				CLANG_WARN_CONSTANT_CONVERSION = YES;
				CLANG_WARN_DIRECT_OBJC_ISA_USAGE = YES_ERROR;
				CLANG_WARN_EMPTY_BODY = YES;
				CLANG_WARN_ENUM_CONVERSION = YES;
				CLANG_WARN_INT_CONVERSION = YES;
				CLANG_WARN_OBJC_ROOT_CLASS = YES_ERROR;
				CLANG_WARN__DUPLICATE_METHOD_MATCH = YES;
				COPY_PHASE_STRIP = NO;
				GCC_C_LANGUAGE_STANDARD = c11;
				GCC_DYNAMIC_NO_PIC = NO;
				GCC_ENABLE_OBJC_EXCEPTIONS = YES;
				GCC_OPTIMIZATION_LEVEL = 0;
				GCC_PREPROCESSOR_DEFINITIONS = (
					"DEBUG=1",
					"$(inherited)",
				);
				GCC_SYMBOLS_PRIVATE_EXTERN = NO;
				GCC_WARN_64_TO_32_BIT_CONVERSION = YES;
				GCC_WARN_ABOUT_RETURN_TYPE = YES_ERROR;
				GCC_WARN_UNDECLARED_SELECTOR = YES;
				GCC_WARN_UNINITIALIZED_AUTOS = YES;
				GCC_WARN_UNUSED_FUNCTION = YES;
				GCC_WARN_UNUSED_VARIABLE = YES;
				INSTALL_PATH = /Library/PrivilegedHelperTools;
				MACOSX_DEPLOYMENT_TARGET = 10.7;
				ONLY_ACTIVE_ARCH = YES;
				PRODUCT_BUNDLE_IDENTIFIER = "";
				PRODUCT_NAME = iscsid;
				SDKROOT = macosx;
			};
			name = Debug;
		};
		2BA96D9718D4F60200F135E3 /* Release */ = {
			isa = XCBuildConfiguration;
			buildSettings = {
				ALWAYS_SEARCH_USER_PATHS = NO;
				APPLY_RULES_IN_COPY_FILES = NO;
				CLANG_CXX_LANGUAGE_STANDARD = "c++0x";
				CLANG_CXX_LIBRARY = "libc++";
				CLANG_ENABLE_OBJC_ARC = YES;
				CLANG_WARN_BOOL_CONVERSION = YES;
				CLANG_WARN_CONSTANT_CONVERSION = YES;
				CLANG_WARN_DIRECT_OBJC_ISA_USAGE = YES_ERROR;
				CLANG_WARN_EMPTY_BODY = YES;
				CLANG_WARN_ENUM_CONVERSION = YES;
				CLANG_WARN_INT_CONVERSION = YES;
				CLANG_WARN_OBJC_ROOT_CLASS = YES_ERROR;
				CLANG_WARN__DUPLICATE_METHOD_MATCH = YES;
				COPY_PHASE_STRIP = YES;
				DEBUG_INFORMATION_FORMAT = "dwarf-with-dsym";
				ENABLE_NS_ASSERTIONS = NO;
				GCC_C_LANGUAGE_STANDARD = c11;
				GCC_ENABLE_OBJC_EXCEPTIONS = YES;
				GCC_WARN_64_TO_32_BIT_CONVERSION = YES;
				GCC_WARN_ABOUT_RETURN_TYPE = YES_ERROR;
				GCC_WARN_UNDECLARED_SELECTOR = YES;
				GCC_WARN_UNINITIALIZED_AUTOS = YES;
				GCC_WARN_UNUSED_FUNCTION = YES;
				GCC_WARN_UNUSED_VARIABLE = YES;
				INSTALL_PATH = /Library/PrivilegedHelperTools;
				MACOSX_DEPLOYMENT_TARGET = 10.7;
				ONLY_ACTIVE_ARCH = YES;
				PRODUCT_BUNDLE_IDENTIFIER = "";
				PRODUCT_NAME = iscsid;
				SDKROOT = macosx;
			};
			name = Release;
		};
		2BB83CDB1A3D493C0017212D /* Debug */ = {
			isa = XCBuildConfiguration;
			buildSettings = {
				ALWAYS_SEARCH_USER_PATHS = NO;
				CLANG_CXX_LANGUAGE_STANDARD = "gnu++0x";
				CLANG_CXX_LIBRARY = "libc++";
				CLANG_ENABLE_MODULES = YES;
				CLANG_ENABLE_OBJC_ARC = YES;
				CLANG_WARN_BOOL_CONVERSION = YES;
				CLANG_WARN_CONSTANT_CONVERSION = YES;
				CLANG_WARN_DIRECT_OBJC_ISA_USAGE = YES_ERROR;
				CLANG_WARN_EMPTY_BODY = YES;
				CLANG_WARN_ENUM_CONVERSION = YES;
				CLANG_WARN_INT_CONVERSION = YES;
				CLANG_WARN_OBJC_ROOT_CLASS = YES_ERROR;
				CLANG_WARN_UNREACHABLE_CODE = YES;
				CLANG_WARN__DUPLICATE_METHOD_MATCH = YES;
				COPY_PHASE_STRIP = NO;
				ENABLE_STRICT_OBJC_MSGSEND = YES;
				GCC_C_LANGUAGE_STANDARD = gnu99;
				GCC_DYNAMIC_NO_PIC = NO;
				GCC_OPTIMIZATION_LEVEL = 0;
				GCC_PREPROCESSOR_DEFINITIONS = (
					"DEBUG=1",
					"$(inherited)",
				);
				GCC_SYMBOLS_PRIVATE_EXTERN = NO;
				GCC_WARN_64_TO_32_BIT_CONVERSION = YES;
				GCC_WARN_ABOUT_RETURN_TYPE = YES_ERROR;
				GCC_WARN_UNDECLARED_SELECTOR = YES;
				GCC_WARN_UNINITIALIZED_AUTOS = YES_AGGRESSIVE;
				GCC_WARN_UNUSED_FUNCTION = YES;
				GCC_WARN_UNUSED_VARIABLE = YES;
				MACOSX_DEPLOYMENT_TARGET = 10.10;
				MTL_ENABLE_DEBUG_INFO = YES;
				PRODUCT_NAME = "$(TARGET_NAME)";
				SDKROOT = macosx;
			};
			name = Debug;
		};
		2BB83CDC1A3D493C0017212D /* Release */ = {
			isa = XCBuildConfiguration;
			buildSettings = {
				ALWAYS_SEARCH_USER_PATHS = NO;
				CLANG_CXX_LANGUAGE_STANDARD = "gnu++0x";
				CLANG_CXX_LIBRARY = "libc++";
				CLANG_ENABLE_MODULES = YES;
				CLANG_ENABLE_OBJC_ARC = YES;
				CLANG_WARN_BOOL_CONVERSION = YES;
				CLANG_WARN_CONSTANT_CONVERSION = YES;
				CLANG_WARN_DIRECT_OBJC_ISA_USAGE = YES_ERROR;
				CLANG_WARN_EMPTY_BODY = YES;
				CLANG_WARN_ENUM_CONVERSION = YES;
				CLANG_WARN_INT_CONVERSION = YES;
				CLANG_WARN_OBJC_ROOT_CLASS = YES_ERROR;
				CLANG_WARN_UNREACHABLE_CODE = YES;
				CLANG_WARN__DUPLICATE_METHOD_MATCH = YES;
				COPY_PHASE_STRIP = YES;
				DEBUG_INFORMATION_FORMAT = "dwarf-with-dsym";
				ENABLE_NS_ASSERTIONS = NO;
				ENABLE_STRICT_OBJC_MSGSEND = YES;
				GCC_C_LANGUAGE_STANDARD = gnu99;
				GCC_WARN_64_TO_32_BIT_CONVERSION = YES;
				GCC_WARN_ABOUT_RETURN_TYPE = YES_ERROR;
				GCC_WARN_UNDECLARED_SELECTOR = YES;
				GCC_WARN_UNINITIALIZED_AUTOS = YES_AGGRESSIVE;
				GCC_WARN_UNUSED_FUNCTION = YES;
				GCC_WARN_UNUSED_VARIABLE = YES;
				MACOSX_DEPLOYMENT_TARGET = 10.10;
				MTL_ENABLE_DEBUG_INFO = NO;
				PRODUCT_NAME = "$(TARGET_NAME)";
				SDKROOT = macosx;
			};
			name = Release;
		};
/* End XCBuildConfiguration section */

/* Begin XCConfigurationList section */
		2B16EED2196085A40061E7FA /* Build configuration list for PBXNativeTarget "iscsictl" */ = {
			isa = XCConfigurationList;
			buildConfigurations = (
				2B16EED0196085A40061E7FA /* Debug */,
				2B16EED1196085A40061E7FA /* Release */,
			);
			defaultConfigurationIsVisible = 0;
			defaultConfigurationName = Release;
		};
		2B5935581810CE6800FFC3D3 /* Build configuration list for PBXProject "iSCSIInitiator" */ = {
			isa = XCConfigurationList;
			buildConfigurations = (
				2B5935591810CE6800FFC3D3 /* Debug */,
				2B59355A1810CE6800FFC3D3 /* Release */,
			);
			defaultConfigurationIsVisible = 0;
			defaultConfigurationName = Release;
		};
		2B9519921810F852006CE7E5 /* Build configuration list for PBXNativeTarget "iSCSIInitiator" */ = {
			isa = XCConfigurationList;
			buildConfigurations = (
				2B9519931810F852006CE7E5 /* Debug */,
				2B9519941810F852006CE7E5 /* Release */,
			);
			defaultConfigurationIsVisible = 0;
			defaultConfigurationName = Release;
		};
		2BA96D9518D4F60200F135E3 /* Build configuration list for PBXNativeTarget "iscsid" */ = {
			isa = XCConfigurationList;
			buildConfigurations = (
				2BA96D9618D4F60200F135E3 /* Debug */,
				2BA96D9718D4F60200F135E3 /* Release */,
			);
			defaultConfigurationIsVisible = 0;
			defaultConfigurationName = Release;
		};
		2BB83CDD1A3D493C0017212D /* Build configuration list for PBXNativeTarget "iscsitest" */ = {
			isa = XCConfigurationList;
			buildConfigurations = (
				2BB83CDB1A3D493C0017212D /* Debug */,
				2BB83CDC1A3D493C0017212D /* Release */,
			);
			defaultConfigurationIsVisible = 0;
			defaultConfigurationName = Release;
		};
/* End XCConfigurationList section */
	};
	rootObject = 2B5935551810CE6800FFC3D3 /* Project object */;
}
